
Microsoft Visual Studio Solution File, Format Version 12.00
# Visual Studio Version 17
VisualStudioVersion = 17.0.31903.59
MinimumVisualStudioVersion = 10.0.40219.1
Project("{2150E333-8FDC-42A3-9474-1A3956D46DE8}") = "lib", "lib", "{6A79B4E5-D433-4FCF-9E6E-AED94F97099D}"
EndProject
Project("{FAE04EC0-301F-11D3-BF4B-00C04F79EFBC}") = "Grid.Bot", "src\Grid.Bot.csproj", "{0E52E530-CE60-4F43-81F5-03FE7FA56ECF}"
EndProject
Project("{2150E333-8FDC-42A3-9474-1A3956D46DE8}") = "grid", "grid", "{E7C272D2-6957-4502-A174-E74FCEC6D146}"
	ProjectSection(SolutionItems) = preProject
	EndProjectSection
EndProject
Project("{FAE04EC0-301F-11D3-BF4B-00C04F79EFBC}") = "Grid.Commands", "lib\grid\commands\Grid.Commands.csproj", "{A919338A-9893-48FC-8B97-F8BEAF3544AC}"
EndProject
Project("{FAE04EC0-301F-11D3-BF4B-00C04F79EFBC}") = "Grid.Client", "lib\grid\compute-cloud\Grid.Client.csproj", "{9A079D5F-5AFC-4AD8-B857-3B67E97E78F4}"
EndProject
Project("{FAE04EC0-301F-11D3-BF4B-00C04F79EFBC}") = "Grid.ProcessManagement.Docker.Core", "lib\grid\docker\Grid.ProcessManagement.Docker.Core.csproj", "{B432BA5B-2DFF-45AE-A969-1A37020A9307}"
EndProject
Project("{FAE04EC0-301F-11D3-BF4B-00C04F79EFBC}") = "Grid.JobManagement", "lib\grid\job-management\Grid.JobManagement.csproj", "{A8BFAF4D-9CB0-4EF5-B052-1EC9EB3C16C4}"
EndProject
Project("{FAE04EC0-301F-11D3-BF4B-00C04F79EFBC}") = "Grid.ProcessManagement", "lib\grid\process-management\Grid.ProcessManagement.csproj", "{E4DCB56D-40CD-4826-AF93-494C42CF67A6}"
EndProject
Project("{FAE04EC0-301F-11D3-BF4B-00C04F79EFBC}") = "Grid.ProcessManagement.Core", "lib\grid\process-management-core\Grid.ProcessManagement.Core.csproj", "{4FDFB125-6EC0-4BFD-903E-12A60FC4E63E}"
EndProject
Project("{FAE04EC0-301F-11D3-BF4B-00C04F79EFBC}") = "Grid.ProcessManagement.Docker", "lib\grid\process-management-docker\Grid.ProcessManagement.Docker.csproj", "{5F72D5FE-FD90-4BA3-9628-EEF33DA32E86}"
EndProject
Project("{2150E333-8FDC-42A3-9474-1A3956D46DE8}") = "configuration", "configuration", "{F6F83B3E-D217-48EB-9EDD-6A271A35FBC4}"
EndProject
Project("{FAE04EC0-301F-11D3-BF4B-00C04F79EFBC}") = "Configuration.Core", "lib\configuration\core\Configuration.Core.csproj", "{C8484AA1-4906-4403-ACFF-1721061E1E92}"
EndProject
Project("{FAE04EC0-301F-11D3-BF4B-00C04F79EFBC}") = "ConfigurationV2", "lib\configuration\configuration-v2\ConfigurationV2.csproj", "{716E1ACA-A6CE-4CE2-8C66-1174B87A25D7}"
EndProject
Project("{2150E333-8FDC-42A3-9474-1A3956D46DE8}") = "shared", "shared", "{4FA0281C-7E8F-45E6-820E-97554DE934AE}"
EndProject
Project("{FAE04EC0-301F-11D3-BF4B-00C04F79EFBC}") = "Shared.Commands", "lib\shared\commands\Shared.Commands.csproj", "{1001AAF4-840C-4C30-92A4-AF96EC23B905}"
EndProject
Project("{FAE04EC0-301F-11D3-BF4B-00C04F79EFBC}") = "Shared.Events", "lib\shared\events\Shared.Events.csproj", "{67005F02-FE69-4DCF-8D29-07989E8B4C18}"
EndProject
Project("{FAE04EC0-301F-11D3-BF4B-00C04F79EFBC}") = "Shared.Settings", "lib\shared\settings\Shared.Settings.csproj", "{425ECFC3-749B-4725-AF7B-A2CC56A06E6B}"
EndProject
Project("{FAE04EC0-301F-11D3-BF4B-00C04F79EFBC}") = "Shared.Utility", "lib\shared\utility\Shared.Utility.csproj", "{AB0EF72D-505F-4F0E-94AD-BA236218CEB7}"
EndProject
Project("{2150E333-8FDC-42A3-9474-1A3956D46DE8}") = "http-clients", "http-clients", "{752CA103-D6F8-4E66-89D3-E238E7BF8C92}"
EndProject
Project("{FAE04EC0-301F-11D3-BF4B-00C04F79EFBC}") = "ClientSettings.Client", "lib\clients\client-settings-client\ClientSettings.Client.csproj", "{40051419-8BEB-482F-9D98-03D0AAA7EA7F}"
EndProject
Project("{FAE04EC0-301F-11D3-BF4B-00C04F79EFBC}") = "Users.Client", "lib\clients\users-client\Users.Client.csproj", "{8131964B-8670-4396-8992-01FBDBE2A304}"
EndProject
Project("{FAE04EC0-301F-11D3-BF4B-00C04F79EFBC}") = "FileSystem", "lib\file-system\file-system\FileSystem.csproj", "{F66BE663-8167-4D29-AB20-66C579FD2092}"
EndProject
Project("{FAE04EC0-301F-11D3-BF4B-00C04F79EFBC}") = "Hashing", "lib\hashing\hashing\Hashing.csproj", "{2A5CDFEF-CD14-42A0-897F-173282E03813}"
EndProject
Project("{FAE04EC0-301F-11D3-BF4B-00C04F79EFBC}") = "Logging", "lib\logging\logging\Logging.csproj", "{921EF48D-6A2C-49FF-B3F6-5DCB78C65329}"
EndProject
Project("{FAE04EC0-301F-11D3-BF4B-00C04F79EFBC}") = "Networking", "lib\networking\networking\Networking.csproj", "{27131EAB-632A-4491-9BAB-AD2F3652D728}"
EndProject
Project("{FAE04EC0-301F-11D3-BF4B-00C04F79EFBC}") = "Random", "lib\random\random\Random.csproj", "{B1EF4090-3114-477C-BEF7-60611DCB79F1}"
EndProject
Project("{FAE04EC0-301F-11D3-BF4B-00C04F79EFBC}") = "Redis", "lib\redis\redis\Redis.csproj", "{868F314F-003E-452C-ADF1-3AC7A2B44595}"
EndProject
Project("{FAE04EC0-301F-11D3-BF4B-00C04F79EFBC}") = "ServiceDiscovery", "lib\service-discovery\service-discovery\ServiceDiscovery.csproj", "{B98B0E57-A806-4C59-925B-F8B9BC036C86}"
EndProject
Project("{FAE04EC0-301F-11D3-BF4B-00C04F79EFBC}") = "Text", "lib\text\text\Text.csproj", "{D3F6DB6D-68D4-4DA5-AE2A-4E73EF6E4488}"
EndProject
Project("{FAE04EC0-301F-11D3-BF4B-00C04F79EFBC}") = "Threading", "lib\threading\threading\Threading.csproj", "{D9D99FB9-B4F9-433F-AF2F-5A2ACBF50601}"
EndProject
Project("{2150E333-8FDC-42A3-9474-1A3956D46DE8}") = "floodcheckers", "floodcheckers", "{E98ED79B-B5A6-4E81-9245-4D43B23C82FF}"
EndProject
Project("{FAE04EC0-301F-11D3-BF4B-00C04F79EFBC}") = "FloodCheckers.Core", "lib\floodcheckers\core\FloodCheckers.Core.csproj", "{6D59D2A4-E5A3-47DA-89AB-22900599B683}"
EndProject
Project("{FAE04EC0-301F-11D3-BF4B-00C04F79EFBC}") = "FloodCheckers.Redis", "lib\floodcheckers\redis\FloodCheckers.Redis.csproj", "{CD6C6770-6725-4157-A1A5-0881EFAE8D42}"
EndProject
Global
	GlobalSection(SolutionConfigurationPlatforms) = preSolution
		Debug|Any CPU = Debug|Any CPU
		Release|Any CPU = Release|Any CPU
	EndGlobalSection
	GlobalSection(SolutionProperties) = preSolution
		HideSolutionNode = FALSE
	EndGlobalSection
	GlobalSection(ProjectConfigurationPlatforms) = postSolution
		{0E52E530-CE60-4F43-81F5-03FE7FA56ECF}.Debug|Any CPU.ActiveCfg = debug|Any CPU
		{0E52E530-CE60-4F43-81F5-03FE7FA56ECF}.Debug|Any CPU.Build.0 = debug|Any CPU
		{0E52E530-CE60-4F43-81F5-03FE7FA56ECF}.Release|Any CPU.ActiveCfg = release|Any CPU
		{0E52E530-CE60-4F43-81F5-03FE7FA56ECF}.Release|Any CPU.Build.0 = release|Any CPU
		{A919338A-9893-48FC-8B97-F8BEAF3544AC}.Debug|Any CPU.ActiveCfg = debug|Any CPU
		{A919338A-9893-48FC-8B97-F8BEAF3544AC}.Debug|Any CPU.Build.0 = debug|Any CPU
		{A919338A-9893-48FC-8B97-F8BEAF3544AC}.Release|Any CPU.ActiveCfg = release|Any CPU
		{A919338A-9893-48FC-8B97-F8BEAF3544AC}.Release|Any CPU.Build.0 = release|Any CPU
		{9A079D5F-5AFC-4AD8-B857-3B67E97E78F4}.Debug|Any CPU.ActiveCfg = debug|Any CPU
		{9A079D5F-5AFC-4AD8-B857-3B67E97E78F4}.Debug|Any CPU.Build.0 = debug|Any CPU
		{9A079D5F-5AFC-4AD8-B857-3B67E97E78F4}.Release|Any CPU.ActiveCfg = release|Any CPU
		{9A079D5F-5AFC-4AD8-B857-3B67E97E78F4}.Release|Any CPU.Build.0 = release|Any CPU
		{B432BA5B-2DFF-45AE-A969-1A37020A9307}.Debug|Any CPU.ActiveCfg = debug|Any CPU
		{B432BA5B-2DFF-45AE-A969-1A37020A9307}.Debug|Any CPU.Build.0 = debug|Any CPU
		{B432BA5B-2DFF-45AE-A969-1A37020A9307}.Release|Any CPU.ActiveCfg = release|Any CPU
		{B432BA5B-2DFF-45AE-A969-1A37020A9307}.Release|Any CPU.Build.0 = release|Any CPU
		{A8BFAF4D-9CB0-4EF5-B052-1EC9EB3C16C4}.Debug|Any CPU.ActiveCfg = debug|Any CPU
		{A8BFAF4D-9CB0-4EF5-B052-1EC9EB3C16C4}.Debug|Any CPU.Build.0 = debug|Any CPU
		{A8BFAF4D-9CB0-4EF5-B052-1EC9EB3C16C4}.Release|Any CPU.ActiveCfg = release|Any CPU
		{A8BFAF4D-9CB0-4EF5-B052-1EC9EB3C16C4}.Release|Any CPU.Build.0 = release|Any CPU
		{E4DCB56D-40CD-4826-AF93-494C42CF67A6}.Debug|Any CPU.ActiveCfg = debug|Any CPU
		{E4DCB56D-40CD-4826-AF93-494C42CF67A6}.Debug|Any CPU.Build.0 = debug|Any CPU
		{E4DCB56D-40CD-4826-AF93-494C42CF67A6}.Release|Any CPU.ActiveCfg = release|Any CPU
		{E4DCB56D-40CD-4826-AF93-494C42CF67A6}.Release|Any CPU.Build.0 = release|Any CPU
		{4FDFB125-6EC0-4BFD-903E-12A60FC4E63E}.Debug|Any CPU.ActiveCfg = debug|Any CPU
		{4FDFB125-6EC0-4BFD-903E-12A60FC4E63E}.Debug|Any CPU.Build.0 = debug|Any CPU
		{4FDFB125-6EC0-4BFD-903E-12A60FC4E63E}.Release|Any CPU.ActiveCfg = release|Any CPU
		{4FDFB125-6EC0-4BFD-903E-12A60FC4E63E}.Release|Any CPU.Build.0 = release|Any CPU
		{5F72D5FE-FD90-4BA3-9628-EEF33DA32E86}.Debug|Any CPU.ActiveCfg = debug|Any CPU
		{5F72D5FE-FD90-4BA3-9628-EEF33DA32E86}.Debug|Any CPU.Build.0 = debug|Any CPU
		{5F72D5FE-FD90-4BA3-9628-EEF33DA32E86}.Release|Any CPU.ActiveCfg = release|Any CPU
		{5F72D5FE-FD90-4BA3-9628-EEF33DA32E86}.Release|Any CPU.Build.0 = release|Any CPU
		{C8484AA1-4906-4403-ACFF-1721061E1E92}.Debug|Any CPU.ActiveCfg = debug|Any CPU
		{C8484AA1-4906-4403-ACFF-1721061E1E92}.Debug|Any CPU.Build.0 = debug|Any CPU
		{C8484AA1-4906-4403-ACFF-1721061E1E92}.Release|Any CPU.ActiveCfg = release|Any CPU
		{C8484AA1-4906-4403-ACFF-1721061E1E92}.Release|Any CPU.Build.0 = release|Any CPU
		{716E1ACA-A6CE-4CE2-8C66-1174B87A25D7}.Debug|Any CPU.ActiveCfg = debug|Any CPU
		{716E1ACA-A6CE-4CE2-8C66-1174B87A25D7}.Debug|Any CPU.Build.0 = debug|Any CPU
		{716E1ACA-A6CE-4CE2-8C66-1174B87A25D7}.Release|Any CPU.ActiveCfg = release|Any CPU
		{716E1ACA-A6CE-4CE2-8C66-1174B87A25D7}.Release|Any CPU.Build.0 = release|Any CPU
		{1001AAF4-840C-4C30-92A4-AF96EC23B905}.Debug|Any CPU.ActiveCfg = debug|Any CPU
		{1001AAF4-840C-4C30-92A4-AF96EC23B905}.Debug|Any CPU.Build.0 = debug|Any CPU
		{1001AAF4-840C-4C30-92A4-AF96EC23B905}.Release|Any CPU.ActiveCfg = release|Any CPU
		{1001AAF4-840C-4C30-92A4-AF96EC23B905}.Release|Any CPU.Build.0 = release|Any CPU
		{67005F02-FE69-4DCF-8D29-07989E8B4C18}.Debug|Any CPU.ActiveCfg = debug|Any CPU
		{67005F02-FE69-4DCF-8D29-07989E8B4C18}.Debug|Any CPU.Build.0 = debug|Any CPU
		{67005F02-FE69-4DCF-8D29-07989E8B4C18}.Release|Any CPU.ActiveCfg = release|Any CPU
		{67005F02-FE69-4DCF-8D29-07989E8B4C18}.Release|Any CPU.Build.0 = release|Any CPU
		{425ECFC3-749B-4725-AF7B-A2CC56A06E6B}.Debug|Any CPU.ActiveCfg = debug|Any CPU
		{425ECFC3-749B-4725-AF7B-A2CC56A06E6B}.Debug|Any CPU.Build.0 = debug|Any CPU
		{425ECFC3-749B-4725-AF7B-A2CC56A06E6B}.Release|Any CPU.ActiveCfg = release|Any CPU
		{425ECFC3-749B-4725-AF7B-A2CC56A06E6B}.Release|Any CPU.Build.0 = release|Any CPU
		{AB0EF72D-505F-4F0E-94AD-BA236218CEB7}.Debug|Any CPU.ActiveCfg = debug|Any CPU
		{AB0EF72D-505F-4F0E-94AD-BA236218CEB7}.Debug|Any CPU.Build.0 = debug|Any CPU
		{AB0EF72D-505F-4F0E-94AD-BA236218CEB7}.Release|Any CPU.ActiveCfg = release|Any CPU
		{AB0EF72D-505F-4F0E-94AD-BA236218CEB7}.Release|Any CPU.Build.0 = release|Any CPU
		{40051419-8BEB-482F-9D98-03D0AAA7EA7F}.Debug|Any CPU.ActiveCfg = debug|Any CPU
		{40051419-8BEB-482F-9D98-03D0AAA7EA7F}.Debug|Any CPU.Build.0 = debug|Any CPU
		{40051419-8BEB-482F-9D98-03D0AAA7EA7F}.Release|Any CPU.ActiveCfg = release|Any CPU
		{40051419-8BEB-482F-9D98-03D0AAA7EA7F}.Release|Any CPU.Build.0 = release|Any CPU
		{8131964B-8670-4396-8992-01FBDBE2A304}.Debug|Any CPU.ActiveCfg = debug|Any CPU
		{8131964B-8670-4396-8992-01FBDBE2A304}.Debug|Any CPU.Build.0 = debug|Any CPU
		{8131964B-8670-4396-8992-01FBDBE2A304}.Release|Any CPU.ActiveCfg = release|Any CPU
		{8131964B-8670-4396-8992-01FBDBE2A304}.Release|Any CPU.Build.0 = release|Any CPU
		{F66BE663-8167-4D29-AB20-66C579FD2092}.Debug|Any CPU.ActiveCfg = debug|Any CPU
		{F66BE663-8167-4D29-AB20-66C579FD2092}.Debug|Any CPU.Build.0 = debug|Any CPU
		{F66BE663-8167-4D29-AB20-66C579FD2092}.Release|Any CPU.ActiveCfg = release|Any CPU
		{F66BE663-8167-4D29-AB20-66C579FD2092}.Release|Any CPU.Build.0 = release|Any CPU
		{2A5CDFEF-CD14-42A0-897F-173282E03813}.Debug|Any CPU.ActiveCfg = debug|Any CPU
		{2A5CDFEF-CD14-42A0-897F-173282E03813}.Debug|Any CPU.Build.0 = debug|Any CPU
		{2A5CDFEF-CD14-42A0-897F-173282E03813}.Release|Any CPU.ActiveCfg = release|Any CPU
		{2A5CDFEF-CD14-42A0-897F-173282E03813}.Release|Any CPU.Build.0 = release|Any CPU
		{921EF48D-6A2C-49FF-B3F6-5DCB78C65329}.Debug|Any CPU.ActiveCfg = debug|Any CPU
		{921EF48D-6A2C-49FF-B3F6-5DCB78C65329}.Debug|Any CPU.Build.0 = debug|Any CPU
		{921EF48D-6A2C-49FF-B3F6-5DCB78C65329}.Release|Any CPU.ActiveCfg = release|Any CPU
		{921EF48D-6A2C-49FF-B3F6-5DCB78C65329}.Release|Any CPU.Build.0 = release|Any CPU
		{27131EAB-632A-4491-9BAB-AD2F3652D728}.Debug|Any CPU.ActiveCfg = debug|Any CPU
		{27131EAB-632A-4491-9BAB-AD2F3652D728}.Debug|Any CPU.Build.0 = debug|Any CPU
		{27131EAB-632A-4491-9BAB-AD2F3652D728}.Release|Any CPU.ActiveCfg = release|Any CPU
		{27131EAB-632A-4491-9BAB-AD2F3652D728}.Release|Any CPU.Build.0 = release|Any CPU
		{B1EF4090-3114-477C-BEF7-60611DCB79F1}.Debug|Any CPU.ActiveCfg = debug|Any CPU
		{B1EF4090-3114-477C-BEF7-60611DCB79F1}.Debug|Any CPU.Build.0 = debug|Any CPU
		{B1EF4090-3114-477C-BEF7-60611DCB79F1}.Release|Any CPU.ActiveCfg = release|Any CPU
		{B1EF4090-3114-477C-BEF7-60611DCB79F1}.Release|Any CPU.Build.0 = release|Any CPU
		{868F314F-003E-452C-ADF1-3AC7A2B44595}.Debug|Any CPU.ActiveCfg = debug|Any CPU
		{868F314F-003E-452C-ADF1-3AC7A2B44595}.Debug|Any CPU.Build.0 = debug|Any CPU
		{868F314F-003E-452C-ADF1-3AC7A2B44595}.Release|Any CPU.ActiveCfg = release|Any CPU
		{868F314F-003E-452C-ADF1-3AC7A2B44595}.Release|Any CPU.Build.0 = release|Any CPU
		{B98B0E57-A806-4C59-925B-F8B9BC036C86}.Debug|Any CPU.ActiveCfg = debug|Any CPU
		{B98B0E57-A806-4C59-925B-F8B9BC036C86}.Debug|Any CPU.Build.0 = debug|Any CPU
		{B98B0E57-A806-4C59-925B-F8B9BC036C86}.Release|Any CPU.ActiveCfg = release|Any CPU
		{B98B0E57-A806-4C59-925B-F8B9BC036C86}.Release|Any CPU.Build.0 = release|Any CPU
		{D3F6DB6D-68D4-4DA5-AE2A-4E73EF6E4488}.Debug|Any CPU.ActiveCfg = debug|Any CPU
		{D3F6DB6D-68D4-4DA5-AE2A-4E73EF6E4488}.Debug|Any CPU.Build.0 = debug|Any CPU
		{D3F6DB6D-68D4-4DA5-AE2A-4E73EF6E4488}.Release|Any CPU.ActiveCfg = release|Any CPU
		{D3F6DB6D-68D4-4DA5-AE2A-4E73EF6E4488}.Release|Any CPU.Build.0 = release|Any CPU
		{D9D99FB9-B4F9-433F-AF2F-5A2ACBF50601}.Debug|Any CPU.ActiveCfg = debug|Any CPU
		{D9D99FB9-B4F9-433F-AF2F-5A2ACBF50601}.Debug|Any CPU.Build.0 = debug|Any CPU
		{D9D99FB9-B4F9-433F-AF2F-5A2ACBF50601}.Release|Any CPU.ActiveCfg = release|Any CPU
		{D9D99FB9-B4F9-433F-AF2F-5A2ACBF50601}.Release|Any CPU.Build.0 = release|Any CPU
		{6D59D2A4-E5A3-47DA-89AB-22900599B683}.Debug|Any CPU.ActiveCfg = debug|Any CPU
		{6D59D2A4-E5A3-47DA-89AB-22900599B683}.Debug|Any CPU.Build.0 = debug|Any CPU
		{6D59D2A4-E5A3-47DA-89AB-22900599B683}.Release|Any CPU.ActiveCfg = release|Any CPU
		{6D59D2A4-E5A3-47DA-89AB-22900599B683}.Release|Any CPU.Build.0 = release|Any CPU
		{CD6C6770-6725-4157-A1A5-0881EFAE8D42}.Debug|Any CPU.ActiveCfg = debug|Any CPU
		{CD6C6770-6725-4157-A1A5-0881EFAE8D42}.Debug|Any CPU.Build.0 = debug|Any CPU
		{CD6C6770-6725-4157-A1A5-0881EFAE8D42}.Release|Any CPU.ActiveCfg = release|Any CPU
		{CD6C6770-6725-4157-A1A5-0881EFAE8D42}.Release|Any CPU.Build.0 = release|Any CPU
	EndGlobalSection
	GlobalSection(NestedProjects) = preSolution
		{E98ED79B-B5A6-4E81-9245-4D43B23C82FF} = {6A79B4E5-D433-4FCF-9E6E-AED94F97099D}
		{752CA103-D6F8-4E66-89D3-E238E7BF8C92} = {6A79B4E5-D433-4FCF-9E6E-AED94F97099D}
		{4FA0281C-7E8F-45E6-820E-97554DE934AE} = {6A79B4E5-D433-4FCF-9E6E-AED94F97099D}
		{F6F83B3E-D217-48EB-9EDD-6A271A35FBC4} = {6A79B4E5-D433-4FCF-9E6E-AED94F97099D}
		{E7C272D2-6957-4502-A174-E74FCEC6D146} = {6A79B4E5-D433-4FCF-9E6E-AED94F97099D}
		{A919338A-9893-48FC-8B97-F8BEAF3544AC} = {E7C272D2-6957-4502-A174-E74FCEC6D146}
		{9A079D5F-5AFC-4AD8-B857-3B67E97E78F4} = {E7C272D2-6957-4502-A174-E74FCEC6D146}
		{B432BA5B-2DFF-45AE-A969-1A37020A9307} = {E7C272D2-6957-4502-A174-E74FCEC6D146}
		{A8BFAF4D-9CB0-4EF5-B052-1EC9EB3C16C4} = {E7C272D2-6957-4502-A174-E74FCEC6D146}
		{E4DCB56D-40CD-4826-AF93-494C42CF67A6} = {E7C272D2-6957-4502-A174-E74FCEC6D146}
		{4FDFB125-6EC0-4BFD-903E-12A60FC4E63E} = {E7C272D2-6957-4502-A174-E74FCEC6D146}
		{5F72D5FE-FD90-4BA3-9628-EEF33DA32E86} = {E7C272D2-6957-4502-A174-E74FCEC6D146}
		{C8484AA1-4906-4403-ACFF-1721061E1E92} = {F6F83B3E-D217-48EB-9EDD-6A271A35FBC4}
		{716E1ACA-A6CE-4CE2-8C66-1174B87A25D7} = {F6F83B3E-D217-48EB-9EDD-6A271A35FBC4}
		{1001AAF4-840C-4C30-92A4-AF96EC23B905} = {4FA0281C-7E8F-45E6-820E-97554DE934AE}
		{67005F02-FE69-4DCF-8D29-07989E8B4C18} = {4FA0281C-7E8F-45E6-820E-97554DE934AE}
		{425ECFC3-749B-4725-AF7B-A2CC56A06E6B} = {4FA0281C-7E8F-45E6-820E-97554DE934AE}
		{AB0EF72D-505F-4F0E-94AD-BA236218CEB7} = {4FA0281C-7E8F-45E6-820E-97554DE934AE}
		{40051419-8BEB-482F-9D98-03D0AAA7EA7F} = {752CA103-D6F8-4E66-89D3-E238E7BF8C92}
		{8131964B-8670-4396-8992-01FBDBE2A304} = {752CA103-D6F8-4E66-89D3-E238E7BF8C92}
		{F66BE663-8167-4D29-AB20-66C579FD2092} = {6A79B4E5-D433-4FCF-9E6E-AED94F97099D}
		{2A5CDFEF-CD14-42A0-897F-173282E03813} = {6A79B4E5-D433-4FCF-9E6E-AED94F97099D}
		{921EF48D-6A2C-49FF-B3F6-5DCB78C65329} = {6A79B4E5-D433-4FCF-9E6E-AED94F97099D}
		{27131EAB-632A-4491-9BAB-AD2F3652D728} = {6A79B4E5-D433-4FCF-9E6E-AED94F97099D}
		{B1EF4090-3114-477C-BEF7-60611DCB79F1} = {6A79B4E5-D433-4FCF-9E6E-AED94F97099D}
		{868F314F-003E-452C-ADF1-3AC7A2B44595} = {6A79B4E5-D433-4FCF-9E6E-AED94F97099D}
		{B98B0E57-A806-4C59-925B-F8B9BC036C86} = {6A79B4E5-D433-4FCF-9E6E-AED94F97099D}
		{D3F6DB6D-68D4-4DA5-AE2A-4E73EF6E4488} = {6A79B4E5-D433-4FCF-9E6E-AED94F97099D}
		{D9D99FB9-B4F9-433F-AF2F-5A2ACBF50601} = {6A79B4E5-D433-4FCF-9E6E-AED94F97099D}
		{6D59D2A4-E5A3-47DA-89AB-22900599B683} = {E98ED79B-B5A6-4E81-9245-4D43B23C82FF}
		{CD6C6770-6725-4157-A1A5-0881EFAE8D42} = {E98ED79B-B5A6-4E81-9245-4D43B23C82FF}
	EndGlobalSection
EndGlobal
