
Microsoft Visual Studio Solution File, Format Version 12.00
# Visual Studio Version 17
VisualStudioVersion = 17.3.32804.467
MinimumVisualStudioVersion = 10.0.40219.1
Project("{9A19103F-16F7-4668-BE54-9A1E7A4F7556}") = "MFDLabs.Grid.Arbiter", "MFDLabs.Grid.Arbiter\MFDLabs.Grid.Arbiter.csproj", "{28B6FBDC-3068-42F8-A1E5-17ECAD7A2C3D}"
EndProject
Project("{9A19103F-16F7-4668-BE54-9A1E7A4F7556}") = "MFDLabs.Grid.ComputeCloud", "MFDLabs.Grid.ComputeCloud\MFDLabs.Grid.ComputeCloud.csproj", "{9E1CCAD1-8081-4C16-A327-655130E54C75}"
EndProject
Project("{9A19103F-16F7-4668-BE54-9A1E7A4F7556}") = "MFDLabs.Grid.Commands", "MFDLabs.Grid.Commands\MFDLabs.Grid.Commands.csproj", "{E6E26513-1E51-4BDE-9843-5B4408C06E68}"
EndProject
Project("{2150E333-8FDC-42A3-9474-1A3956D46DE8}") = "Deps", "Deps", "{C0A5C24E-3EB1-4163-9941-D98953360809}"
EndProject
Project("{9A19103F-16F7-4668-BE54-9A1E7A4F7556}") = "MFDLabs.Concurrency", "MFDLabs.Concurrency\MFDLabs.Concurrency.csproj", "{237511EA-5AE6-4F6D-8ABD-62CBF93FA95F}"
EndProject
Project("{9A19103F-16F7-4668-BE54-9A1E7A4F7556}") = "MFDLabs.Diagnostics", "MFDLabs.Diagnostics\MFDLabs.Diagnostics.csproj", "{0DE11AFE-DA98-4C37-9F4D-E478077BD66D}"
EndProject
Project("{9A19103F-16F7-4668-BE54-9A1E7A4F7556}") = "MFDLabs.ErrorHandling", "MFDLabs.ErrorHandling\MFDLabs.ErrorHandling.csproj", "{FC10F9DE-394B-4545-89E2-545E59E1E204}"
EndProject
Project("{9A19103F-16F7-4668-BE54-9A1E7A4F7556}") = "MFDLabs.Instrumentation", "MFDLabs.Instrumentation\MFDLabs.Instrumentation.csproj", "{872A9D14-A81E-4134-8AA8-D392C03EBE49}"
EndProject
Project("{9A19103F-16F7-4668-BE54-9A1E7A4F7556}") = "MFDLabs.Networking", "MFDLabs.Networking\MFDLabs.Networking.csproj", "{CD019A8E-2FC2-4DDE-845D-209963D25C1A}"
EndProject
Project("{9A19103F-16F7-4668-BE54-9A1E7A4F7556}") = "MFDLabs.Text", "MFDLabs.Text\MFDLabs.Text.csproj", "{DE1C0687-DEA2-4914-9E5E-4508D69C90E1}"
EndProject
Project("{9A19103F-16F7-4668-BE54-9A1E7A4F7556}") = "MFDLabs.Logging", "MFDLabs.Logging\MFDLabs.Logging.csproj", "{F6B054A4-86FF-4175-A611-2346861FDF6E}"
EndProject
Project("{9A19103F-16F7-4668-BE54-9A1E7A4F7556}") = "MFDLabs.Configuration", "MFDLabs.Configuration\MFDLabs.Configuration.csproj", "{CA7EF94A-75CC-4493-8435-7CFB6B4AB9BD}"
EndProject
Project("{9A19103F-16F7-4668-BE54-9A1E7A4F7556}") = "Microsoft.Ccr.Core", "..\Dependencies\Microsoft.Ccr.Core\Microsoft.Ccr.Core.csproj", "{159FCEB0-99F5-4F4D-A06C-51D867C66B20}"
EndProject
Project("{9A19103F-16F7-4668-BE54-9A1E7A4F7556}") = "MFDLabs.FileSystem", "MFDLabs.FileSystem\MFDLabs.FileSystem.csproj", "{4425BAE2-76FE-4BCB-9D88-1C8343A8962C}"
EndProject
Project("{9A19103F-16F7-4668-BE54-9A1E7A4F7556}") = "MFDLabs.Threading", "MFDLabs.Threading\MFDLabs.Threading.csproj", "{EEB1A65D-F3A2-4B18-9656-0C78237A2487}"
EndProject
Project("{9A19103F-16F7-4668-BE54-9A1E7A4F7556}") = "MFDLabs.Sentinels", "MFDLabs.Sentinels\MFDLabs.Sentinels.csproj", "{EE333715-4ED3-489D-8D13-1CDFBE28DFA3}"
EndProject
Project("{2150E333-8FDC-42A3-9474-1A3956D46DE8}") = "Tests", "Tests", "{9BDB924B-20E6-4645-8EAE-EF8F9B2B46FB}"
EndProject
Project("{9A19103F-16F7-4668-BE54-9A1E7A4F7556}") = "MFDLabs.Grid.Arbiter.Test.Component", "..\Component Tests\MFDLabs.Grid.Arbiter.Test.Component\MFDLabs.Grid.Arbiter.Test.Component.csproj", "{CB4D5C1A-D325-4053-9EEA-5313909A4B98}"
EndProject
Project("{FAE04EC0-301F-11D3-BF4B-00C04F79EFBC}") = "MFDLabs.Grid.HealthCheck.Client", "MFDLabs.Grid.HealthCheck.Client\MFDLabs.Grid.HealthCheck.Client.csproj", "{2EBB323E-8AB9-4AB0-882F-68461EDC958B}"
EndProject
Project("{9A19103F-16F7-4668-BE54-9A1E7A4F7556}") = "MFDLabs.Http", "MFDLabs.Http\MFDLabs.Http.csproj", "{08BEE4F7-264F-49B6-A521-3A1FF32B8ABF}"
EndProject
Project("{9A19103F-16F7-4668-BE54-9A1E7A4F7556}") = "MFDLabs.Http.Client", "MFDLabs.Http.Client\MFDLabs.Http.Client.csproj", "{5736F895-AB01-4CF8-9355-15207821EBD3}"
EndProject
Project("{9A19103F-16F7-4668-BE54-9A1E7A4F7556}") = "MFDLabs.Http.Client.Monitoring", "MFDLabs.Http.Client.Monitoring\MFDLabs.Http.Client.Monitoring.csproj", "{473237C4-AB9B-419A-A29D-ABB543EFDE15}"
EndProject
Project("{9A19103F-16F7-4668-BE54-9A1E7A4F7556}") = "MFDLabs.Http.ServiceClient", "MFDLabs.Http.ServiceClient\MFDLabs.Http.ServiceClient.csproj", "{63EEB459-FD95-4181-BF2F-9C262E6C7563}"
EndProject
Project("{9A19103F-16F7-4668-BE54-9A1E7A4F7556}") = "MFDLabs.Pipeline", "MFDLabs.Pipeline\MFDLabs.Pipeline.csproj", "{6C323F5F-E989-40DC-A530-F5B98C0F9F67}"
EndProject
Project("{2150E333-8FDC-42A3-9474-1A3956D46DE8}") = "Indirect", "Indirect", "{20340BAF-5660-4A6B-8B9A-36A8A8314017}"
EndProject
Project("{9A19103F-16F7-4668-BE54-9A1E7A4F7556}") = "MFDLabs.RequestContext", "MFDLabs.RequestContext\MFDLabs.RequestContext.csproj", "{62F20FDC-BAF6-4B13-A7B3-6B3C5BB571CA}"
EndProject
Project("{9A19103F-16F7-4668-BE54-9A1E7A4F7556}") = "MFDLabs.Tracing.Core", "MFDLabs.Tracing.Core\MFDLabs.Tracing.Core.csproj", "{67DB5DE8-A827-4D95-B2A0-6A395DCF5E9E}"
EndProject
Project("{FAE04EC0-301F-11D3-BF4B-00C04F79EFBC}") = "MFDLabs.Grid.ProcessManagement", "MFDLabs.Grid.ProcessManagement\MFDLabs.Grid.ProcessManagement.csproj", "{09AC74DD-423E-45D0-9C8E-D38D7F20878C}"
EndProject
Project("{FAE04EC0-301F-11D3-BF4B-00C04F79EFBC}") = "MFDLabs.Grid.PortManagement", "MFDLabs.Grid.PortManagement\MFDLabs.Grid.PortManagement.csproj", "{396208D7-B3F7-4EE2-AD6E-A63E27538696}"
EndProject
Project("{FAE04EC0-301F-11D3-BF4B-00C04F79EFBC}") = "MFDLabs.Grid.WebServer", "MFDLabs.Grid.WebServer\MFDLabs.Grid.WebServer.csproj", "{8E794878-D8AC-4C7C-A47B-620C5D4FC09A}"
EndProject
Project("{FAE04EC0-301F-11D3-BF4B-00C04F79EFBC}") = "MFDLabs.Grid.Shared", "MFDLabs.Grid.Shared\MFDLabs.Grid.Shared.csproj", "{86C0E903-B87A-4907-A235-1969D344103F}"
EndProject
Global
	GlobalSection(SolutionConfigurationPlatforms) = preSolution
		Debug|Any CPU = Debug|Any CPU
		DebugGrid|Any CPU = DebugGrid|Any CPU
		DebugGridDeploy|Any CPU = DebugGridDeploy|Any CPU
		Release|Any CPU = Release|Any CPU
		ReleaseGrid|Any CPU = ReleaseGrid|Any CPU
		ReleaseGridDeploy|Any CPU = ReleaseGridDeploy|Any CPU
	EndGlobalSection
	GlobalSection(ProjectConfigurationPlatforms) = postSolution
		{28B6FBDC-3068-42F8-A1E5-17ECAD7A2C3D}.Debug|Any CPU.ActiveCfg = Debug|Any CPU
		{28B6FBDC-3068-42F8-A1E5-17ECAD7A2C3D}.Debug|Any CPU.Build.0 = Debug|Any CPU
		{28B6FBDC-3068-42F8-A1E5-17ECAD7A2C3D}.DebugGrid|Any CPU.ActiveCfg = DebugGrid|Any CPU
		{28B6FBDC-3068-42F8-A1E5-17ECAD7A2C3D}.DebugGrid|Any CPU.Build.0 = DebugGrid|Any CPU
		{28B6FBDC-3068-42F8-A1E5-17ECAD7A2C3D}.DebugGridDeploy|Any CPU.ActiveCfg = DebugGridDeploy|Any CPU
		{28B6FBDC-3068-42F8-A1E5-17ECAD7A2C3D}.DebugGridDeploy|Any CPU.Build.0 = DebugGridDeploy|Any CPU
		{28B6FBDC-3068-42F8-A1E5-17ECAD7A2C3D}.Release|Any CPU.ActiveCfg = Release|Any CPU
		{28B6FBDC-3068-42F8-A1E5-17ECAD7A2C3D}.Release|Any CPU.Build.0 = Release|Any CPU
		{28B6FBDC-3068-42F8-A1E5-17ECAD7A2C3D}.ReleaseGrid|Any CPU.ActiveCfg = ReleaseGrid|Any CPU
		{28B6FBDC-3068-42F8-A1E5-17ECAD7A2C3D}.ReleaseGrid|Any CPU.Build.0 = ReleaseGrid|Any CPU
		{28B6FBDC-3068-42F8-A1E5-17ECAD7A2C3D}.ReleaseGridDeploy|Any CPU.ActiveCfg = ReleaseGridDeploy|Any CPU
		{28B6FBDC-3068-42F8-A1E5-17ECAD7A2C3D}.ReleaseGridDeploy|Any CPU.Build.0 = ReleaseGridDeploy|Any CPU
		{9E1CCAD1-8081-4C16-A327-655130E54C75}.Debug|Any CPU.ActiveCfg = Debug|Any CPU
		{9E1CCAD1-8081-4C16-A327-655130E54C75}.Debug|Any CPU.Build.0 = Debug|Any CPU
		{9E1CCAD1-8081-4C16-A327-655130E54C75}.DebugGrid|Any CPU.ActiveCfg = Debug|Any CPU
		{9E1CCAD1-8081-4C16-A327-655130E54C75}.DebugGrid|Any CPU.Build.0 = Debug|Any CPU
		{9E1CCAD1-8081-4C16-A327-655130E54C75}.DebugGridDeploy|Any CPU.ActiveCfg = Debug|Any CPU
		{9E1CCAD1-8081-4C16-A327-655130E54C75}.DebugGridDeploy|Any CPU.Build.0 = Debug|Any CPU
		{9E1CCAD1-8081-4C16-A327-655130E54C75}.Release|Any CPU.ActiveCfg = Release|Any CPU
		{9E1CCAD1-8081-4C16-A327-655130E54C75}.Release|Any CPU.Build.0 = Release|Any CPU
		{9E1CCAD1-8081-4C16-A327-655130E54C75}.ReleaseGrid|Any CPU.ActiveCfg = Release|Any CPU
		{9E1CCAD1-8081-4C16-A327-655130E54C75}.ReleaseGrid|Any CPU.Build.0 = Release|Any CPU
		{9E1CCAD1-8081-4C16-A327-655130E54C75}.ReleaseGridDeploy|Any CPU.ActiveCfg = Release|Any CPU
		{9E1CCAD1-8081-4C16-A327-655130E54C75}.ReleaseGridDeploy|Any CPU.Build.0 = Release|Any CPU
		{E6E26513-1E51-4BDE-9843-5B4408C06E68}.Debug|Any CPU.ActiveCfg = Debug|Any CPU
		{E6E26513-1E51-4BDE-9843-5B4408C06E68}.Debug|Any CPU.Build.0 = Debug|Any CPU
		{E6E26513-1E51-4BDE-9843-5B4408C06E68}.DebugGrid|Any CPU.ActiveCfg = Debug|Any CPU
		{E6E26513-1E51-4BDE-9843-5B4408C06E68}.DebugGrid|Any CPU.Build.0 = Debug|Any CPU
		{E6E26513-1E51-4BDE-9843-5B4408C06E68}.DebugGridDeploy|Any CPU.ActiveCfg = Debug|Any CPU
		{E6E26513-1E51-4BDE-9843-5B4408C06E68}.DebugGridDeploy|Any CPU.Build.0 = Debug|Any CPU
		{E6E26513-1E51-4BDE-9843-5B4408C06E68}.Release|Any CPU.ActiveCfg = Release|Any CPU
		{E6E26513-1E51-4BDE-9843-5B4408C06E68}.Release|Any CPU.Build.0 = Release|Any CPU
		{E6E26513-1E51-4BDE-9843-5B4408C06E68}.ReleaseGrid|Any CPU.ActiveCfg = Release|Any CPU
		{E6E26513-1E51-4BDE-9843-5B4408C06E68}.ReleaseGrid|Any CPU.Build.0 = Release|Any CPU
		{E6E26513-1E51-4BDE-9843-5B4408C06E68}.ReleaseGridDeploy|Any CPU.ActiveCfg = Release|Any CPU
		{E6E26513-1E51-4BDE-9843-5B4408C06E68}.ReleaseGridDeploy|Any CPU.Build.0 = Release|Any CPU
		{237511EA-5AE6-4F6D-8ABD-62CBF93FA95F}.Debug|Any CPU.ActiveCfg = Debug|Any CPU
		{237511EA-5AE6-4F6D-8ABD-62CBF93FA95F}.Debug|Any CPU.Build.0 = Debug|Any CPU
		{237511EA-5AE6-4F6D-8ABD-62CBF93FA95F}.DebugGrid|Any CPU.ActiveCfg = DebugGrid|Any CPU
		{237511EA-5AE6-4F6D-8ABD-62CBF93FA95F}.DebugGrid|Any CPU.Build.0 = DebugGrid|Any CPU
		{237511EA-5AE6-4F6D-8ABD-62CBF93FA95F}.DebugGridDeploy|Any CPU.ActiveCfg = DebugGridDeploy|Any CPU
		{237511EA-5AE6-4F6D-8ABD-62CBF93FA95F}.DebugGridDeploy|Any CPU.Build.0 = DebugGridDeploy|Any CPU
		{237511EA-5AE6-4F6D-8ABD-62CBF93FA95F}.Release|Any CPU.ActiveCfg = Release|Any CPU
		{237511EA-5AE6-4F6D-8ABD-62CBF93FA95F}.Release|Any CPU.Build.0 = Release|Any CPU
		{237511EA-5AE6-4F6D-8ABD-62CBF93FA95F}.ReleaseGrid|Any CPU.ActiveCfg = ReleaseGrid|Any CPU
		{237511EA-5AE6-4F6D-8ABD-62CBF93FA95F}.ReleaseGrid|Any CPU.Build.0 = ReleaseGrid|Any CPU
		{237511EA-5AE6-4F6D-8ABD-62CBF93FA95F}.ReleaseGridDeploy|Any CPU.ActiveCfg = ReleaseGridDeploy|Any CPU
		{237511EA-5AE6-4F6D-8ABD-62CBF93FA95F}.ReleaseGridDeploy|Any CPU.Build.0 = ReleaseGridDeploy|Any CPU
		{0DE11AFE-DA98-4C37-9F4D-E478077BD66D}.Debug|Any CPU.ActiveCfg = Debug|Any CPU
		{0DE11AFE-DA98-4C37-9F4D-E478077BD66D}.Debug|Any CPU.Build.0 = Debug|Any CPU
		{0DE11AFE-DA98-4C37-9F4D-E478077BD66D}.DebugGrid|Any CPU.ActiveCfg = Debug|Any CPU
		{0DE11AFE-DA98-4C37-9F4D-E478077BD66D}.DebugGrid|Any CPU.Build.0 = Debug|Any CPU
		{0DE11AFE-DA98-4C37-9F4D-E478077BD66D}.DebugGridDeploy|Any CPU.ActiveCfg = Debug|Any CPU
		{0DE11AFE-DA98-4C37-9F4D-E478077BD66D}.DebugGridDeploy|Any CPU.Build.0 = Debug|Any CPU
		{0DE11AFE-DA98-4C37-9F4D-E478077BD66D}.Release|Any CPU.ActiveCfg = Release|Any CPU
		{0DE11AFE-DA98-4C37-9F4D-E478077BD66D}.Release|Any CPU.Build.0 = Release|Any CPU
		{0DE11AFE-DA98-4C37-9F4D-E478077BD66D}.ReleaseGrid|Any CPU.ActiveCfg = Release|Any CPU
		{0DE11AFE-DA98-4C37-9F4D-E478077BD66D}.ReleaseGrid|Any CPU.Build.0 = Release|Any CPU
		{0DE11AFE-DA98-4C37-9F4D-E478077BD66D}.ReleaseGridDeploy|Any CPU.ActiveCfg = Release|Any CPU
		{0DE11AFE-DA98-4C37-9F4D-E478077BD66D}.ReleaseGridDeploy|Any CPU.Build.0 = Release|Any CPU
		{FC10F9DE-394B-4545-89E2-545E59E1E204}.Debug|Any CPU.ActiveCfg = Debug|Any CPU
		{FC10F9DE-394B-4545-89E2-545E59E1E204}.Debug|Any CPU.Build.0 = Debug|Any CPU
		{FC10F9DE-394B-4545-89E2-545E59E1E204}.DebugGrid|Any CPU.ActiveCfg = Debug|Any CPU
		{FC10F9DE-394B-4545-89E2-545E59E1E204}.DebugGrid|Any CPU.Build.0 = Debug|Any CPU
		{FC10F9DE-394B-4545-89E2-545E59E1E204}.DebugGridDeploy|Any CPU.ActiveCfg = Debug|Any CPU
		{FC10F9DE-394B-4545-89E2-545E59E1E204}.DebugGridDeploy|Any CPU.Build.0 = Debug|Any CPU
		{FC10F9DE-394B-4545-89E2-545E59E1E204}.Release|Any CPU.ActiveCfg = Release|Any CPU
		{FC10F9DE-394B-4545-89E2-545E59E1E204}.Release|Any CPU.Build.0 = Release|Any CPU
		{FC10F9DE-394B-4545-89E2-545E59E1E204}.ReleaseGrid|Any CPU.ActiveCfg = Release|Any CPU
		{FC10F9DE-394B-4545-89E2-545E59E1E204}.ReleaseGrid|Any CPU.Build.0 = Release|Any CPU
		{FC10F9DE-394B-4545-89E2-545E59E1E204}.ReleaseGridDeploy|Any CPU.ActiveCfg = Release|Any CPU
		{FC10F9DE-394B-4545-89E2-545E59E1E204}.ReleaseGridDeploy|Any CPU.Build.0 = Release|Any CPU
		{872A9D14-A81E-4134-8AA8-D392C03EBE49}.Debug|Any CPU.ActiveCfg = Debug|Any CPU
		{872A9D14-A81E-4134-8AA8-D392C03EBE49}.Debug|Any CPU.Build.0 = Debug|Any CPU
		{872A9D14-A81E-4134-8AA8-D392C03EBE49}.DebugGrid|Any CPU.ActiveCfg = Debug|Any CPU
		{872A9D14-A81E-4134-8AA8-D392C03EBE49}.DebugGrid|Any CPU.Build.0 = Debug|Any CPU
		{872A9D14-A81E-4134-8AA8-D392C03EBE49}.DebugGridDeploy|Any CPU.ActiveCfg = Debug|Any CPU
		{872A9D14-A81E-4134-8AA8-D392C03EBE49}.DebugGridDeploy|Any CPU.Build.0 = Debug|Any CPU
		{872A9D14-A81E-4134-8AA8-D392C03EBE49}.Release|Any CPU.ActiveCfg = Release|Any CPU
		{872A9D14-A81E-4134-8AA8-D392C03EBE49}.Release|Any CPU.Build.0 = Release|Any CPU
		{872A9D14-A81E-4134-8AA8-D392C03EBE49}.ReleaseGrid|Any CPU.ActiveCfg = Release|Any CPU
		{872A9D14-A81E-4134-8AA8-D392C03EBE49}.ReleaseGrid|Any CPU.Build.0 = Release|Any CPU
		{872A9D14-A81E-4134-8AA8-D392C03EBE49}.ReleaseGridDeploy|Any CPU.ActiveCfg = Release|Any CPU
		{872A9D14-A81E-4134-8AA8-D392C03EBE49}.ReleaseGridDeploy|Any CPU.Build.0 = Release|Any CPU
		{CD019A8E-2FC2-4DDE-845D-209963D25C1A}.Debug|Any CPU.ActiveCfg = Debug|Any CPU
		{CD019A8E-2FC2-4DDE-845D-209963D25C1A}.Debug|Any CPU.Build.0 = Debug|Any CPU
		{CD019A8E-2FC2-4DDE-845D-209963D25C1A}.DebugGrid|Any CPU.ActiveCfg = Debug|Any CPU
		{CD019A8E-2FC2-4DDE-845D-209963D25C1A}.DebugGrid|Any CPU.Build.0 = Debug|Any CPU
		{CD019A8E-2FC2-4DDE-845D-209963D25C1A}.DebugGridDeploy|Any CPU.ActiveCfg = Debug|Any CPU
		{CD019A8E-2FC2-4DDE-845D-209963D25C1A}.DebugGridDeploy|Any CPU.Build.0 = Debug|Any CPU
		{CD019A8E-2FC2-4DDE-845D-209963D25C1A}.Release|Any CPU.ActiveCfg = Release|Any CPU
		{CD019A8E-2FC2-4DDE-845D-209963D25C1A}.Release|Any CPU.Build.0 = Release|Any CPU
		{CD019A8E-2FC2-4DDE-845D-209963D25C1A}.ReleaseGrid|Any CPU.ActiveCfg = Release|Any CPU
		{CD019A8E-2FC2-4DDE-845D-209963D25C1A}.ReleaseGrid|Any CPU.Build.0 = Release|Any CPU
		{CD019A8E-2FC2-4DDE-845D-209963D25C1A}.ReleaseGridDeploy|Any CPU.ActiveCfg = Release|Any CPU
		{CD019A8E-2FC2-4DDE-845D-209963D25C1A}.ReleaseGridDeploy|Any CPU.Build.0 = Release|Any CPU
		{DE1C0687-DEA2-4914-9E5E-4508D69C90E1}.Debug|Any CPU.ActiveCfg = Debug|Any CPU
		{DE1C0687-DEA2-4914-9E5E-4508D69C90E1}.Debug|Any CPU.Build.0 = Debug|Any CPU
		{DE1C0687-DEA2-4914-9E5E-4508D69C90E1}.DebugGrid|Any CPU.ActiveCfg = Debug|Any CPU
		{DE1C0687-DEA2-4914-9E5E-4508D69C90E1}.DebugGrid|Any CPU.Build.0 = Debug|Any CPU
		{DE1C0687-DEA2-4914-9E5E-4508D69C90E1}.DebugGridDeploy|Any CPU.ActiveCfg = Debug|Any CPU
		{DE1C0687-DEA2-4914-9E5E-4508D69C90E1}.DebugGridDeploy|Any CPU.Build.0 = Debug|Any CPU
		{DE1C0687-DEA2-4914-9E5E-4508D69C90E1}.Release|Any CPU.ActiveCfg = Release|Any CPU
		{DE1C0687-DEA2-4914-9E5E-4508D69C90E1}.Release|Any CPU.Build.0 = Release|Any CPU
		{DE1C0687-DEA2-4914-9E5E-4508D69C90E1}.ReleaseGrid|Any CPU.ActiveCfg = Release|Any CPU
		{DE1C0687-DEA2-4914-9E5E-4508D69C90E1}.ReleaseGrid|Any CPU.Build.0 = Release|Any CPU
		{DE1C0687-DEA2-4914-9E5E-4508D69C90E1}.ReleaseGridDeploy|Any CPU.ActiveCfg = Release|Any CPU
		{DE1C0687-DEA2-4914-9E5E-4508D69C90E1}.ReleaseGridDeploy|Any CPU.Build.0 = Release|Any CPU
		{F6B054A4-86FF-4175-A611-2346861FDF6E}.Debug|Any CPU.ActiveCfg = Debug|Any CPU
		{F6B054A4-86FF-4175-A611-2346861FDF6E}.Debug|Any CPU.Build.0 = Debug|Any CPU
		{F6B054A4-86FF-4175-A611-2346861FDF6E}.DebugGrid|Any CPU.ActiveCfg = Debug|Any CPU
		{F6B054A4-86FF-4175-A611-2346861FDF6E}.DebugGrid|Any CPU.Build.0 = Debug|Any CPU
		{F6B054A4-86FF-4175-A611-2346861FDF6E}.DebugGridDeploy|Any CPU.ActiveCfg = Debug|Any CPU
		{F6B054A4-86FF-4175-A611-2346861FDF6E}.DebugGridDeploy|Any CPU.Build.0 = Debug|Any CPU
		{F6B054A4-86FF-4175-A611-2346861FDF6E}.Release|Any CPU.ActiveCfg = Release|Any CPU
		{F6B054A4-86FF-4175-A611-2346861FDF6E}.Release|Any CPU.Build.0 = Release|Any CPU
		{F6B054A4-86FF-4175-A611-2346861FDF6E}.ReleaseGrid|Any CPU.ActiveCfg = Release|Any CPU
		{F6B054A4-86FF-4175-A611-2346861FDF6E}.ReleaseGrid|Any CPU.Build.0 = Release|Any CPU
		{F6B054A4-86FF-4175-A611-2346861FDF6E}.ReleaseGridDeploy|Any CPU.ActiveCfg = Release|Any CPU
		{F6B054A4-86FF-4175-A611-2346861FDF6E}.ReleaseGridDeploy|Any CPU.Build.0 = Release|Any CPU
		{CA7EF94A-75CC-4493-8435-7CFB6B4AB9BD}.Debug|Any CPU.ActiveCfg = Debug|Any CPU
		{CA7EF94A-75CC-4493-8435-7CFB6B4AB9BD}.Debug|Any CPU.Build.0 = Debug|Any CPU
		{CA7EF94A-75CC-4493-8435-7CFB6B4AB9BD}.DebugGrid|Any CPU.ActiveCfg = Debug|Any CPU
		{CA7EF94A-75CC-4493-8435-7CFB6B4AB9BD}.DebugGrid|Any CPU.Build.0 = Debug|Any CPU
		{CA7EF94A-75CC-4493-8435-7CFB6B4AB9BD}.DebugGridDeploy|Any CPU.ActiveCfg = Debug|Any CPU
		{CA7EF94A-75CC-4493-8435-7CFB6B4AB9BD}.DebugGridDeploy|Any CPU.Build.0 = Debug|Any CPU
		{CA7EF94A-75CC-4493-8435-7CFB6B4AB9BD}.Release|Any CPU.ActiveCfg = Release|Any CPU
		{CA7EF94A-75CC-4493-8435-7CFB6B4AB9BD}.Release|Any CPU.Build.0 = Release|Any CPU
		{CA7EF94A-75CC-4493-8435-7CFB6B4AB9BD}.ReleaseGrid|Any CPU.ActiveCfg = Release|Any CPU
		{CA7EF94A-75CC-4493-8435-7CFB6B4AB9BD}.ReleaseGrid|Any CPU.Build.0 = Release|Any CPU
		{CA7EF94A-75CC-4493-8435-7CFB6B4AB9BD}.ReleaseGridDeploy|Any CPU.ActiveCfg = Release|Any CPU
		{CA7EF94A-75CC-4493-8435-7CFB6B4AB9BD}.ReleaseGridDeploy|Any CPU.Build.0 = Release|Any CPU
		{159FCEB0-99F5-4F4D-A06C-51D867C66B20}.Debug|Any CPU.ActiveCfg = Debug|Any CPU
		{159FCEB0-99F5-4F4D-A06C-51D867C66B20}.Debug|Any CPU.Build.0 = Debug|Any CPU
		{159FCEB0-99F5-4F4D-A06C-51D867C66B20}.DebugGrid|Any CPU.ActiveCfg = Debug|Any CPU
		{159FCEB0-99F5-4F4D-A06C-51D867C66B20}.DebugGrid|Any CPU.Build.0 = Debug|Any CPU
		{159FCEB0-99F5-4F4D-A06C-51D867C66B20}.DebugGridDeploy|Any CPU.ActiveCfg = Debug|Any CPU
		{159FCEB0-99F5-4F4D-A06C-51D867C66B20}.DebugGridDeploy|Any CPU.Build.0 = Debug|Any CPU
		{159FCEB0-99F5-4F4D-A06C-51D867C66B20}.Release|Any CPU.ActiveCfg = Release|Any CPU
		{159FCEB0-99F5-4F4D-A06C-51D867C66B20}.Release|Any CPU.Build.0 = Release|Any CPU
		{159FCEB0-99F5-4F4D-A06C-51D867C66B20}.ReleaseGrid|Any CPU.ActiveCfg = Release|Any CPU
		{159FCEB0-99F5-4F4D-A06C-51D867C66B20}.ReleaseGrid|Any CPU.Build.0 = Release|Any CPU
		{159FCEB0-99F5-4F4D-A06C-51D867C66B20}.ReleaseGridDeploy|Any CPU.ActiveCfg = Release|Any CPU
		{159FCEB0-99F5-4F4D-A06C-51D867C66B20}.ReleaseGridDeploy|Any CPU.Build.0 = Release|Any CPU
		{4425BAE2-76FE-4BCB-9D88-1C8343A8962C}.Debug|Any CPU.ActiveCfg = Debug|Any CPU
		{4425BAE2-76FE-4BCB-9D88-1C8343A8962C}.Debug|Any CPU.Build.0 = Debug|Any CPU
		{4425BAE2-76FE-4BCB-9D88-1C8343A8962C}.DebugGrid|Any CPU.ActiveCfg = Debug|Any CPU
		{4425BAE2-76FE-4BCB-9D88-1C8343A8962C}.DebugGrid|Any CPU.Build.0 = Debug|Any CPU
		{4425BAE2-76FE-4BCB-9D88-1C8343A8962C}.DebugGridDeploy|Any CPU.ActiveCfg = Debug|Any CPU
		{4425BAE2-76FE-4BCB-9D88-1C8343A8962C}.DebugGridDeploy|Any CPU.Build.0 = Debug|Any CPU
		{4425BAE2-76FE-4BCB-9D88-1C8343A8962C}.Release|Any CPU.ActiveCfg = Release|Any CPU
		{4425BAE2-76FE-4BCB-9D88-1C8343A8962C}.Release|Any CPU.Build.0 = Release|Any CPU
		{4425BAE2-76FE-4BCB-9D88-1C8343A8962C}.ReleaseGrid|Any CPU.ActiveCfg = Release|Any CPU
		{4425BAE2-76FE-4BCB-9D88-1C8343A8962C}.ReleaseGrid|Any CPU.Build.0 = Release|Any CPU
		{4425BAE2-76FE-4BCB-9D88-1C8343A8962C}.ReleaseGridDeploy|Any CPU.ActiveCfg = Release|Any CPU
		{4425BAE2-76FE-4BCB-9D88-1C8343A8962C}.ReleaseGridDeploy|Any CPU.Build.0 = Release|Any CPU
		{EEB1A65D-F3A2-4B18-9656-0C78237A2487}.Debug|Any CPU.ActiveCfg = Debug|Any CPU
		{EEB1A65D-F3A2-4B18-9656-0C78237A2487}.Debug|Any CPU.Build.0 = Debug|Any CPU
		{EEB1A65D-F3A2-4B18-9656-0C78237A2487}.DebugGrid|Any CPU.ActiveCfg = Debug|Any CPU
		{EEB1A65D-F3A2-4B18-9656-0C78237A2487}.DebugGrid|Any CPU.Build.0 = Debug|Any CPU
		{EEB1A65D-F3A2-4B18-9656-0C78237A2487}.DebugGridDeploy|Any CPU.ActiveCfg = Debug|Any CPU
		{EEB1A65D-F3A2-4B18-9656-0C78237A2487}.DebugGridDeploy|Any CPU.Build.0 = Debug|Any CPU
		{EEB1A65D-F3A2-4B18-9656-0C78237A2487}.Release|Any CPU.ActiveCfg = Release|Any CPU
		{EEB1A65D-F3A2-4B18-9656-0C78237A2487}.Release|Any CPU.Build.0 = Release|Any CPU
		{EEB1A65D-F3A2-4B18-9656-0C78237A2487}.ReleaseGrid|Any CPU.ActiveCfg = Release|Any CPU
		{EEB1A65D-F3A2-4B18-9656-0C78237A2487}.ReleaseGrid|Any CPU.Build.0 = Release|Any CPU
		{EEB1A65D-F3A2-4B18-9656-0C78237A2487}.ReleaseGridDeploy|Any CPU.ActiveCfg = Release|Any CPU
		{EEB1A65D-F3A2-4B18-9656-0C78237A2487}.ReleaseGridDeploy|Any CPU.Build.0 = Release|Any CPU
		{EE333715-4ED3-489D-8D13-1CDFBE28DFA3}.Debug|Any CPU.ActiveCfg = Debug|Any CPU
		{EE333715-4ED3-489D-8D13-1CDFBE28DFA3}.Debug|Any CPU.Build.0 = Debug|Any CPU
		{EE333715-4ED3-489D-8D13-1CDFBE28DFA3}.DebugGrid|Any CPU.ActiveCfg = Debug|Any CPU
		{EE333715-4ED3-489D-8D13-1CDFBE28DFA3}.DebugGrid|Any CPU.Build.0 = Debug|Any CPU
		{EE333715-4ED3-489D-8D13-1CDFBE28DFA3}.DebugGridDeploy|Any CPU.ActiveCfg = Debug|Any CPU
		{EE333715-4ED3-489D-8D13-1CDFBE28DFA3}.DebugGridDeploy|Any CPU.Build.0 = Debug|Any CPU
		{EE333715-4ED3-489D-8D13-1CDFBE28DFA3}.Release|Any CPU.ActiveCfg = Release|Any CPU
		{EE333715-4ED3-489D-8D13-1CDFBE28DFA3}.Release|Any CPU.Build.0 = Release|Any CPU
		{EE333715-4ED3-489D-8D13-1CDFBE28DFA3}.ReleaseGrid|Any CPU.ActiveCfg = Release|Any CPU
		{EE333715-4ED3-489D-8D13-1CDFBE28DFA3}.ReleaseGrid|Any CPU.Build.0 = Release|Any CPU
		{EE333715-4ED3-489D-8D13-1CDFBE28DFA3}.ReleaseGridDeploy|Any CPU.ActiveCfg = Release|Any CPU
		{EE333715-4ED3-489D-8D13-1CDFBE28DFA3}.ReleaseGridDeploy|Any CPU.Build.0 = Release|Any CPU
		{CB4D5C1A-D325-4053-9EEA-5313909A4B98}.Debug|Any CPU.ActiveCfg = Debug|Any CPU
		{CB4D5C1A-D325-4053-9EEA-5313909A4B98}.Debug|Any CPU.Build.0 = Debug|Any CPU
		{CB4D5C1A-D325-4053-9EEA-5313909A4B98}.DebugGrid|Any CPU.ActiveCfg = Debug|Any CPU
		{CB4D5C1A-D325-4053-9EEA-5313909A4B98}.DebugGrid|Any CPU.Build.0 = Debug|Any CPU
		{CB4D5C1A-D325-4053-9EEA-5313909A4B98}.DebugGridDeploy|Any CPU.ActiveCfg = Debug|Any CPU
		{CB4D5C1A-D325-4053-9EEA-5313909A4B98}.DebugGridDeploy|Any CPU.Build.0 = Debug|Any CPU
		{CB4D5C1A-D325-4053-9EEA-5313909A4B98}.Release|Any CPU.ActiveCfg = Release|Any CPU
		{CB4D5C1A-D325-4053-9EEA-5313909A4B98}.Release|Any CPU.Build.0 = Release|Any CPU
		{CB4D5C1A-D325-4053-9EEA-5313909A4B98}.ReleaseGrid|Any CPU.ActiveCfg = Release|Any CPU
		{CB4D5C1A-D325-4053-9EEA-5313909A4B98}.ReleaseGrid|Any CPU.Build.0 = Release|Any CPU
		{CB4D5C1A-D325-4053-9EEA-5313909A4B98}.ReleaseGridDeploy|Any CPU.ActiveCfg = Release|Any CPU
		{CB4D5C1A-D325-4053-9EEA-5313909A4B98}.ReleaseGridDeploy|Any CPU.Build.0 = Release|Any CPU
		{2EBB323E-8AB9-4AB0-882F-68461EDC958B}.Debug|Any CPU.ActiveCfg = Debug|Any CPU
		{2EBB323E-8AB9-4AB0-882F-68461EDC958B}.Debug|Any CPU.Build.0 = Debug|Any CPU
		{2EBB323E-8AB9-4AB0-882F-68461EDC958B}.DebugGrid|Any CPU.ActiveCfg = Debug|Any CPU
		{2EBB323E-8AB9-4AB0-882F-68461EDC958B}.DebugGrid|Any CPU.Build.0 = Debug|Any CPU
		{2EBB323E-8AB9-4AB0-882F-68461EDC958B}.DebugGridDeploy|Any CPU.ActiveCfg = Debug|Any CPU
		{2EBB323E-8AB9-4AB0-882F-68461EDC958B}.DebugGridDeploy|Any CPU.Build.0 = Debug|Any CPU
		{2EBB323E-8AB9-4AB0-882F-68461EDC958B}.Release|Any CPU.ActiveCfg = Release|Any CPU
		{2EBB323E-8AB9-4AB0-882F-68461EDC958B}.Release|Any CPU.Build.0 = Release|Any CPU
		{2EBB323E-8AB9-4AB0-882F-68461EDC958B}.ReleaseGrid|Any CPU.ActiveCfg = Release|Any CPU
		{2EBB323E-8AB9-4AB0-882F-68461EDC958B}.ReleaseGrid|Any CPU.Build.0 = Release|Any CPU
		{2EBB323E-8AB9-4AB0-882F-68461EDC958B}.ReleaseGridDeploy|Any CPU.ActiveCfg = Release|Any CPU
		{2EBB323E-8AB9-4AB0-882F-68461EDC958B}.ReleaseGridDeploy|Any CPU.Build.0 = Release|Any CPU
		{08BEE4F7-264F-49B6-A521-3A1FF32B8ABF}.Debug|Any CPU.ActiveCfg = Debug|Any CPU
		{08BEE4F7-264F-49B6-A521-3A1FF32B8ABF}.Debug|Any CPU.Build.0 = Debug|Any CPU
		{08BEE4F7-264F-49B6-A521-3A1FF32B8ABF}.DebugGrid|Any CPU.ActiveCfg = Debug|Any CPU
		{08BEE4F7-264F-49B6-A521-3A1FF32B8ABF}.DebugGrid|Any CPU.Build.0 = Debug|Any CPU
		{08BEE4F7-264F-49B6-A521-3A1FF32B8ABF}.DebugGridDeploy|Any CPU.ActiveCfg = Debug|Any CPU
		{08BEE4F7-264F-49B6-A521-3A1FF32B8ABF}.DebugGridDeploy|Any CPU.Build.0 = Debug|Any CPU
		{08BEE4F7-264F-49B6-A521-3A1FF32B8ABF}.Release|Any CPU.ActiveCfg = Release|Any CPU
		{08BEE4F7-264F-49B6-A521-3A1FF32B8ABF}.Release|Any CPU.Build.0 = Release|Any CPU
		{08BEE4F7-264F-49B6-A521-3A1FF32B8ABF}.ReleaseGrid|Any CPU.ActiveCfg = Release|Any CPU
		{08BEE4F7-264F-49B6-A521-3A1FF32B8ABF}.ReleaseGrid|Any CPU.Build.0 = Release|Any CPU
		{08BEE4F7-264F-49B6-A521-3A1FF32B8ABF}.ReleaseGridDeploy|Any CPU.ActiveCfg = Release|Any CPU
		{08BEE4F7-264F-49B6-A521-3A1FF32B8ABF}.ReleaseGridDeploy|Any CPU.Build.0 = Release|Any CPU
		{5736F895-AB01-4CF8-9355-15207821EBD3}.Debug|Any CPU.ActiveCfg = Debug|Any CPU
		{5736F895-AB01-4CF8-9355-15207821EBD3}.Debug|Any CPU.Build.0 = Debug|Any CPU
		{5736F895-AB01-4CF8-9355-15207821EBD3}.DebugGrid|Any CPU.ActiveCfg = Debug|Any CPU
		{5736F895-AB01-4CF8-9355-15207821EBD3}.DebugGrid|Any CPU.Build.0 = Debug|Any CPU
		{5736F895-AB01-4CF8-9355-15207821EBD3}.DebugGridDeploy|Any CPU.ActiveCfg = Debug|Any CPU
		{5736F895-AB01-4CF8-9355-15207821EBD3}.DebugGridDeploy|Any CPU.Build.0 = Debug|Any CPU
		{5736F895-AB01-4CF8-9355-15207821EBD3}.Release|Any CPU.ActiveCfg = Release|Any CPU
		{5736F895-AB01-4CF8-9355-15207821EBD3}.Release|Any CPU.Build.0 = Release|Any CPU
		{5736F895-AB01-4CF8-9355-15207821EBD3}.ReleaseGrid|Any CPU.ActiveCfg = Release|Any CPU
		{5736F895-AB01-4CF8-9355-15207821EBD3}.ReleaseGrid|Any CPU.Build.0 = Release|Any CPU
		{5736F895-AB01-4CF8-9355-15207821EBD3}.ReleaseGridDeploy|Any CPU.ActiveCfg = Release|Any CPU
		{5736F895-AB01-4CF8-9355-15207821EBD3}.ReleaseGridDeploy|Any CPU.Build.0 = Release|Any CPU
		{473237C4-AB9B-419A-A29D-ABB543EFDE15}.Debug|Any CPU.ActiveCfg = Debug|Any CPU
		{473237C4-AB9B-419A-A29D-ABB543EFDE15}.Debug|Any CPU.Build.0 = Debug|Any CPU
		{473237C4-AB9B-419A-A29D-ABB543EFDE15}.DebugGrid|Any CPU.ActiveCfg = Debug|Any CPU
		{473237C4-AB9B-419A-A29D-ABB543EFDE15}.DebugGrid|Any CPU.Build.0 = Debug|Any CPU
		{473237C4-AB9B-419A-A29D-ABB543EFDE15}.DebugGridDeploy|Any CPU.ActiveCfg = Debug|Any CPU
		{473237C4-AB9B-419A-A29D-ABB543EFDE15}.DebugGridDeploy|Any CPU.Build.0 = Debug|Any CPU
		{473237C4-AB9B-419A-A29D-ABB543EFDE15}.Release|Any CPU.ActiveCfg = Release|Any CPU
		{473237C4-AB9B-419A-A29D-ABB543EFDE15}.Release|Any CPU.Build.0 = Release|Any CPU
		{473237C4-AB9B-419A-A29D-ABB543EFDE15}.ReleaseGrid|Any CPU.ActiveCfg = Release|Any CPU
		{473237C4-AB9B-419A-A29D-ABB543EFDE15}.ReleaseGrid|Any CPU.Build.0 = Release|Any CPU
		{473237C4-AB9B-419A-A29D-ABB543EFDE15}.ReleaseGridDeploy|Any CPU.ActiveCfg = Release|Any CPU
		{473237C4-AB9B-419A-A29D-ABB543EFDE15}.ReleaseGridDeploy|Any CPU.Build.0 = Release|Any CPU
		{63EEB459-FD95-4181-BF2F-9C262E6C7563}.Debug|Any CPU.ActiveCfg = Debug|Any CPU
		{63EEB459-FD95-4181-BF2F-9C262E6C7563}.Debug|Any CPU.Build.0 = Debug|Any CPU
		{63EEB459-FD95-4181-BF2F-9C262E6C7563}.DebugGrid|Any CPU.ActiveCfg = Debug|Any CPU
		{63EEB459-FD95-4181-BF2F-9C262E6C7563}.DebugGrid|Any CPU.Build.0 = Debug|Any CPU
		{63EEB459-FD95-4181-BF2F-9C262E6C7563}.DebugGridDeploy|Any CPU.ActiveCfg = Debug|Any CPU
		{63EEB459-FD95-4181-BF2F-9C262E6C7563}.DebugGridDeploy|Any CPU.Build.0 = Debug|Any CPU
		{63EEB459-FD95-4181-BF2F-9C262E6C7563}.Release|Any CPU.ActiveCfg = Release|Any CPU
		{63EEB459-FD95-4181-BF2F-9C262E6C7563}.Release|Any CPU.Build.0 = Release|Any CPU
		{63EEB459-FD95-4181-BF2F-9C262E6C7563}.ReleaseGrid|Any CPU.ActiveCfg = Release|Any CPU
		{63EEB459-FD95-4181-BF2F-9C262E6C7563}.ReleaseGrid|Any CPU.Build.0 = Release|Any CPU
		{63EEB459-FD95-4181-BF2F-9C262E6C7563}.ReleaseGridDeploy|Any CPU.ActiveCfg = Release|Any CPU
		{63EEB459-FD95-4181-BF2F-9C262E6C7563}.ReleaseGridDeploy|Any CPU.Build.0 = Release|Any CPU
		{6C323F5F-E989-40DC-A530-F5B98C0F9F67}.Debug|Any CPU.ActiveCfg = Debug|Any CPU
		{6C323F5F-E989-40DC-A530-F5B98C0F9F67}.Debug|Any CPU.Build.0 = Debug|Any CPU
		{6C323F5F-E989-40DC-A530-F5B98C0F9F67}.DebugGrid|Any CPU.ActiveCfg = Debug|Any CPU
		{6C323F5F-E989-40DC-A530-F5B98C0F9F67}.DebugGrid|Any CPU.Build.0 = Debug|Any CPU
		{6C323F5F-E989-40DC-A530-F5B98C0F9F67}.DebugGridDeploy|Any CPU.ActiveCfg = Debug|Any CPU
		{6C323F5F-E989-40DC-A530-F5B98C0F9F67}.DebugGridDeploy|Any CPU.Build.0 = Debug|Any CPU
		{6C323F5F-E989-40DC-A530-F5B98C0F9F67}.Release|Any CPU.ActiveCfg = Release|Any CPU
		{6C323F5F-E989-40DC-A530-F5B98C0F9F67}.Release|Any CPU.Build.0 = Release|Any CPU
		{6C323F5F-E989-40DC-A530-F5B98C0F9F67}.ReleaseGrid|Any CPU.ActiveCfg = Release|Any CPU
		{6C323F5F-E989-40DC-A530-F5B98C0F9F67}.ReleaseGrid|Any CPU.Build.0 = Release|Any CPU
		{6C323F5F-E989-40DC-A530-F5B98C0F9F67}.ReleaseGridDeploy|Any CPU.ActiveCfg = Release|Any CPU
		{6C323F5F-E989-40DC-A530-F5B98C0F9F67}.ReleaseGridDeploy|Any CPU.Build.0 = Release|Any CPU
		{62F20FDC-BAF6-4B13-A7B3-6B3C5BB571CA}.Debug|Any CPU.ActiveCfg = Debug|Any CPU
		{62F20FDC-BAF6-4B13-A7B3-6B3C5BB571CA}.Debug|Any CPU.Build.0 = Debug|Any CPU
		{62F20FDC-BAF6-4B13-A7B3-6B3C5BB571CA}.DebugGrid|Any CPU.ActiveCfg = Debug|Any CPU
		{62F20FDC-BAF6-4B13-A7B3-6B3C5BB571CA}.DebugGrid|Any CPU.Build.0 = Debug|Any CPU
		{62F20FDC-BAF6-4B13-A7B3-6B3C5BB571CA}.DebugGridDeploy|Any CPU.ActiveCfg = Debug|Any CPU
		{62F20FDC-BAF6-4B13-A7B3-6B3C5BB571CA}.DebugGridDeploy|Any CPU.Build.0 = Debug|Any CPU
		{62F20FDC-BAF6-4B13-A7B3-6B3C5BB571CA}.Release|Any CPU.ActiveCfg = Release|Any CPU
		{62F20FDC-BAF6-4B13-A7B3-6B3C5BB571CA}.Release|Any CPU.Build.0 = Release|Any CPU
		{62F20FDC-BAF6-4B13-A7B3-6B3C5BB571CA}.ReleaseGrid|Any CPU.ActiveCfg = Release|Any CPU
		{62F20FDC-BAF6-4B13-A7B3-6B3C5BB571CA}.ReleaseGrid|Any CPU.Build.0 = Release|Any CPU
		{62F20FDC-BAF6-4B13-A7B3-6B3C5BB571CA}.ReleaseGridDeploy|Any CPU.ActiveCfg = Release|Any CPU
		{62F20FDC-BAF6-4B13-A7B3-6B3C5BB571CA}.ReleaseGridDeploy|Any CPU.Build.0 = Release|Any CPU
		{67DB5DE8-A827-4D95-B2A0-6A395DCF5E9E}.Debug|Any CPU.ActiveCfg = Debug|Any CPU
		{67DB5DE8-A827-4D95-B2A0-6A395DCF5E9E}.Debug|Any CPU.Build.0 = Debug|Any CPU
		{67DB5DE8-A827-4D95-B2A0-6A395DCF5E9E}.DebugGrid|Any CPU.ActiveCfg = Debug|Any CPU
		{67DB5DE8-A827-4D95-B2A0-6A395DCF5E9E}.DebugGrid|Any CPU.Build.0 = Debug|Any CPU
		{67DB5DE8-A827-4D95-B2A0-6A395DCF5E9E}.DebugGridDeploy|Any CPU.ActiveCfg = Debug|Any CPU
		{67DB5DE8-A827-4D95-B2A0-6A395DCF5E9E}.DebugGridDeploy|Any CPU.Build.0 = Debug|Any CPU
		{67DB5DE8-A827-4D95-B2A0-6A395DCF5E9E}.Release|Any CPU.ActiveCfg = Release|Any CPU
		{67DB5DE8-A827-4D95-B2A0-6A395DCF5E9E}.Release|Any CPU.Build.0 = Release|Any CPU
		{67DB5DE8-A827-4D95-B2A0-6A395DCF5E9E}.ReleaseGrid|Any CPU.ActiveCfg = Release|Any CPU
		{67DB5DE8-A827-4D95-B2A0-6A395DCF5E9E}.ReleaseGrid|Any CPU.Build.0 = Release|Any CPU
		{67DB5DE8-A827-4D95-B2A0-6A395DCF5E9E}.ReleaseGridDeploy|Any CPU.ActiveCfg = Release|Any CPU
		{67DB5DE8-A827-4D95-B2A0-6A395DCF5E9E}.ReleaseGridDeploy|Any CPU.Build.0 = Release|Any CPU
		{09AC74DD-423E-45D0-9C8E-D38D7F20878C}.Debug|Any CPU.ActiveCfg = Debug|Any CPU
		{09AC74DD-423E-45D0-9C8E-D38D7F20878C}.Debug|Any CPU.Build.0 = Debug|Any CPU
		{09AC74DD-423E-45D0-9C8E-D38D7F20878C}.DebugGrid|Any CPU.ActiveCfg = Debug|Any CPU
		{09AC74DD-423E-45D0-9C8E-D38D7F20878C}.DebugGrid|Any CPU.Build.0 = Debug|Any CPU
		{09AC74DD-423E-45D0-9C8E-D38D7F20878C}.DebugGridDeploy|Any CPU.ActiveCfg = Debug|Any CPU
		{09AC74DD-423E-45D0-9C8E-D38D7F20878C}.DebugGridDeploy|Any CPU.Build.0 = Debug|Any CPU
		{09AC74DD-423E-45D0-9C8E-D38D7F20878C}.Release|Any CPU.ActiveCfg = Release|Any CPU
		{09AC74DD-423E-45D0-9C8E-D38D7F20878C}.Release|Any CPU.Build.0 = Release|Any CPU
		{09AC74DD-423E-45D0-9C8E-D38D7F20878C}.ReleaseGrid|Any CPU.ActiveCfg = Release|Any CPU
		{09AC74DD-423E-45D0-9C8E-D38D7F20878C}.ReleaseGrid|Any CPU.Build.0 = Release|Any CPU
		{09AC74DD-423E-45D0-9C8E-D38D7F20878C}.ReleaseGridDeploy|Any CPU.ActiveCfg = Release|Any CPU
		{09AC74DD-423E-45D0-9C8E-D38D7F20878C}.ReleaseGridDeploy|Any CPU.Build.0 = Release|Any CPU
		{396208D7-B3F7-4EE2-AD6E-A63E27538696}.Debug|Any CPU.ActiveCfg = Debug|Any CPU
		{396208D7-B3F7-4EE2-AD6E-A63E27538696}.Debug|Any CPU.Build.0 = Debug|Any CPU
		{396208D7-B3F7-4EE2-AD6E-A63E27538696}.DebugGrid|Any CPU.ActiveCfg = Debug|Any CPU
		{396208D7-B3F7-4EE2-AD6E-A63E27538696}.DebugGrid|Any CPU.Build.0 = Debug|Any CPU
		{396208D7-B3F7-4EE2-AD6E-A63E27538696}.DebugGridDeploy|Any CPU.ActiveCfg = Debug|Any CPU
		{396208D7-B3F7-4EE2-AD6E-A63E27538696}.DebugGridDeploy|Any CPU.Build.0 = Debug|Any CPU
		{396208D7-B3F7-4EE2-AD6E-A63E27538696}.Release|Any CPU.ActiveCfg = Release|Any CPU
		{396208D7-B3F7-4EE2-AD6E-A63E27538696}.Release|Any CPU.Build.0 = Release|Any CPU
		{396208D7-B3F7-4EE2-AD6E-A63E27538696}.ReleaseGrid|Any CPU.ActiveCfg = Release|Any CPU
		{396208D7-B3F7-4EE2-AD6E-A63E27538696}.ReleaseGrid|Any CPU.Build.0 = Release|Any CPU
		{396208D7-B3F7-4EE2-AD6E-A63E27538696}.ReleaseGridDeploy|Any CPU.ActiveCfg = Release|Any CPU
		{396208D7-B3F7-4EE2-AD6E-A63E27538696}.ReleaseGridDeploy|Any CPU.Build.0 = Release|Any CPU
		{8E794878-D8AC-4C7C-A47B-620C5D4FC09A}.Debug|Any CPU.ActiveCfg = Debug|Any CPU
		{8E794878-D8AC-4C7C-A47B-620C5D4FC09A}.Debug|Any CPU.Build.0 = Debug|Any CPU
		{8E794878-D8AC-4C7C-A47B-620C5D4FC09A}.DebugGrid|Any CPU.ActiveCfg = Debug|Any CPU
		{8E794878-D8AC-4C7C-A47B-620C5D4FC09A}.DebugGrid|Any CPU.Build.0 = Debug|Any CPU
		{8E794878-D8AC-4C7C-A47B-620C5D4FC09A}.DebugGridDeploy|Any CPU.ActiveCfg = Debug|Any CPU
		{8E794878-D8AC-4C7C-A47B-620C5D4FC09A}.DebugGridDeploy|Any CPU.Build.0 = Debug|Any CPU
		{8E794878-D8AC-4C7C-A47B-620C5D4FC09A}.Release|Any CPU.ActiveCfg = Release|Any CPU
		{8E794878-D8AC-4C7C-A47B-620C5D4FC09A}.Release|Any CPU.Build.0 = Release|Any CPU
		{8E794878-D8AC-4C7C-A47B-620C5D4FC09A}.ReleaseGrid|Any CPU.ActiveCfg = Release|Any CPU
		{8E794878-D8AC-4C7C-A47B-620C5D4FC09A}.ReleaseGrid|Any CPU.Build.0 = Release|Any CPU
		{8E794878-D8AC-4C7C-A47B-620C5D4FC09A}.ReleaseGridDeploy|Any CPU.ActiveCfg = Release|Any CPU
		{8E794878-D8AC-4C7C-A47B-620C5D4FC09A}.ReleaseGridDeploy|Any CPU.Build.0 = Release|Any CPU
		{86C0E903-B87A-4907-A235-1969D344103F}.Debug|Any CPU.ActiveCfg = Debug|Any CPU
		{86C0E903-B87A-4907-A235-1969D344103F}.Debug|Any CPU.Build.0 = Debug|Any CPU
		{86C0E903-B87A-4907-A235-1969D344103F}.DebugGrid|Any CPU.ActiveCfg = Debug|Any CPU
		{86C0E903-B87A-4907-A235-1969D344103F}.DebugGrid|Any CPU.Build.0 = Debug|Any CPU
		{86C0E903-B87A-4907-A235-1969D344103F}.DebugGridDeploy|Any CPU.ActiveCfg = Debug|Any CPU
		{86C0E903-B87A-4907-A235-1969D344103F}.DebugGridDeploy|Any CPU.Build.0 = Debug|Any CPU
		{86C0E903-B87A-4907-A235-1969D344103F}.Release|Any CPU.ActiveCfg = Release|Any CPU
		{86C0E903-B87A-4907-A235-1969D344103F}.Release|Any CPU.Build.0 = Release|Any CPU
		{86C0E903-B87A-4907-A235-1969D344103F}.ReleaseGrid|Any CPU.ActiveCfg = Release|Any CPU
		{86C0E903-B87A-4907-A235-1969D344103F}.ReleaseGrid|Any CPU.Build.0 = Release|Any CPU
		{86C0E903-B87A-4907-A235-1969D344103F}.ReleaseGridDeploy|Any CPU.ActiveCfg = Release|Any CPU
		{86C0E903-B87A-4907-A235-1969D344103F}.ReleaseGridDeploy|Any CPU.Build.0 = Release|Any CPU
	EndGlobalSection
	GlobalSection(SolutionProperties) = preSolution
		HideSolutionNode = FALSE
	EndGlobalSection
	GlobalSection(NestedProjects) = preSolution
		{237511EA-5AE6-4F6D-8ABD-62CBF93FA95F} = {C0A5C24E-3EB1-4163-9941-D98953360809}
		{0DE11AFE-DA98-4C37-9F4D-E478077BD66D} = {C0A5C24E-3EB1-4163-9941-D98953360809}
		{FC10F9DE-394B-4545-89E2-545E59E1E204} = {C0A5C24E-3EB1-4163-9941-D98953360809}
		{872A9D14-A81E-4134-8AA8-D392C03EBE49} = {C0A5C24E-3EB1-4163-9941-D98953360809}
		{CD019A8E-2FC2-4DDE-845D-209963D25C1A} = {C0A5C24E-3EB1-4163-9941-D98953360809}
		{DE1C0687-DEA2-4914-9E5E-4508D69C90E1} = {C0A5C24E-3EB1-4163-9941-D98953360809}
		{F6B054A4-86FF-4175-A611-2346861FDF6E} = {C0A5C24E-3EB1-4163-9941-D98953360809}
		{CA7EF94A-75CC-4493-8435-7CFB6B4AB9BD} = {C0A5C24E-3EB1-4163-9941-D98953360809}
		{159FCEB0-99F5-4F4D-A06C-51D867C66B20} = {C0A5C24E-3EB1-4163-9941-D98953360809}
		{4425BAE2-76FE-4BCB-9D88-1C8343A8962C} = {C0A5C24E-3EB1-4163-9941-D98953360809}
		{EEB1A65D-F3A2-4B18-9656-0C78237A2487} = {C0A5C24E-3EB1-4163-9941-D98953360809}
		{EE333715-4ED3-489D-8D13-1CDFBE28DFA3} = {C0A5C24E-3EB1-4163-9941-D98953360809}
		{CB4D5C1A-D325-4053-9EEA-5313909A4B98} = {9BDB924B-20E6-4645-8EAE-EF8F9B2B46FB}
		{08BEE4F7-264F-49B6-A521-3A1FF32B8ABF} = {C0A5C24E-3EB1-4163-9941-D98953360809}
		{5736F895-AB01-4CF8-9355-15207821EBD3} = {C0A5C24E-3EB1-4163-9941-D98953360809}
		{473237C4-AB9B-419A-A29D-ABB543EFDE15} = {C0A5C24E-3EB1-4163-9941-D98953360809}
		{63EEB459-FD95-4181-BF2F-9C262E6C7563} = {C0A5C24E-3EB1-4163-9941-D98953360809}
		{6C323F5F-E989-40DC-A530-F5B98C0F9F67} = {C0A5C24E-3EB1-4163-9941-D98953360809}
		{20340BAF-5660-4A6B-8B9A-36A8A8314017} = {C0A5C24E-3EB1-4163-9941-D98953360809}
		{62F20FDC-BAF6-4B13-A7B3-6B3C5BB571CA} = {20340BAF-5660-4A6B-8B9A-36A8A8314017}
		{67DB5DE8-A827-4D95-B2A0-6A395DCF5E9E} = {20340BAF-5660-4A6B-8B9A-36A8A8314017}
	EndGlobalSection
	GlobalSection(ExtensibilityGlobals) = postSolution
		SolutionGuid = {6E246791-0619-4A87-95FB-EA11D8496F4A}
	EndGlobalSection
EndGlobal
