<Solution>
  <Folder Name="/lib/">
    <Project Path="../../lib/clients/client-settings-client/ClientSettings.Client.csproj" />
    <Project Path="../../lib/configuration/configuration/Configuration.csproj" />
    <Project Path="../../lib/configuration/core/Configuration.Core.csproj" />
    <Project Path="../../lib/grid/client/Grid.Client.csproj" />
    <Project Path="../../lib/grid/commands/Grid.Commands.csproj" />
    <Project Path="../../lib/grid/diagnostics/Grid.Diagnostics.csproj" />
    <Project Path="../../lib/grid/job-management/Grid.JobManagement.csproj" />
    <Project Path="../../lib/grid/port-management/Grid.PortManagement.csproj" />
    <Project Path="../../lib/grid/process-management-core/Grid.ProcessManagement.Core.csproj" />
    <Project Path="../../lib/grid/process-management-docker/Grid.ProcessManagement.Docker.csproj" />
    <Project Path="../../lib/grid/process-management/Grid.ProcessManagement.csproj" />
    <Project Path="../../lib/logging/logging/Logging.csproj" />
    <Project Path="../../lib/threading/threading/Threading.csproj" />
    <Project Path="../../lib/vault/vault/Vault.csproj" />
  </Folder>
  <Folder Name="/lib/shared/">
    <Project Path="lib/commands/Grid.Bot.Commands.csproj" />
    <Project Path="lib/events/Grid.Bot.Events.csproj" />
    <Project Path="lib/grpc/Grid.Bot.Grpc.csproj" />
    <Project Path="lib/settings/Grid.Bot.Settings.csproj" />
    <Project Path="lib/utility/Grid.Bot.Utility.csproj" />
    <Project Path="lib/web/Grid.Bot.Web.csproj" />
    <Project Path="lib/eval-runner/Grid.Bot.Eval.Runner.csproj" />
    <Project Path="lib/client-settings/Grid.Bot.ClientSettings.csproj" />
  </Folder>
  <Project Path="src/Grid.Bot.csproj">
    <BuildType Solution="Debug|*" Project="debug" />
    <BuildType Solution="Release|*" Project="release" />
  </Project>
</Solution>