
Microsoft Visual Studio Solution File, Format Version 12.00
# Visual Studio Version 17
VisualStudioVersion = 17.0.31919.166
MinimumVisualStudioVersion = 10.0.40219.1
Project("{9A19103F-16F7-4668-BE54-9A1E7A4F7556}") = "Grid.Bot", "src\Grid.Bot.csproj", "{A854E7F4-873B-413F-98CF-AB4D4D682D17}"
EndProject
Project("{2150E333-8FDC-42A3-9474-1A3956D46DE8}") = "ReferenceAssemblies", "ReferenceAssemblies", "{841D6B21-240B-4023-A97C-B2267B5E56D3}"
EndProject
Project("{9A19103F-16F7-4668-BE54-9A1E7A4F7556}") = "Reflection", "..\..\lib\reflection\reflection\Reflection.csproj", "{C85A3DAF-E246-432B-B363-7478C6D6541F}"
EndProject
Project("{9A19103F-16F7-4668-BE54-9A1E7A4F7556}") = "Grid.ComputeCloud", "..\..\lib\grid\compute-cloud\Grid.ComputeCloud.csproj", "{4254CFD2-14DA-419D-A7FC-DA835CDC513B}"
EndProject
Project("{9A19103F-16F7-4668-BE54-9A1E7A4F7556}") = "Grid.Commands", "..\..\lib\grid\commands\Grid.Commands.csproj", "{8441F32B-F58E-42B4-BE35-4181BF5C0C68}"
EndProject
Project("{9A19103F-16F7-4668-BE54-9A1E7A4F7556}") = "Instrumentation", "..\..\lib\instrumentation\instrumentation\Instrumentation.csproj", "{227F9D1C-E72B-4CC5-A889-01A1AA4CED35}"
EndProject
Project("{2150E333-8FDC-42A3-9474-1A3956D46DE8}") = "Metrics", "Metrics", "{CC020303-7BEC-4F6B-A929-50119E5797DF}"
EndProject
Project("{2150E333-8FDC-42A3-9474-1A3956D46DE8}") = "Grid", "Grid", "{2C9F5CA5-4BE6-43B7-8C41-226A7D30C24E}"
EndProject
Project("{2150E333-8FDC-42A3-9474-1A3956D46DE8}") = "Logging", "Logging", "{90317702-8FDC-4DB1-A55D-78204BCD1239}"
EndProject
Project("{2150E333-8FDC-42A3-9474-1A3956D46DE8}") = "ServiceClients", "ServiceClients", "{8E7AA611-95BB-4BE8-8EF6-C95E7F850B0B}"
EndProject
Project("{9A19103F-16F7-4668-BE54-9A1E7A4F7556}") = "Users.Client", "..\..\lib\clients\users-client\Users.Client.csproj", "{FF4B1E10-8697-41DB-8850-5F4D9F60B9D0}"
EndProject
Project("{9A19103F-16F7-4668-BE54-9A1E7A4F7556}") = "Drawing", "..\..\lib\drawing\drawing\Drawing.csproj", "{16F214D5-7539-4B0C-A8EE-8D8D8D9DAA67}"
EndProject
Project("{9A19103F-16F7-4668-BE54-9A1E7A4F7556}") = "Diagnostics", "..\..\lib\diagnostics\diagnostics\Diagnostics.csproj", "{6BB5491D-4509-4C18-A2CF-332AAE8E0F1D}"
EndProject
Project("{2150E333-8FDC-42A3-9474-1A3956D46DE8}") = "System", "System", "{BE89E4AB-853B-4786-99CB-1EDF47E52D60}"
EndProject
Project("{9A19103F-16F7-4668-BE54-9A1E7A4F7556}") = "Threading", "..\..\lib\threading\threading\Threading.csproj", "{9089974E-F0C9-40AF-9BD7-28309B884DC3}"
EndProject
Project("{2150E333-8FDC-42A3-9474-1A3956D46DE8}") = "Text", "Text", "{E606E22E-BFC6-40C1-9833-D6BC8B4FC0DB}"
EndProject
Project("{9A19103F-16F7-4668-BE54-9A1E7A4F7556}") = "Text", "..\..\lib\text\text\Text.csproj", "{884C78DA-C49F-46F2-8D95-3382C24D9791}"
EndProject
Project("{2150E333-8FDC-42A3-9474-1A3956D46DE8}") = "Networking", "Networking", "{CA252871-B1D5-4E32-A2F7-8727C43205ED}"
EndProject
Project("{9A19103F-16F7-4668-BE54-9A1E7A4F7556}") = "Networking", "..\..\lib\networking\networking\Networking.csproj", "{66691AD6-1713-4996-951A-31A7C81E8F9E}"
EndProject
Project("{2150E333-8FDC-42A3-9474-1A3956D46DE8}") = "Github", "Github", "{625E78B1-A8FB-42E1-BE48-9C109F29235D}"
	ProjectSection(SolutionItems) = preProject
		.editorconfig = .editorconfig
		.gitattributes = .gitattributes
		.gitignore = .gitignore
		CODEOWNERS = CODEOWNERS
		README.md = README.md
		SECURITY.md = SECURITY.md
	EndProjectSection
EndProject
Project("{2150E333-8FDC-42A3-9474-1A3956D46DE8}") = "Discord", "Discord", "{E36F9354-C3E1-4826-800D-4AB3E224DB7F}"
EndProject
Project("{2150E333-8FDC-42A3-9474-1A3956D46DE8}") = "Configuration", "Configuration", "{6DC1A29E-D4DF-4D5A-8C15-8E59513730CA}"
EndProject
Project("{9A19103F-16F7-4668-BE54-9A1E7A4F7556}") = "Configuration", "..\..\lib\configuration\configuration\Configuration.csproj", "{B3E34CFF-1AA2-4D0D-8B27-C18E55E2ADC1}"
EndProject
Project("{9A19103F-16F7-4668-BE54-9A1E7A4F7556}") = "FileSystem", "..\..\lib\file-system\file-system\FileSystem.csproj", "{798A29EB-0998-4D5D-BF0D-A485A75D7349}"
EndProject
Project("{9A19103F-16F7-4668-BE54-9A1E7A4F7556}") = "Configuration.Discord", "..\..\lib\configuration\discord-configuration\Configuration.Discord.csproj", "{BCCF14DA-DF86-4BFC-AFAA-0ECF1E722015}"
EndProject
Project("{2150E333-8FDC-42A3-9474-1A3956D46DE8}") = "Shared", "Shared", "{9685C904-F110-4634-8A25-7B10B4AE559E}"
EndProject
Project("{9A19103F-16F7-4668-BE54-9A1E7A4F7556}") = "Shared.Commands", "..\..\lib\shared\commands\Shared.Commands.csproj", "{11B2B199-B7A2-4281-B0A0-4F6761DDBE12}"
EndProject
Project("{9A19103F-16F7-4668-BE54-9A1E7A4F7556}") = "Shared.Diagnostics", "..\..\lib\shared\diagnostics\Shared.Diagnostics.csproj", "{C0966EA1-BCBD-4ED5-B595-8981EB068196}"
EndProject
Project("{9A19103F-16F7-4668-BE54-9A1E7A4F7556}") = "Shared.Events", "..\..\lib\shared\events\Shared.Events.csproj", "{3F8E771E-5F6D-491F-8246-0C8F94DBFAA1}"
EndProject
Project("{9A19103F-16F7-4668-BE54-9A1E7A4F7556}") = "Shared.Extensions", "..\..\lib\shared\extensions\Shared.Extensions.csproj", "{224537F8-1E03-4282-B384-732E3D2B7BE9}"
EndProject
Project("{9A19103F-16F7-4668-BE54-9A1E7A4F7556}") = "Shared.Global", "..\..\lib\shared\global\Shared.Global.csproj", "{64C43450-DC5F-49CF-B721-ADE097430E2A}"
EndProject
Project("{9A19103F-16F7-4668-BE54-9A1E7A4F7556}") = "Shared.Hooks", "..\..\lib\shared\hooks\Shared.Hooks.csproj", "{2AC87D4B-D2E6-47F7-9635-4D79DA282CEF}"
EndProject
Project("{9A19103F-16F7-4668-BE54-9A1E7A4F7556}") = "Shared.Settings", "..\..\lib\shared\settings\Shared.Settings.csproj", "{0823C57E-7AEC-461C-8AEA-EB2F3F00460D}"
EndProject
Project("{9A19103F-16F7-4668-BE54-9A1E7A4F7556}") = "Shared.Utility", "..\..\lib\shared\utility\Shared.Utility.csproj", "{6E5501FF-76F9-4A22-B04A-C27C7F636E43}"
EndProject
Project("{9A19103F-16F7-4668-BE54-9A1E7A4F7556}") = "Grid.Arbiter", "..\..\lib\grid\arbiter\Grid.Arbiter.csproj", "{70A7CD06-3B31-40D2-817D-F937C89050EA}"
EndProject
Project("{2150E333-8FDC-42A3-9474-1A3956D46DE8}") = "Targets", "Targets", "{C5B21073-1767-45F8-B8A2-EF5A14F5CEC5}"
	ProjectSection(SolutionItems) = preProject
		..\..\targets\lib-both.targets = ..\..\targets\lib-both.targets
		..\..\targets\lib-framework.targets = ..\..\targets\lib-framework.targets
		..\..\targets\lib-standard.targets = ..\..\targets\lib-standard.targets
		..\..\targets\lib-vault-both.targets = ..\..\targets\lib-vault-both.targets
		..\..\targets\shared-vault.targets = ..\..\targets\shared-vault.targets
		..\..\targets\shared.targets = ..\..\targets\shared.targets
	EndProjectSection
EndProject
Project("{9A19103F-16F7-4668-BE54-9A1E7A4F7556}") = "Grid.WebServer", "..\..\lib\grid\web-server\Grid.WebServer.csproj", "{547A7E94-5788-43CA-ADAC-81163A7D82C2}"
EndProject
Project("{9A19103F-16F7-4668-BE54-9A1E7A4F7556}") = "Grid.HealthCheck.Client", "..\..\lib\grid\health-check-client\Grid.HealthCheck.Client.csproj", "{DFE8B3CD-7FD2-4C7D-98F7-D5CE35CA138F}"
EndProject
Project("{9A19103F-16F7-4668-BE54-9A1E7A4F7556}") = "Grid.ProcessManagement", "..\..\lib\grid\process-management\Grid.ProcessManagement.csproj", "{706CA857-B9EE-454F-AF0E-B0AC41DA5813}"
EndProject
Project("{9A19103F-16F7-4668-BE54-9A1E7A4F7556}") = "Grid.PortManagement", "..\..\lib\grid\port-management\Grid.PortManagement.csproj", "{FE22F43E-3EAE-4B6E-8AF3-A1F3A16C2841}"
EndProject
Project("{9A19103F-16F7-4668-BE54-9A1E7A4F7556}") = "Grid.Shared", "..\..\lib\grid\shared\Grid.Shared.csproj", "{1AD6EFB6-D73E-42AA-860E-0A57D80147D6}"
EndProject
Project("{9A19103F-16F7-4668-BE54-9A1E7A4F7556}") = "Logging", "..\..\lib\logging\logging\Logging.csproj", "{026BA481-3EDC-4665-AC4A-6701621EDD8D}"
EndProject
Global
	GlobalSection(SolutionConfigurationPlatforms) = preSolution
		debug|Any CPU = debug|Any CPU
		debug-deploy|Any CPU = debug-deploy|Any CPU
		debug-vault|Any CPU = debug-vault|Any CPU
		debug-vault-deploy|Any CPU = debug-vault-deploy|Any CPU
		release|Any CPU = release|Any CPU
		release-deploy|Any CPU = release-deploy|Any CPU
		release-vault|Any CPU = release-vault|Any CPU
		release-vault-deploy|Any CPU = release-vault-deploy|Any CPU
	EndGlobalSection
	GlobalSection(ProjectConfigurationPlatforms) = postSolution
		{A854E7F4-873B-413F-98CF-AB4D4D682D17}.debug|Any CPU.ActiveCfg = debug|Any CPU
		{A854E7F4-873B-413F-98CF-AB4D4D682D17}.debug|Any CPU.Build.0 = debug|Any CPU
		{A854E7F4-873B-413F-98CF-AB4D4D682D17}.debug-deploy|Any CPU.ActiveCfg = debug-deploy|Any CPU
		{A854E7F4-873B-413F-98CF-AB4D4D682D17}.debug-deploy|Any CPU.Build.0 = debug-deploy|Any CPU
		{A854E7F4-873B-413F-98CF-AB4D4D682D17}.debug-vault|Any CPU.ActiveCfg = debug-vault|Any CPU
		{A854E7F4-873B-413F-98CF-AB4D4D682D17}.debug-vault|Any CPU.Build.0 = debug-vault|Any CPU
		{A854E7F4-873B-413F-98CF-AB4D4D682D17}.debug-vault-deploy|Any CPU.ActiveCfg = debug-vault-deploy|Any CPU
		{A854E7F4-873B-413F-98CF-AB4D4D682D17}.debug-vault-deploy|Any CPU.Build.0 = debug-vault-deploy|Any CPU
		{A854E7F4-873B-413F-98CF-AB4D4D682D17}.release|Any CPU.ActiveCfg = release|Any CPU
		{A854E7F4-873B-413F-98CF-AB4D4D682D17}.release|Any CPU.Build.0 = release|Any CPU
		{A854E7F4-873B-413F-98CF-AB4D4D682D17}.release-deploy|Any CPU.ActiveCfg = release-deploy|Any CPU
		{A854E7F4-873B-413F-98CF-AB4D4D682D17}.release-deploy|Any CPU.Build.0 = release-deploy|Any CPU
		{A854E7F4-873B-413F-98CF-AB4D4D682D17}.release-vault|Any CPU.ActiveCfg = release-vault|Any CPU
		{A854E7F4-873B-413F-98CF-AB4D4D682D17}.release-vault|Any CPU.Build.0 = release-vault|Any CPU
		{A854E7F4-873B-413F-98CF-AB4D4D682D17}.release-vault-deploy|Any CPU.ActiveCfg = release-vault-deploy|Any CPU
		{A854E7F4-873B-413F-98CF-AB4D4D682D17}.release-vault-deploy|Any CPU.Build.0 = release-vault-deploy|Any CPU
		{C85A3DAF-E246-432B-B363-7478C6D6541F}.debug|Any CPU.ActiveCfg = debug|Any CPU
		{C85A3DAF-E246-432B-B363-7478C6D6541F}.debug|Any CPU.Build.0 = debug|Any CPU
		{C85A3DAF-E246-432B-B363-7478C6D6541F}.debug-deploy|Any CPU.ActiveCfg = debug|Any CPU
		{C85A3DAF-E246-432B-B363-7478C6D6541F}.debug-deploy|Any CPU.Build.0 = debug|Any CPU
		{C85A3DAF-E246-432B-B363-7478C6D6541F}.debug-vault|Any CPU.ActiveCfg = debug|Any CPU
		{C85A3DAF-E246-432B-B363-7478C6D6541F}.debug-vault|Any CPU.Build.0 = debug|Any CPU
		{C85A3DAF-E246-432B-B363-7478C6D6541F}.debug-vault-deploy|Any CPU.ActiveCfg = debug|Any CPU
		{C85A3DAF-E246-432B-B363-7478C6D6541F}.debug-vault-deploy|Any CPU.Build.0 = debug|Any CPU
		{C85A3DAF-E246-432B-B363-7478C6D6541F}.release|Any CPU.ActiveCfg = release|Any CPU
		{C85A3DAF-E246-432B-B363-7478C6D6541F}.release|Any CPU.Build.0 = release|Any CPU
		{C85A3DAF-E246-432B-B363-7478C6D6541F}.release-deploy|Any CPU.ActiveCfg = release|Any CPU
		{C85A3DAF-E246-432B-B363-7478C6D6541F}.release-deploy|Any CPU.Build.0 = release|Any CPU
		{C85A3DAF-E246-432B-B363-7478C6D6541F}.release-vault|Any CPU.ActiveCfg = release|Any CPU
		{C85A3DAF-E246-432B-B363-7478C6D6541F}.release-vault|Any CPU.Build.0 = release|Any CPU
		{C85A3DAF-E246-432B-B363-7478C6D6541F}.release-vault-deploy|Any CPU.ActiveCfg = release|Any CPU
		{C85A3DAF-E246-432B-B363-7478C6D6541F}.release-vault-deploy|Any CPU.Build.0 = release|Any CPU
		{4254CFD2-14DA-419D-A7FC-DA835CDC513B}.debug|Any CPU.ActiveCfg = debug|Any CPU
		{4254CFD2-14DA-419D-A7FC-DA835CDC513B}.debug|Any CPU.Build.0 = debug|Any CPU
		{4254CFD2-14DA-419D-A7FC-DA835CDC513B}.debug-deploy|Any CPU.ActiveCfg = debug|Any CPU
		{4254CFD2-14DA-419D-A7FC-DA835CDC513B}.debug-deploy|Any CPU.Build.0 = debug|Any CPU
		{4254CFD2-14DA-419D-A7FC-DA835CDC513B}.debug-vault|Any CPU.ActiveCfg = debug|Any CPU
		{4254CFD2-14DA-419D-A7FC-DA835CDC513B}.debug-vault|Any CPU.Build.0 = debug|Any CPU
		{4254CFD2-14DA-419D-A7FC-DA835CDC513B}.debug-vault-deploy|Any CPU.ActiveCfg = debug|Any CPU
		{4254CFD2-14DA-419D-A7FC-DA835CDC513B}.debug-vault-deploy|Any CPU.Build.0 = debug|Any CPU
		{4254CFD2-14DA-419D-A7FC-DA835CDC513B}.release|Any CPU.ActiveCfg = release|Any CPU
		{4254CFD2-14DA-419D-A7FC-DA835CDC513B}.release|Any CPU.Build.0 = release|Any CPU
		{4254CFD2-14DA-419D-A7FC-DA835CDC513B}.release-deploy|Any CPU.ActiveCfg = release|Any CPU
		{4254CFD2-14DA-419D-A7FC-DA835CDC513B}.release-deploy|Any CPU.Build.0 = release|Any CPU
		{4254CFD2-14DA-419D-A7FC-DA835CDC513B}.release-vault|Any CPU.ActiveCfg = release|Any CPU
		{4254CFD2-14DA-419D-A7FC-DA835CDC513B}.release-vault|Any CPU.Build.0 = release|Any CPU
		{4254CFD2-14DA-419D-A7FC-DA835CDC513B}.release-vault-deploy|Any CPU.ActiveCfg = release|Any CPU
		{4254CFD2-14DA-419D-A7FC-DA835CDC513B}.release-vault-deploy|Any CPU.Build.0 = release|Any CPU
		{8441F32B-F58E-42B4-BE35-4181BF5C0C68}.debug|Any CPU.ActiveCfg = debug|Any CPU
		{8441F32B-F58E-42B4-BE35-4181BF5C0C68}.debug|Any CPU.Build.0 = debug|Any CPU
		{8441F32B-F58E-42B4-BE35-4181BF5C0C68}.debug-deploy|Any CPU.ActiveCfg = debug|Any CPU
		{8441F32B-F58E-42B4-BE35-4181BF5C0C68}.debug-deploy|Any CPU.Build.0 = debug|Any CPU
		{8441F32B-F58E-42B4-BE35-4181BF5C0C68}.debug-vault|Any CPU.ActiveCfg = debug|Any CPU
		{8441F32B-F58E-42B4-BE35-4181BF5C0C68}.debug-vault|Any CPU.Build.0 = debug|Any CPU
		{8441F32B-F58E-42B4-BE35-4181BF5C0C68}.debug-vault-deploy|Any CPU.ActiveCfg = debug|Any CPU
		{8441F32B-F58E-42B4-BE35-4181BF5C0C68}.debug-vault-deploy|Any CPU.Build.0 = debug|Any CPU
		{8441F32B-F58E-42B4-BE35-4181BF5C0C68}.release|Any CPU.ActiveCfg = release|Any CPU
		{8441F32B-F58E-42B4-BE35-4181BF5C0C68}.release|Any CPU.Build.0 = release|Any CPU
		{8441F32B-F58E-42B4-BE35-4181BF5C0C68}.release-deploy|Any CPU.ActiveCfg = release|Any CPU
		{8441F32B-F58E-42B4-BE35-4181BF5C0C68}.release-deploy|Any CPU.Build.0 = release|Any CPU
		{8441F32B-F58E-42B4-BE35-4181BF5C0C68}.release-vault|Any CPU.ActiveCfg = release|Any CPU
		{8441F32B-F58E-42B4-BE35-4181BF5C0C68}.release-vault|Any CPU.Build.0 = release|Any CPU
		{8441F32B-F58E-42B4-BE35-4181BF5C0C68}.release-vault-deploy|Any CPU.ActiveCfg = release|Any CPU
		{8441F32B-F58E-42B4-BE35-4181BF5C0C68}.release-vault-deploy|Any CPU.Build.0 = release|Any CPU
		{227F9D1C-E72B-4CC5-A889-01A1AA4CED35}.debug|Any CPU.ActiveCfg = debug|Any CPU
		{227F9D1C-E72B-4CC5-A889-01A1AA4CED35}.debug|Any CPU.Build.0 = debug|Any CPU
		{227F9D1C-E72B-4CC5-A889-01A1AA4CED35}.debug-deploy|Any CPU.ActiveCfg = debug|Any CPU
		{227F9D1C-E72B-4CC5-A889-01A1AA4CED35}.debug-deploy|Any CPU.Build.0 = debug|Any CPU
		{227F9D1C-E72B-4CC5-A889-01A1AA4CED35}.debug-vault|Any CPU.ActiveCfg = debug|Any CPU
		{227F9D1C-E72B-4CC5-A889-01A1AA4CED35}.debug-vault|Any CPU.Build.0 = debug|Any CPU
		{227F9D1C-E72B-4CC5-A889-01A1AA4CED35}.debug-vault-deploy|Any CPU.ActiveCfg = debug|Any CPU
		{227F9D1C-E72B-4CC5-A889-01A1AA4CED35}.debug-vault-deploy|Any CPU.Build.0 = debug|Any CPU
		{227F9D1C-E72B-4CC5-A889-01A1AA4CED35}.release|Any CPU.ActiveCfg = release|Any CPU
		{227F9D1C-E72B-4CC5-A889-01A1AA4CED35}.release|Any CPU.Build.0 = release|Any CPU
		{227F9D1C-E72B-4CC5-A889-01A1AA4CED35}.release-deploy|Any CPU.ActiveCfg = release|Any CPU
		{227F9D1C-E72B-4CC5-A889-01A1AA4CED35}.release-deploy|Any CPU.Build.0 = release|Any CPU
		{227F9D1C-E72B-4CC5-A889-01A1AA4CED35}.release-vault|Any CPU.ActiveCfg = release|Any CPU
		{227F9D1C-E72B-4CC5-A889-01A1AA4CED35}.release-vault|Any CPU.Build.0 = release|Any CPU
		{227F9D1C-E72B-4CC5-A889-01A1AA4CED35}.release-vault-deploy|Any CPU.ActiveCfg = release|Any CPU
		{227F9D1C-E72B-4CC5-A889-01A1AA4CED35}.release-vault-deploy|Any CPU.Build.0 = release|Any CPU
		{FF4B1E10-8697-41DB-8850-5F4D9F60B9D0}.debug|Any CPU.ActiveCfg = debug|Any CPU
		{FF4B1E10-8697-41DB-8850-5F4D9F60B9D0}.debug|Any CPU.Build.0 = debug|Any CPU
		{FF4B1E10-8697-41DB-8850-5F4D9F60B9D0}.debug-deploy|Any CPU.ActiveCfg = debug|Any CPU
		{FF4B1E10-8697-41DB-8850-5F4D9F60B9D0}.debug-deploy|Any CPU.Build.0 = debug|Any CPU
		{FF4B1E10-8697-41DB-8850-5F4D9F60B9D0}.debug-vault|Any CPU.ActiveCfg = debug|Any CPU
		{FF4B1E10-8697-41DB-8850-5F4D9F60B9D0}.debug-vault|Any CPU.Build.0 = debug|Any CPU
		{FF4B1E10-8697-41DB-8850-5F4D9F60B9D0}.debug-vault-deploy|Any CPU.ActiveCfg = debug|Any CPU
		{FF4B1E10-8697-41DB-8850-5F4D9F60B9D0}.debug-vault-deploy|Any CPU.Build.0 = debug|Any CPU
		{FF4B1E10-8697-41DB-8850-5F4D9F60B9D0}.release|Any CPU.ActiveCfg = release|Any CPU
		{FF4B1E10-8697-41DB-8850-5F4D9F60B9D0}.release|Any CPU.Build.0 = release|Any CPU
		{FF4B1E10-8697-41DB-8850-5F4D9F60B9D0}.release-deploy|Any CPU.ActiveCfg = release|Any CPU
		{FF4B1E10-8697-41DB-8850-5F4D9F60B9D0}.release-deploy|Any CPU.Build.0 = release|Any CPU
		{FF4B1E10-8697-41DB-8850-5F4D9F60B9D0}.release-vault|Any CPU.ActiveCfg = release|Any CPU
		{FF4B1E10-8697-41DB-8850-5F4D9F60B9D0}.release-vault|Any CPU.Build.0 = release|Any CPU
		{FF4B1E10-8697-41DB-8850-5F4D9F60B9D0}.release-vault-deploy|Any CPU.ActiveCfg = release|Any CPU
		{FF4B1E10-8697-41DB-8850-5F4D9F60B9D0}.release-vault-deploy|Any CPU.Build.0 = release|Any CPU
		{16F214D5-7539-4B0C-A8EE-8D8D8D9DAA67}.debug|Any CPU.ActiveCfg = debug|Any CPU
		{16F214D5-7539-4B0C-A8EE-8D8D8D9DAA67}.debug|Any CPU.Build.0 = debug|Any CPU
		{16F214D5-7539-4B0C-A8EE-8D8D8D9DAA67}.debug-deploy|Any CPU.ActiveCfg = debug|Any CPU
		{16F214D5-7539-4B0C-A8EE-8D8D8D9DAA67}.debug-deploy|Any CPU.Build.0 = debug|Any CPU
		{16F214D5-7539-4B0C-A8EE-8D8D8D9DAA67}.debug-vault|Any CPU.ActiveCfg = debug|Any CPU
		{16F214D5-7539-4B0C-A8EE-8D8D8D9DAA67}.debug-vault|Any CPU.Build.0 = debug|Any CPU
		{16F214D5-7539-4B0C-A8EE-8D8D8D9DAA67}.debug-vault-deploy|Any CPU.ActiveCfg = debug|Any CPU
		{16F214D5-7539-4B0C-A8EE-8D8D8D9DAA67}.debug-vault-deploy|Any CPU.Build.0 = debug|Any CPU
		{16F214D5-7539-4B0C-A8EE-8D8D8D9DAA67}.release|Any CPU.ActiveCfg = release|Any CPU
		{16F214D5-7539-4B0C-A8EE-8D8D8D9DAA67}.release|Any CPU.Build.0 = release|Any CPU
		{16F214D5-7539-4B0C-A8EE-8D8D8D9DAA67}.release-deploy|Any CPU.ActiveCfg = release|Any CPU
		{16F214D5-7539-4B0C-A8EE-8D8D8D9DAA67}.release-deploy|Any CPU.Build.0 = release|Any CPU
		{16F214D5-7539-4B0C-A8EE-8D8D8D9DAA67}.release-vault|Any CPU.ActiveCfg = release|Any CPU
		{16F214D5-7539-4B0C-A8EE-8D8D8D9DAA67}.release-vault|Any CPU.Build.0 = release|Any CPU
		{16F214D5-7539-4B0C-A8EE-8D8D8D9DAA67}.release-vault-deploy|Any CPU.ActiveCfg = release|Any CPU
		{16F214D5-7539-4B0C-A8EE-8D8D8D9DAA67}.release-vault-deploy|Any CPU.Build.0 = release|Any CPU
		{6BB5491D-4509-4C18-A2CF-332AAE8E0F1D}.debug|Any CPU.ActiveCfg = debug|Any CPU
		{6BB5491D-4509-4C18-A2CF-332AAE8E0F1D}.debug|Any CPU.Build.0 = debug|Any CPU
		{6BB5491D-4509-4C18-A2CF-332AAE8E0F1D}.debug-deploy|Any CPU.ActiveCfg = debug|Any CPU
		{6BB5491D-4509-4C18-A2CF-332AAE8E0F1D}.debug-deploy|Any CPU.Build.0 = debug|Any CPU
		{6BB5491D-4509-4C18-A2CF-332AAE8E0F1D}.debug-vault|Any CPU.ActiveCfg = debug|Any CPU
		{6BB5491D-4509-4C18-A2CF-332AAE8E0F1D}.debug-vault|Any CPU.Build.0 = debug|Any CPU
		{6BB5491D-4509-4C18-A2CF-332AAE8E0F1D}.debug-vault-deploy|Any CPU.ActiveCfg = debug|Any CPU
		{6BB5491D-4509-4C18-A2CF-332AAE8E0F1D}.debug-vault-deploy|Any CPU.Build.0 = debug|Any CPU
		{6BB5491D-4509-4C18-A2CF-332AAE8E0F1D}.release|Any CPU.ActiveCfg = release|Any CPU
		{6BB5491D-4509-4C18-A2CF-332AAE8E0F1D}.release|Any CPU.Build.0 = release|Any CPU
		{6BB5491D-4509-4C18-A2CF-332AAE8E0F1D}.release-deploy|Any CPU.ActiveCfg = release|Any CPU
		{6BB5491D-4509-4C18-A2CF-332AAE8E0F1D}.release-deploy|Any CPU.Build.0 = release|Any CPU
		{6BB5491D-4509-4C18-A2CF-332AAE8E0F1D}.release-vault|Any CPU.ActiveCfg = release|Any CPU
		{6BB5491D-4509-4C18-A2CF-332AAE8E0F1D}.release-vault|Any CPU.Build.0 = release|Any CPU
		{6BB5491D-4509-4C18-A2CF-332AAE8E0F1D}.release-vault-deploy|Any CPU.ActiveCfg = release|Any CPU
		{6BB5491D-4509-4C18-A2CF-332AAE8E0F1D}.release-vault-deploy|Any CPU.Build.0 = release|Any CPU
		{9089974E-F0C9-40AF-9BD7-28309B884DC3}.debug|Any CPU.ActiveCfg = debug|Any CPU
		{9089974E-F0C9-40AF-9BD7-28309B884DC3}.debug|Any CPU.Build.0 = debug|Any CPU
		{9089974E-F0C9-40AF-9BD7-28309B884DC3}.debug-deploy|Any CPU.ActiveCfg = debug|Any CPU
		{9089974E-F0C9-40AF-9BD7-28309B884DC3}.debug-deploy|Any CPU.Build.0 = debug|Any CPU
		{9089974E-F0C9-40AF-9BD7-28309B884DC3}.debug-vault|Any CPU.ActiveCfg = debug|Any CPU
		{9089974E-F0C9-40AF-9BD7-28309B884DC3}.debug-vault|Any CPU.Build.0 = debug|Any CPU
		{9089974E-F0C9-40AF-9BD7-28309B884DC3}.debug-vault-deploy|Any CPU.ActiveCfg = debug|Any CPU
		{9089974E-F0C9-40AF-9BD7-28309B884DC3}.debug-vault-deploy|Any CPU.Build.0 = debug|Any CPU
		{9089974E-F0C9-40AF-9BD7-28309B884DC3}.release|Any CPU.ActiveCfg = release|Any CPU
		{9089974E-F0C9-40AF-9BD7-28309B884DC3}.release|Any CPU.Build.0 = release|Any CPU
		{9089974E-F0C9-40AF-9BD7-28309B884DC3}.release-deploy|Any CPU.ActiveCfg = release|Any CPU
		{9089974E-F0C9-40AF-9BD7-28309B884DC3}.release-deploy|Any CPU.Build.0 = release|Any CPU
		{9089974E-F0C9-40AF-9BD7-28309B884DC3}.release-vault|Any CPU.ActiveCfg = release|Any CPU
		{9089974E-F0C9-40AF-9BD7-28309B884DC3}.release-vault|Any CPU.Build.0 = release|Any CPU
		{9089974E-F0C9-40AF-9BD7-28309B884DC3}.release-vault-deploy|Any CPU.ActiveCfg = release|Any CPU
		{9089974E-F0C9-40AF-9BD7-28309B884DC3}.release-vault-deploy|Any CPU.Build.0 = release|Any CPU
		{884C78DA-C49F-46F2-8D95-3382C24D9791}.debug|Any CPU.ActiveCfg = debug|Any CPU
		{884C78DA-C49F-46F2-8D95-3382C24D9791}.debug|Any CPU.Build.0 = debug|Any CPU
		{884C78DA-C49F-46F2-8D95-3382C24D9791}.debug-deploy|Any CPU.ActiveCfg = debug|Any CPU
		{884C78DA-C49F-46F2-8D95-3382C24D9791}.debug-deploy|Any CPU.Build.0 = debug|Any CPU
		{884C78DA-C49F-46F2-8D95-3382C24D9791}.debug-vault|Any CPU.ActiveCfg = debug|Any CPU
		{884C78DA-C49F-46F2-8D95-3382C24D9791}.debug-vault|Any CPU.Build.0 = debug|Any CPU
		{884C78DA-C49F-46F2-8D95-3382C24D9791}.debug-vault-deploy|Any CPU.ActiveCfg = debug|Any CPU
		{884C78DA-C49F-46F2-8D95-3382C24D9791}.debug-vault-deploy|Any CPU.Build.0 = debug|Any CPU
		{884C78DA-C49F-46F2-8D95-3382C24D9791}.release|Any CPU.ActiveCfg = release|Any CPU
		{884C78DA-C49F-46F2-8D95-3382C24D9791}.release|Any CPU.Build.0 = release|Any CPU
		{884C78DA-C49F-46F2-8D95-3382C24D9791}.release-deploy|Any CPU.ActiveCfg = release|Any CPU
		{884C78DA-C49F-46F2-8D95-3382C24D9791}.release-deploy|Any CPU.Build.0 = release|Any CPU
		{884C78DA-C49F-46F2-8D95-3382C24D9791}.release-vault|Any CPU.ActiveCfg = release|Any CPU
		{884C78DA-C49F-46F2-8D95-3382C24D9791}.release-vault|Any CPU.Build.0 = release|Any CPU
		{884C78DA-C49F-46F2-8D95-3382C24D9791}.release-vault-deploy|Any CPU.ActiveCfg = release|Any CPU
		{884C78DA-C49F-46F2-8D95-3382C24D9791}.release-vault-deploy|Any CPU.Build.0 = release|Any CPU
		{66691AD6-1713-4996-951A-31A7C81E8F9E}.debug|Any CPU.ActiveCfg = debug|Any CPU
		{66691AD6-1713-4996-951A-31A7C81E8F9E}.debug|Any CPU.Build.0 = debug|Any CPU
		{66691AD6-1713-4996-951A-31A7C81E8F9E}.debug-deploy|Any CPU.ActiveCfg = debug|Any CPU
		{66691AD6-1713-4996-951A-31A7C81E8F9E}.debug-deploy|Any CPU.Build.0 = debug|Any CPU
		{66691AD6-1713-4996-951A-31A7C81E8F9E}.debug-vault|Any CPU.ActiveCfg = debug|Any CPU
		{66691AD6-1713-4996-951A-31A7C81E8F9E}.debug-vault|Any CPU.Build.0 = debug|Any CPU
		{66691AD6-1713-4996-951A-31A7C81E8F9E}.debug-vault-deploy|Any CPU.ActiveCfg = debug|Any CPU
		{66691AD6-1713-4996-951A-31A7C81E8F9E}.debug-vault-deploy|Any CPU.Build.0 = debug|Any CPU
		{66691AD6-1713-4996-951A-31A7C81E8F9E}.release|Any CPU.ActiveCfg = release|Any CPU
		{66691AD6-1713-4996-951A-31A7C81E8F9E}.release|Any CPU.Build.0 = release|Any CPU
		{66691AD6-1713-4996-951A-31A7C81E8F9E}.release-deploy|Any CPU.ActiveCfg = release|Any CPU
		{66691AD6-1713-4996-951A-31A7C81E8F9E}.release-deploy|Any CPU.Build.0 = release|Any CPU
		{66691AD6-1713-4996-951A-31A7C81E8F9E}.release-vault|Any CPU.ActiveCfg = release|Any CPU
		{66691AD6-1713-4996-951A-31A7C81E8F9E}.release-vault|Any CPU.Build.0 = release|Any CPU
		{66691AD6-1713-4996-951A-31A7C81E8F9E}.release-vault-deploy|Any CPU.ActiveCfg = release|Any CPU
		{66691AD6-1713-4996-951A-31A7C81E8F9E}.release-vault-deploy|Any CPU.Build.0 = release|Any CPU
		{B3E34CFF-1AA2-4D0D-8B27-C18E55E2ADC1}.debug|Any CPU.ActiveCfg = debug|Any CPU
		{B3E34CFF-1AA2-4D0D-8B27-C18E55E2ADC1}.debug|Any CPU.Build.0 = debug|Any CPU
		{B3E34CFF-1AA2-4D0D-8B27-C18E55E2ADC1}.debug-deploy|Any CPU.ActiveCfg = debug|Any CPU
		{B3E34CFF-1AA2-4D0D-8B27-C18E55E2ADC1}.debug-deploy|Any CPU.Build.0 = debug|Any CPU
		{B3E34CFF-1AA2-4D0D-8B27-C18E55E2ADC1}.debug-vault|Any CPU.ActiveCfg = debug|Any CPU
		{B3E34CFF-1AA2-4D0D-8B27-C18E55E2ADC1}.debug-vault|Any CPU.Build.0 = debug|Any CPU
		{B3E34CFF-1AA2-4D0D-8B27-C18E55E2ADC1}.debug-vault-deploy|Any CPU.ActiveCfg = debug|Any CPU
		{B3E34CFF-1AA2-4D0D-8B27-C18E55E2ADC1}.debug-vault-deploy|Any CPU.Build.0 = debug|Any CPU
		{B3E34CFF-1AA2-4D0D-8B27-C18E55E2ADC1}.release|Any CPU.ActiveCfg = release|Any CPU
		{B3E34CFF-1AA2-4D0D-8B27-C18E55E2ADC1}.release|Any CPU.Build.0 = release|Any CPU
		{B3E34CFF-1AA2-4D0D-8B27-C18E55E2ADC1}.release-deploy|Any CPU.ActiveCfg = release|Any CPU
		{B3E34CFF-1AA2-4D0D-8B27-C18E55E2ADC1}.release-deploy|Any CPU.Build.0 = release|Any CPU
		{B3E34CFF-1AA2-4D0D-8B27-C18E55E2ADC1}.release-vault|Any CPU.ActiveCfg = release|Any CPU
		{B3E34CFF-1AA2-4D0D-8B27-C18E55E2ADC1}.release-vault|Any CPU.Build.0 = release|Any CPU
		{B3E34CFF-1AA2-4D0D-8B27-C18E55E2ADC1}.release-vault-deploy|Any CPU.ActiveCfg = release|Any CPU
		{B3E34CFF-1AA2-4D0D-8B27-C18E55E2ADC1}.release-vault-deploy|Any CPU.Build.0 = release|Any CPU
		{798A29EB-0998-4D5D-BF0D-A485A75D7349}.debug|Any CPU.ActiveCfg = debug|Any CPU
		{798A29EB-0998-4D5D-BF0D-A485A75D7349}.debug|Any CPU.Build.0 = debug|Any CPU
		{798A29EB-0998-4D5D-BF0D-A485A75D7349}.debug-deploy|Any CPU.ActiveCfg = debug|Any CPU
		{798A29EB-0998-4D5D-BF0D-A485A75D7349}.debug-deploy|Any CPU.Build.0 = debug|Any CPU
		{798A29EB-0998-4D5D-BF0D-A485A75D7349}.debug-vault|Any CPU.ActiveCfg = debug|Any CPU
		{798A29EB-0998-4D5D-BF0D-A485A75D7349}.debug-vault|Any CPU.Build.0 = debug|Any CPU
		{798A29EB-0998-4D5D-BF0D-A485A75D7349}.debug-vault-deploy|Any CPU.ActiveCfg = debug|Any CPU
		{798A29EB-0998-4D5D-BF0D-A485A75D7349}.debug-vault-deploy|Any CPU.Build.0 = debug|Any CPU
		{798A29EB-0998-4D5D-BF0D-A485A75D7349}.release|Any CPU.ActiveCfg = release|Any CPU
		{798A29EB-0998-4D5D-BF0D-A485A75D7349}.release|Any CPU.Build.0 = release|Any CPU
		{798A29EB-0998-4D5D-BF0D-A485A75D7349}.release-deploy|Any CPU.ActiveCfg = release|Any CPU
		{798A29EB-0998-4D5D-BF0D-A485A75D7349}.release-deploy|Any CPU.Build.0 = release|Any CPU
		{798A29EB-0998-4D5D-BF0D-A485A75D7349}.release-vault|Any CPU.ActiveCfg = release|Any CPU
		{798A29EB-0998-4D5D-BF0D-A485A75D7349}.release-vault|Any CPU.Build.0 = release|Any CPU
		{798A29EB-0998-4D5D-BF0D-A485A75D7349}.release-vault-deploy|Any CPU.ActiveCfg = release|Any CPU
		{798A29EB-0998-4D5D-BF0D-A485A75D7349}.release-vault-deploy|Any CPU.Build.0 = release|Any CPU
		{BCCF14DA-DF86-4BFC-AFAA-0ECF1E722015}.debug|Any CPU.ActiveCfg = debug|Any CPU
		{BCCF14DA-DF86-4BFC-AFAA-0ECF1E722015}.debug|Any CPU.Build.0 = debug|Any CPU
		{BCCF14DA-DF86-4BFC-AFAA-0ECF1E722015}.debug-deploy|Any CPU.ActiveCfg = debug|Any CPU
		{BCCF14DA-DF86-4BFC-AFAA-0ECF1E722015}.debug-deploy|Any CPU.Build.0 = debug|Any CPU
		{BCCF14DA-DF86-4BFC-AFAA-0ECF1E722015}.debug-vault|Any CPU.ActiveCfg = debug|Any CPU
		{BCCF14DA-DF86-4BFC-AFAA-0ECF1E722015}.debug-vault|Any CPU.Build.0 = debug|Any CPU
		{BCCF14DA-DF86-4BFC-AFAA-0ECF1E722015}.debug-vault-deploy|Any CPU.ActiveCfg = debug|Any CPU
		{BCCF14DA-DF86-4BFC-AFAA-0ECF1E722015}.debug-vault-deploy|Any CPU.Build.0 = debug|Any CPU
		{BCCF14DA-DF86-4BFC-AFAA-0ECF1E722015}.release|Any CPU.ActiveCfg = release|Any CPU
		{BCCF14DA-DF86-4BFC-AFAA-0ECF1E722015}.release|Any CPU.Build.0 = release|Any CPU
		{BCCF14DA-DF86-4BFC-AFAA-0ECF1E722015}.release-deploy|Any CPU.ActiveCfg = release|Any CPU
		{BCCF14DA-DF86-4BFC-AFAA-0ECF1E722015}.release-deploy|Any CPU.Build.0 = release|Any CPU
		{BCCF14DA-DF86-4BFC-AFAA-0ECF1E722015}.release-vault|Any CPU.ActiveCfg = release|Any CPU
		{BCCF14DA-DF86-4BFC-AFAA-0ECF1E722015}.release-vault|Any CPU.Build.0 = release|Any CPU
		{BCCF14DA-DF86-4BFC-AFAA-0ECF1E722015}.release-vault-deploy|Any CPU.ActiveCfg = release|Any CPU
		{BCCF14DA-DF86-4BFC-AFAA-0ECF1E722015}.release-vault-deploy|Any CPU.Build.0 = release|Any CPU
		{11B2B199-B7A2-4281-B0A0-4F6761DDBE12}.debug|Any CPU.ActiveCfg = debug|Any CPU
		{11B2B199-B7A2-4281-B0A0-4F6761DDBE12}.debug|Any CPU.Build.0 = debug|Any CPU
		{11B2B199-B7A2-4281-B0A0-4F6761DDBE12}.debug-deploy|Any CPU.ActiveCfg = debug|Any CPU
		{11B2B199-B7A2-4281-B0A0-4F6761DDBE12}.debug-deploy|Any CPU.Build.0 = debug|Any CPU
		{11B2B199-B7A2-4281-B0A0-4F6761DDBE12}.debug-vault|Any CPU.ActiveCfg = debug|Any CPU
		{11B2B199-B7A2-4281-B0A0-4F6761DDBE12}.debug-vault|Any CPU.Build.0 = debug|Any CPU
		{11B2B199-B7A2-4281-B0A0-4F6761DDBE12}.debug-vault-deploy|Any CPU.ActiveCfg = debug|Any CPU
		{11B2B199-B7A2-4281-B0A0-4F6761DDBE12}.debug-vault-deploy|Any CPU.Build.0 = debug|Any CPU
		{11B2B199-B7A2-4281-B0A0-4F6761DDBE12}.release|Any CPU.ActiveCfg = release|Any CPU
		{11B2B199-B7A2-4281-B0A0-4F6761DDBE12}.release|Any CPU.Build.0 = release|Any CPU
		{11B2B199-B7A2-4281-B0A0-4F6761DDBE12}.release-deploy|Any CPU.ActiveCfg = release|Any CPU
		{11B2B199-B7A2-4281-B0A0-4F6761DDBE12}.release-deploy|Any CPU.Build.0 = release|Any CPU
		{11B2B199-B7A2-4281-B0A0-4F6761DDBE12}.release-vault|Any CPU.ActiveCfg = release|Any CPU
		{11B2B199-B7A2-4281-B0A0-4F6761DDBE12}.release-vault|Any CPU.Build.0 = release|Any CPU
		{11B2B199-B7A2-4281-B0A0-4F6761DDBE12}.release-vault-deploy|Any CPU.ActiveCfg = release|Any CPU
		{11B2B199-B7A2-4281-B0A0-4F6761DDBE12}.release-vault-deploy|Any CPU.Build.0 = release|Any CPU
		{C0966EA1-BCBD-4ED5-B595-8981EB068196}.debug|Any CPU.ActiveCfg = debug|Any CPU
		{C0966EA1-BCBD-4ED5-B595-8981EB068196}.debug|Any CPU.Build.0 = debug|Any CPU
		{C0966EA1-BCBD-4ED5-B595-8981EB068196}.debug-deploy|Any CPU.ActiveCfg = debug|Any CPU
		{C0966EA1-BCBD-4ED5-B595-8981EB068196}.debug-deploy|Any CPU.Build.0 = debug|Any CPU
		{C0966EA1-BCBD-4ED5-B595-8981EB068196}.debug-vault|Any CPU.ActiveCfg = debug|Any CPU
		{C0966EA1-BCBD-4ED5-B595-8981EB068196}.debug-vault|Any CPU.Build.0 = debug|Any CPU
		{C0966EA1-BCBD-4ED5-B595-8981EB068196}.debug-vault-deploy|Any CPU.ActiveCfg = debug|Any CPU
		{C0966EA1-BCBD-4ED5-B595-8981EB068196}.debug-vault-deploy|Any CPU.Build.0 = debug|Any CPU
		{C0966EA1-BCBD-4ED5-B595-8981EB068196}.release|Any CPU.ActiveCfg = release|Any CPU
		{C0966EA1-BCBD-4ED5-B595-8981EB068196}.release|Any CPU.Build.0 = release|Any CPU
		{C0966EA1-BCBD-4ED5-B595-8981EB068196}.release-deploy|Any CPU.ActiveCfg = release|Any CPU
		{C0966EA1-BCBD-4ED5-B595-8981EB068196}.release-deploy|Any CPU.Build.0 = release|Any CPU
		{C0966EA1-BCBD-4ED5-B595-8981EB068196}.release-vault|Any CPU.ActiveCfg = release|Any CPU
		{C0966EA1-BCBD-4ED5-B595-8981EB068196}.release-vault|Any CPU.Build.0 = release|Any CPU
		{C0966EA1-BCBD-4ED5-B595-8981EB068196}.release-vault-deploy|Any CPU.ActiveCfg = release|Any CPU
		{C0966EA1-BCBD-4ED5-B595-8981EB068196}.release-vault-deploy|Any CPU.Build.0 = release|Any CPU
		{3F8E771E-5F6D-491F-8246-0C8F94DBFAA1}.debug|Any CPU.ActiveCfg = debug|Any CPU
		{3F8E771E-5F6D-491F-8246-0C8F94DBFAA1}.debug|Any CPU.Build.0 = debug|Any CPU
		{3F8E771E-5F6D-491F-8246-0C8F94DBFAA1}.debug-deploy|Any CPU.ActiveCfg = debug|Any CPU
		{3F8E771E-5F6D-491F-8246-0C8F94DBFAA1}.debug-deploy|Any CPU.Build.0 = debug|Any CPU
		{3F8E771E-5F6D-491F-8246-0C8F94DBFAA1}.debug-vault|Any CPU.ActiveCfg = debug|Any CPU
		{3F8E771E-5F6D-491F-8246-0C8F94DBFAA1}.debug-vault|Any CPU.Build.0 = debug|Any CPU
		{3F8E771E-5F6D-491F-8246-0C8F94DBFAA1}.debug-vault-deploy|Any CPU.ActiveCfg = debug|Any CPU
		{3F8E771E-5F6D-491F-8246-0C8F94DBFAA1}.debug-vault-deploy|Any CPU.Build.0 = debug|Any CPU
		{3F8E771E-5F6D-491F-8246-0C8F94DBFAA1}.release|Any CPU.ActiveCfg = release|Any CPU
		{3F8E771E-5F6D-491F-8246-0C8F94DBFAA1}.release|Any CPU.Build.0 = release|Any CPU
		{3F8E771E-5F6D-491F-8246-0C8F94DBFAA1}.release-deploy|Any CPU.ActiveCfg = release|Any CPU
		{3F8E771E-5F6D-491F-8246-0C8F94DBFAA1}.release-deploy|Any CPU.Build.0 = release|Any CPU
		{3F8E771E-5F6D-491F-8246-0C8F94DBFAA1}.release-vault|Any CPU.ActiveCfg = release|Any CPU
		{3F8E771E-5F6D-491F-8246-0C8F94DBFAA1}.release-vault|Any CPU.Build.0 = release|Any CPU
		{3F8E771E-5F6D-491F-8246-0C8F94DBFAA1}.release-vault-deploy|Any CPU.ActiveCfg = release|Any CPU
		{3F8E771E-5F6D-491F-8246-0C8F94DBFAA1}.release-vault-deploy|Any CPU.Build.0 = release|Any CPU
		{224537F8-1E03-4282-B384-732E3D2B7BE9}.debug|Any CPU.ActiveCfg = debug|Any CPU
		{224537F8-1E03-4282-B384-732E3D2B7BE9}.debug|Any CPU.Build.0 = debug|Any CPU
		{224537F8-1E03-4282-B384-732E3D2B7BE9}.debug-deploy|Any CPU.ActiveCfg = debug|Any CPU
		{224537F8-1E03-4282-B384-732E3D2B7BE9}.debug-deploy|Any CPU.Build.0 = debug|Any CPU
		{224537F8-1E03-4282-B384-732E3D2B7BE9}.debug-vault|Any CPU.ActiveCfg = debug|Any CPU
		{224537F8-1E03-4282-B384-732E3D2B7BE9}.debug-vault|Any CPU.Build.0 = debug|Any CPU
		{224537F8-1E03-4282-B384-732E3D2B7BE9}.debug-vault-deploy|Any CPU.ActiveCfg = debug|Any CPU
		{224537F8-1E03-4282-B384-732E3D2B7BE9}.debug-vault-deploy|Any CPU.Build.0 = debug|Any CPU
		{224537F8-1E03-4282-B384-732E3D2B7BE9}.release|Any CPU.ActiveCfg = release|Any CPU
		{224537F8-1E03-4282-B384-732E3D2B7BE9}.release|Any CPU.Build.0 = release|Any CPU
		{224537F8-1E03-4282-B384-732E3D2B7BE9}.release-deploy|Any CPU.ActiveCfg = release|Any CPU
		{224537F8-1E03-4282-B384-732E3D2B7BE9}.release-deploy|Any CPU.Build.0 = release|Any CPU
		{224537F8-1E03-4282-B384-732E3D2B7BE9}.release-vault|Any CPU.ActiveCfg = release|Any CPU
		{224537F8-1E03-4282-B384-732E3D2B7BE9}.release-vault|Any CPU.Build.0 = release|Any CPU
		{224537F8-1E03-4282-B384-732E3D2B7BE9}.release-vault-deploy|Any CPU.ActiveCfg = release|Any CPU
		{224537F8-1E03-4282-B384-732E3D2B7BE9}.release-vault-deploy|Any CPU.Build.0 = release|Any CPU
		{64C43450-DC5F-49CF-B721-ADE097430E2A}.debug|Any CPU.ActiveCfg = debug|Any CPU
		{64C43450-DC5F-49CF-B721-ADE097430E2A}.debug|Any CPU.Build.0 = debug|Any CPU
		{64C43450-DC5F-49CF-B721-ADE097430E2A}.debug-deploy|Any CPU.ActiveCfg = debug|Any CPU
		{64C43450-DC5F-49CF-B721-ADE097430E2A}.debug-deploy|Any CPU.Build.0 = debug|Any CPU
		{64C43450-DC5F-49CF-B721-ADE097430E2A}.debug-vault|Any CPU.ActiveCfg = debug|Any CPU
		{64C43450-DC5F-49CF-B721-ADE097430E2A}.debug-vault|Any CPU.Build.0 = debug|Any CPU
		{64C43450-DC5F-49CF-B721-ADE097430E2A}.debug-vault-deploy|Any CPU.ActiveCfg = debug|Any CPU
		{64C43450-DC5F-49CF-B721-ADE097430E2A}.debug-vault-deploy|Any CPU.Build.0 = debug|Any CPU
		{64C43450-DC5F-49CF-B721-ADE097430E2A}.release|Any CPU.ActiveCfg = release|Any CPU
		{64C43450-DC5F-49CF-B721-ADE097430E2A}.release|Any CPU.Build.0 = release|Any CPU
		{64C43450-DC5F-49CF-B721-ADE097430E2A}.release-deploy|Any CPU.ActiveCfg = release|Any CPU
		{64C43450-DC5F-49CF-B721-ADE097430E2A}.release-deploy|Any CPU.Build.0 = release|Any CPU
		{64C43450-DC5F-49CF-B721-ADE097430E2A}.release-vault|Any CPU.ActiveCfg = release|Any CPU
		{64C43450-DC5F-49CF-B721-ADE097430E2A}.release-vault|Any CPU.Build.0 = release|Any CPU
		{64C43450-DC5F-49CF-B721-ADE097430E2A}.release-vault-deploy|Any CPU.ActiveCfg = release|Any CPU
		{64C43450-DC5F-49CF-B721-ADE097430E2A}.release-vault-deploy|Any CPU.Build.0 = release|Any CPU
		{2AC87D4B-D2E6-47F7-9635-4D79DA282CEF}.debug|Any CPU.ActiveCfg = debug|Any CPU
		{2AC87D4B-D2E6-47F7-9635-4D79DA282CEF}.debug|Any CPU.Build.0 = debug|Any CPU
		{2AC87D4B-D2E6-47F7-9635-4D79DA282CEF}.debug-deploy|Any CPU.ActiveCfg = debug|Any CPU
		{2AC87D4B-D2E6-47F7-9635-4D79DA282CEF}.debug-deploy|Any CPU.Build.0 = debug|Any CPU
		{2AC87D4B-D2E6-47F7-9635-4D79DA282CEF}.debug-vault|Any CPU.ActiveCfg = debug|Any CPU
		{2AC87D4B-D2E6-47F7-9635-4D79DA282CEF}.debug-vault|Any CPU.Build.0 = debug|Any CPU
		{2AC87D4B-D2E6-47F7-9635-4D79DA282CEF}.debug-vault-deploy|Any CPU.ActiveCfg = debug|Any CPU
		{2AC87D4B-D2E6-47F7-9635-4D79DA282CEF}.debug-vault-deploy|Any CPU.Build.0 = debug|Any CPU
		{2AC87D4B-D2E6-47F7-9635-4D79DA282CEF}.release|Any CPU.ActiveCfg = release|Any CPU
		{2AC87D4B-D2E6-47F7-9635-4D79DA282CEF}.release|Any CPU.Build.0 = release|Any CPU
		{2AC87D4B-D2E6-47F7-9635-4D79DA282CEF}.release-deploy|Any CPU.ActiveCfg = release|Any CPU
		{2AC87D4B-D2E6-47F7-9635-4D79DA282CEF}.release-deploy|Any CPU.Build.0 = release|Any CPU
		{2AC87D4B-D2E6-47F7-9635-4D79DA282CEF}.release-vault|Any CPU.ActiveCfg = release|Any CPU
		{2AC87D4B-D2E6-47F7-9635-4D79DA282CEF}.release-vault|Any CPU.Build.0 = release|Any CPU
		{2AC87D4B-D2E6-47F7-9635-4D79DA282CEF}.release-vault-deploy|Any CPU.ActiveCfg = release|Any CPU
		{2AC87D4B-D2E6-47F7-9635-4D79DA282CEF}.release-vault-deploy|Any CPU.Build.0 = release|Any CPU
		{0823C57E-7AEC-461C-8AEA-EB2F3F00460D}.debug|Any CPU.ActiveCfg = debug|Any CPU
		{0823C57E-7AEC-461C-8AEA-EB2F3F00460D}.debug|Any CPU.Build.0 = debug|Any CPU
		{0823C57E-7AEC-461C-8AEA-EB2F3F00460D}.debug-deploy|Any CPU.ActiveCfg = debug|Any CPU
		{0823C57E-7AEC-461C-8AEA-EB2F3F00460D}.debug-deploy|Any CPU.Build.0 = debug|Any CPU
		{0823C57E-7AEC-461C-8AEA-EB2F3F00460D}.debug-vault|Any CPU.ActiveCfg = debug-vault|Any CPU
		{0823C57E-7AEC-461C-8AEA-EB2F3F00460D}.debug-vault|Any CPU.Build.0 = debug-vault|Any CPU
		{0823C57E-7AEC-461C-8AEA-EB2F3F00460D}.debug-vault-deploy|Any CPU.ActiveCfg = debug-vault|Any CPU
		{0823C57E-7AEC-461C-8AEA-EB2F3F00460D}.debug-vault-deploy|Any CPU.Build.0 = debug-vault|Any CPU
		{0823C57E-7AEC-461C-8AEA-EB2F3F00460D}.release|Any CPU.ActiveCfg = release|Any CPU
		{0823C57E-7AEC-461C-8AEA-EB2F3F00460D}.release|Any CPU.Build.0 = release|Any CPU
		{0823C57E-7AEC-461C-8AEA-EB2F3F00460D}.release-deploy|Any CPU.ActiveCfg = release|Any CPU
		{0823C57E-7AEC-461C-8AEA-EB2F3F00460D}.release-deploy|Any CPU.Build.0 = release|Any CPU
		{0823C57E-7AEC-461C-8AEA-EB2F3F00460D}.release-vault|Any CPU.ActiveCfg = release-vault|Any CPU
		{0823C57E-7AEC-461C-8AEA-EB2F3F00460D}.release-vault|Any CPU.Build.0 = release-vault|Any CPU
		{0823C57E-7AEC-461C-8AEA-EB2F3F00460D}.release-vault-deploy|Any CPU.ActiveCfg = release-vault|Any CPU
		{0823C57E-7AEC-461C-8AEA-EB2F3F00460D}.release-vault-deploy|Any CPU.Build.0 = release-vault|Any CPU
		{6E5501FF-76F9-4A22-B04A-C27C7F636E43}.debug|Any CPU.ActiveCfg = debug|Any CPU
		{6E5501FF-76F9-4A22-B04A-C27C7F636E43}.debug|Any CPU.Build.0 = debug|Any CPU
		{6E5501FF-76F9-4A22-B04A-C27C7F636E43}.debug-deploy|Any CPU.ActiveCfg = debug|Any CPU
		{6E5501FF-76F9-4A22-B04A-C27C7F636E43}.debug-deploy|Any CPU.Build.0 = debug|Any CPU
		{6E5501FF-76F9-4A22-B04A-C27C7F636E43}.debug-vault|Any CPU.ActiveCfg = debug|Any CPU
		{6E5501FF-76F9-4A22-B04A-C27C7F636E43}.debug-vault|Any CPU.Build.0 = debug|Any CPU
		{6E5501FF-76F9-4A22-B04A-C27C7F636E43}.debug-vault-deploy|Any CPU.ActiveCfg = debug|Any CPU
		{6E5501FF-76F9-4A22-B04A-C27C7F636E43}.debug-vault-deploy|Any CPU.Build.0 = debug|Any CPU
		{6E5501FF-76F9-4A22-B04A-C27C7F636E43}.release|Any CPU.ActiveCfg = release|Any CPU
		{6E5501FF-76F9-4A22-B04A-C27C7F636E43}.release|Any CPU.Build.0 = release|Any CPU
		{6E5501FF-76F9-4A22-B04A-C27C7F636E43}.release-deploy|Any CPU.ActiveCfg = release|Any CPU
		{6E5501FF-76F9-4A22-B04A-C27C7F636E43}.release-deploy|Any CPU.Build.0 = release|Any CPU
		{6E5501FF-76F9-4A22-B04A-C27C7F636E43}.release-vault|Any CPU.ActiveCfg = release|Any CPU
		{6E5501FF-76F9-4A22-B04A-C27C7F636E43}.release-vault|Any CPU.Build.0 = release|Any CPU
		{6E5501FF-76F9-4A22-B04A-C27C7F636E43}.release-vault-deploy|Any CPU.ActiveCfg = release|Any CPU
		{6E5501FF-76F9-4A22-B04A-C27C7F636E43}.release-vault-deploy|Any CPU.Build.0 = release|Any CPU
		{70A7CD06-3B31-40D2-817D-F937C89050EA}.debug|Any CPU.ActiveCfg = debug|Any CPU
		{70A7CD06-3B31-40D2-817D-F937C89050EA}.debug|Any CPU.Build.0 = debug|Any CPU
		{70A7CD06-3B31-40D2-817D-F937C89050EA}.debug-deploy|Any CPU.ActiveCfg = debug|Any CPU
		{70A7CD06-3B31-40D2-817D-F937C89050EA}.debug-deploy|Any CPU.Build.0 = debug|Any CPU
		{70A7CD06-3B31-40D2-817D-F937C89050EA}.debug-vault|Any CPU.ActiveCfg = debug-vault|Any CPU
		{70A7CD06-3B31-40D2-817D-F937C89050EA}.debug-vault|Any CPU.Build.0 = debug-vault|Any CPU
		{70A7CD06-3B31-40D2-817D-F937C89050EA}.debug-vault-deploy|Any CPU.ActiveCfg = debug-vault|Any CPU
		{70A7CD06-3B31-40D2-817D-F937C89050EA}.debug-vault-deploy|Any CPU.Build.0 = debug-vault|Any CPU
		{70A7CD06-3B31-40D2-817D-F937C89050EA}.release|Any CPU.ActiveCfg = release|Any CPU
		{70A7CD06-3B31-40D2-817D-F937C89050EA}.release|Any CPU.Build.0 = release|Any CPU
		{70A7CD06-3B31-40D2-817D-F937C89050EA}.release-deploy|Any CPU.ActiveCfg = release|Any CPU
		{70A7CD06-3B31-40D2-817D-F937C89050EA}.release-deploy|Any CPU.Build.0 = release|Any CPU
		{70A7CD06-3B31-40D2-817D-F937C89050EA}.release-vault|Any CPU.ActiveCfg = release-vault|Any CPU
		{70A7CD06-3B31-40D2-817D-F937C89050EA}.release-vault|Any CPU.Build.0 = release-vault|Any CPU
		{70A7CD06-3B31-40D2-817D-F937C89050EA}.release-vault-deploy|Any CPU.ActiveCfg = release-vault|Any CPU
		{70A7CD06-3B31-40D2-817D-F937C89050EA}.release-vault-deploy|Any CPU.Build.0 = release-vault|Any CPU
		{547A7E94-5788-43CA-ADAC-81163A7D82C2}.debug|Any CPU.ActiveCfg = debug|Any CPU
		{547A7E94-5788-43CA-ADAC-81163A7D82C2}.debug|Any CPU.Build.0 = debug|Any CPU
		{547A7E94-5788-43CA-ADAC-81163A7D82C2}.debug-deploy|Any CPU.ActiveCfg = debug|Any CPU
		{547A7E94-5788-43CA-ADAC-81163A7D82C2}.debug-deploy|Any CPU.Build.0 = debug|Any CPU
		{547A7E94-5788-43CA-ADAC-81163A7D82C2}.debug-vault|Any CPU.ActiveCfg = debug|Any CPU
		{547A7E94-5788-43CA-ADAC-81163A7D82C2}.debug-vault|Any CPU.Build.0 = debug|Any CPU
		{547A7E94-5788-43CA-ADAC-81163A7D82C2}.debug-vault-deploy|Any CPU.ActiveCfg = debug|Any CPU
		{547A7E94-5788-43CA-ADAC-81163A7D82C2}.debug-vault-deploy|Any CPU.Build.0 = debug|Any CPU
		{547A7E94-5788-43CA-ADAC-81163A7D82C2}.release|Any CPU.ActiveCfg = release|Any CPU
		{547A7E94-5788-43CA-ADAC-81163A7D82C2}.release|Any CPU.Build.0 = release|Any CPU
		{547A7E94-5788-43CA-ADAC-81163A7D82C2}.release-deploy|Any CPU.ActiveCfg = release|Any CPU
		{547A7E94-5788-43CA-ADAC-81163A7D82C2}.release-deploy|Any CPU.Build.0 = release|Any CPU
		{547A7E94-5788-43CA-ADAC-81163A7D82C2}.release-vault|Any CPU.ActiveCfg = release|Any CPU
		{547A7E94-5788-43CA-ADAC-81163A7D82C2}.release-vault|Any CPU.Build.0 = release|Any CPU
		{547A7E94-5788-43CA-ADAC-81163A7D82C2}.release-vault-deploy|Any CPU.ActiveCfg = release|Any CPU
		{547A7E94-5788-43CA-ADAC-81163A7D82C2}.release-vault-deploy|Any CPU.Build.0 = release|Any CPU
		{DFE8B3CD-7FD2-4C7D-98F7-D5CE35CA138F}.debug|Any CPU.ActiveCfg = debug|Any CPU
		{DFE8B3CD-7FD2-4C7D-98F7-D5CE35CA138F}.debug|Any CPU.Build.0 = debug|Any CPU
		{DFE8B3CD-7FD2-4C7D-98F7-D5CE35CA138F}.debug-deploy|Any CPU.ActiveCfg = debug|Any CPU
		{DFE8B3CD-7FD2-4C7D-98F7-D5CE35CA138F}.debug-deploy|Any CPU.Build.0 = debug|Any CPU
		{DFE8B3CD-7FD2-4C7D-98F7-D5CE35CA138F}.debug-vault|Any CPU.ActiveCfg = debug|Any CPU
		{DFE8B3CD-7FD2-4C7D-98F7-D5CE35CA138F}.debug-vault|Any CPU.Build.0 = debug|Any CPU
		{DFE8B3CD-7FD2-4C7D-98F7-D5CE35CA138F}.debug-vault-deploy|Any CPU.ActiveCfg = debug|Any CPU
		{DFE8B3CD-7FD2-4C7D-98F7-D5CE35CA138F}.debug-vault-deploy|Any CPU.Build.0 = debug|Any CPU
		{DFE8B3CD-7FD2-4C7D-98F7-D5CE35CA138F}.release|Any CPU.ActiveCfg = release|Any CPU
		{DFE8B3CD-7FD2-4C7D-98F7-D5CE35CA138F}.release|Any CPU.Build.0 = release|Any CPU
		{DFE8B3CD-7FD2-4C7D-98F7-D5CE35CA138F}.release-deploy|Any CPU.ActiveCfg = release|Any CPU
		{DFE8B3CD-7FD2-4C7D-98F7-D5CE35CA138F}.release-deploy|Any CPU.Build.0 = release|Any CPU
		{DFE8B3CD-7FD2-4C7D-98F7-D5CE35CA138F}.release-vault|Any CPU.ActiveCfg = release|Any CPU
		{DFE8B3CD-7FD2-4C7D-98F7-D5CE35CA138F}.release-vault|Any CPU.Build.0 = release|Any CPU
		{DFE8B3CD-7FD2-4C7D-98F7-D5CE35CA138F}.release-vault-deploy|Any CPU.ActiveCfg = release|Any CPU
		{DFE8B3CD-7FD2-4C7D-98F7-D5CE35CA138F}.release-vault-deploy|Any CPU.Build.0 = release|Any CPU
		{706CA857-B9EE-454F-AF0E-B0AC41DA5813}.debug|Any CPU.ActiveCfg = debug|Any CPU
		{706CA857-B9EE-454F-AF0E-B0AC41DA5813}.debug|Any CPU.Build.0 = debug|Any CPU
		{706CA857-B9EE-454F-AF0E-B0AC41DA5813}.debug-deploy|Any CPU.ActiveCfg = debug|Any CPU
		{706CA857-B9EE-454F-AF0E-B0AC41DA5813}.debug-deploy|Any CPU.Build.0 = debug|Any CPU
		{706CA857-B9EE-454F-AF0E-B0AC41DA5813}.debug-vault|Any CPU.ActiveCfg = debug|Any CPU
		{706CA857-B9EE-454F-AF0E-B0AC41DA5813}.debug-vault|Any CPU.Build.0 = debug|Any CPU
		{706CA857-B9EE-454F-AF0E-B0AC41DA5813}.debug-vault-deploy|Any CPU.ActiveCfg = debug|Any CPU
		{706CA857-B9EE-454F-AF0E-B0AC41DA5813}.debug-vault-deploy|Any CPU.Build.0 = debug|Any CPU
		{706CA857-B9EE-454F-AF0E-B0AC41DA5813}.release|Any CPU.ActiveCfg = release|Any CPU
		{706CA857-B9EE-454F-AF0E-B0AC41DA5813}.release|Any CPU.Build.0 = release|Any CPU
		{706CA857-B9EE-454F-AF0E-B0AC41DA5813}.release-deploy|Any CPU.ActiveCfg = release|Any CPU
		{706CA857-B9EE-454F-AF0E-B0AC41DA5813}.release-deploy|Any CPU.Build.0 = release|Any CPU
		{706CA857-B9EE-454F-AF0E-B0AC41DA5813}.release-vault|Any CPU.ActiveCfg = release|Any CPU
		{706CA857-B9EE-454F-AF0E-B0AC41DA5813}.release-vault|Any CPU.Build.0 = release|Any CPU
		{706CA857-B9EE-454F-AF0E-B0AC41DA5813}.release-vault-deploy|Any CPU.ActiveCfg = release|Any CPU
		{706CA857-B9EE-454F-AF0E-B0AC41DA5813}.release-vault-deploy|Any CPU.Build.0 = release|Any CPU
		{FE22F43E-3EAE-4B6E-8AF3-A1F3A16C2841}.debug|Any CPU.ActiveCfg = debug|Any CPU
		{FE22F43E-3EAE-4B6E-8AF3-A1F3A16C2841}.debug|Any CPU.Build.0 = debug|Any CPU
		{FE22F43E-3EAE-4B6E-8AF3-A1F3A16C2841}.debug-deploy|Any CPU.ActiveCfg = debug|Any CPU
		{FE22F43E-3EAE-4B6E-8AF3-A1F3A16C2841}.debug-deploy|Any CPU.Build.0 = debug|Any CPU
		{FE22F43E-3EAE-4B6E-8AF3-A1F3A16C2841}.debug-vault|Any CPU.ActiveCfg = debug|Any CPU
		{FE22F43E-3EAE-4B6E-8AF3-A1F3A16C2841}.debug-vault|Any CPU.Build.0 = debug|Any CPU
		{FE22F43E-3EAE-4B6E-8AF3-A1F3A16C2841}.debug-vault-deploy|Any CPU.ActiveCfg = debug|Any CPU
		{FE22F43E-3EAE-4B6E-8AF3-A1F3A16C2841}.debug-vault-deploy|Any CPU.Build.0 = debug|Any CPU
		{FE22F43E-3EAE-4B6E-8AF3-A1F3A16C2841}.release|Any CPU.ActiveCfg = release|Any CPU
		{FE22F43E-3EAE-4B6E-8AF3-A1F3A16C2841}.release|Any CPU.Build.0 = release|Any CPU
		{FE22F43E-3EAE-4B6E-8AF3-A1F3A16C2841}.release-deploy|Any CPU.ActiveCfg = release|Any CPU
		{FE22F43E-3EAE-4B6E-8AF3-A1F3A16C2841}.release-deploy|Any CPU.Build.0 = release|Any CPU
		{FE22F43E-3EAE-4B6E-8AF3-A1F3A16C2841}.release-vault|Any CPU.ActiveCfg = release|Any CPU
		{FE22F43E-3EAE-4B6E-8AF3-A1F3A16C2841}.release-vault|Any CPU.Build.0 = release|Any CPU
		{FE22F43E-3EAE-4B6E-8AF3-A1F3A16C2841}.release-vault-deploy|Any CPU.ActiveCfg = release|Any CPU
		{FE22F43E-3EAE-4B6E-8AF3-A1F3A16C2841}.release-vault-deploy|Any CPU.Build.0 = release|Any CPU
		{1AD6EFB6-D73E-42AA-860E-0A57D80147D6}.debug|Any CPU.ActiveCfg = debug|Any CPU
		{1AD6EFB6-D73E-42AA-860E-0A57D80147D6}.debug|Any CPU.Build.0 = debug|Any CPU
		{1AD6EFB6-D73E-42AA-860E-0A57D80147D6}.debug-deploy|Any CPU.ActiveCfg = debug|Any CPU
		{1AD6EFB6-D73E-42AA-860E-0A57D80147D6}.debug-deploy|Any CPU.Build.0 = debug|Any CPU
		{1AD6EFB6-D73E-42AA-860E-0A57D80147D6}.debug-vault|Any CPU.ActiveCfg = debug|Any CPU
		{1AD6EFB6-D73E-42AA-860E-0A57D80147D6}.debug-vault|Any CPU.Build.0 = debug|Any CPU
		{1AD6EFB6-D73E-42AA-860E-0A57D80147D6}.debug-vault-deploy|Any CPU.ActiveCfg = debug|Any CPU
		{1AD6EFB6-D73E-42AA-860E-0A57D80147D6}.debug-vault-deploy|Any CPU.Build.0 = debug|Any CPU
		{1AD6EFB6-D73E-42AA-860E-0A57D80147D6}.release|Any CPU.ActiveCfg = release|Any CPU
		{1AD6EFB6-D73E-42AA-860E-0A57D80147D6}.release|Any CPU.Build.0 = release|Any CPU
		{1AD6EFB6-D73E-42AA-860E-0A57D80147D6}.release-deploy|Any CPU.ActiveCfg = release|Any CPU
		{1AD6EFB6-D73E-42AA-860E-0A57D80147D6}.release-deploy|Any CPU.Build.0 = release|Any CPU
		{1AD6EFB6-D73E-42AA-860E-0A57D80147D6}.release-vault|Any CPU.ActiveCfg = release|Any CPU
		{1AD6EFB6-D73E-42AA-860E-0A57D80147D6}.release-vault|Any CPU.Build.0 = release|Any CPU
		{1AD6EFB6-D73E-42AA-860E-0A57D80147D6}.release-vault-deploy|Any CPU.ActiveCfg = release|Any CPU
		{1AD6EFB6-D73E-42AA-860E-0A57D80147D6}.release-vault-deploy|Any CPU.Build.0 = release|Any CPU
		{026BA481-3EDC-4665-AC4A-6701621EDD8D}.debug|Any CPU.ActiveCfg = debug|Any CPU
		{026BA481-3EDC-4665-AC4A-6701621EDD8D}.debug|Any CPU.Build.0 = debug|Any CPU
		{026BA481-3EDC-4665-AC4A-6701621EDD8D}.debug-deploy|Any CPU.ActiveCfg = debug|Any CPU
		{026BA481-3EDC-4665-AC4A-6701621EDD8D}.debug-deploy|Any CPU.Build.0 = debug|Any CPU
		{026BA481-3EDC-4665-AC4A-6701621EDD8D}.debug-vault|Any CPU.ActiveCfg = debug|Any CPU
		{026BA481-3EDC-4665-AC4A-6701621EDD8D}.debug-vault|Any CPU.Build.0 = debug|Any CPU
		{026BA481-3EDC-4665-AC4A-6701621EDD8D}.debug-vault-deploy|Any CPU.ActiveCfg = debug|Any CPU
		{026BA481-3EDC-4665-AC4A-6701621EDD8D}.debug-vault-deploy|Any CPU.Build.0 = debug|Any CPU
		{026BA481-3EDC-4665-AC4A-6701621EDD8D}.release|Any CPU.ActiveCfg = release|Any CPU
		{026BA481-3EDC-4665-AC4A-6701621EDD8D}.release|Any CPU.Build.0 = release|Any CPU
		{026BA481-3EDC-4665-AC4A-6701621EDD8D}.release-deploy|Any CPU.ActiveCfg = release|Any CPU
		{026BA481-3EDC-4665-AC4A-6701621EDD8D}.release-deploy|Any CPU.Build.0 = release|Any CPU
		{026BA481-3EDC-4665-AC4A-6701621EDD8D}.release-vault|Any CPU.ActiveCfg = release|Any CPU
		{026BA481-3EDC-4665-AC4A-6701621EDD8D}.release-vault|Any CPU.Build.0 = release|Any CPU
		{026BA481-3EDC-4665-AC4A-6701621EDD8D}.release-vault-deploy|Any CPU.ActiveCfg = release|Any CPU
		{026BA481-3EDC-4665-AC4A-6701621EDD8D}.release-vault-deploy|Any CPU.Build.0 = release|Any CPU
	EndGlobalSection
	GlobalSection(SolutionProperties) = preSolution
		HideSolutionNode = FALSE
	EndGlobalSection
	GlobalSection(NestedProjects) = preSolution
		{C85A3DAF-E246-432B-B363-7478C6D6541F} = {BE89E4AB-853B-4786-99CB-1EDF47E52D60}
		{4254CFD2-14DA-419D-A7FC-DA835CDC513B} = {2C9F5CA5-4BE6-43B7-8C41-226A7D30C24E}
		{8441F32B-F58E-42B4-BE35-4181BF5C0C68} = {2C9F5CA5-4BE6-43B7-8C41-226A7D30C24E}
		{227F9D1C-E72B-4CC5-A889-01A1AA4CED35} = {CC020303-7BEC-4F6B-A929-50119E5797DF}
		{CC020303-7BEC-4F6B-A929-50119E5797DF} = {841D6B21-240B-4023-A97C-B2267B5E56D3}
		{2C9F5CA5-4BE6-43B7-8C41-226A7D30C24E} = {841D6B21-240B-4023-A97C-B2267B5E56D3}
		{90317702-8FDC-4DB1-A55D-78204BCD1239} = {841D6B21-240B-4023-A97C-B2267B5E56D3}
		{8E7AA611-95BB-4BE8-8EF6-C95E7F850B0B} = {841D6B21-240B-4023-A97C-B2267B5E56D3}
		{FF4B1E10-8697-41DB-8850-5F4D9F60B9D0} = {8E7AA611-95BB-4BE8-8EF6-C95E7F850B0B}
		{16F214D5-7539-4B0C-A8EE-8D8D8D9DAA67} = {BE89E4AB-853B-4786-99CB-1EDF47E52D60}
		{6BB5491D-4509-4C18-A2CF-332AAE8E0F1D} = {BE89E4AB-853B-4786-99CB-1EDF47E52D60}
		{BE89E4AB-853B-4786-99CB-1EDF47E52D60} = {841D6B21-240B-4023-A97C-B2267B5E56D3}
		{9089974E-F0C9-40AF-9BD7-28309B884DC3} = {BE89E4AB-853B-4786-99CB-1EDF47E52D60}
		{E606E22E-BFC6-40C1-9833-D6BC8B4FC0DB} = {841D6B21-240B-4023-A97C-B2267B5E56D3}
		{884C78DA-C49F-46F2-8D95-3382C24D9791} = {E606E22E-BFC6-40C1-9833-D6BC8B4FC0DB}
		{CA252871-B1D5-4E32-A2F7-8727C43205ED} = {841D6B21-240B-4023-A97C-B2267B5E56D3}
		{66691AD6-1713-4996-951A-31A7C81E8F9E} = {CA252871-B1D5-4E32-A2F7-8727C43205ED}
		{E36F9354-C3E1-4826-800D-4AB3E224DB7F} = {841D6B21-240B-4023-A97C-B2267B5E56D3}
		{6DC1A29E-D4DF-4D5A-8C15-8E59513730CA} = {841D6B21-240B-4023-A97C-B2267B5E56D3}
		{B3E34CFF-1AA2-4D0D-8B27-C18E55E2ADC1} = {6DC1A29E-D4DF-4D5A-8C15-8E59513730CA}
		{798A29EB-0998-4D5D-BF0D-A485A75D7349} = {BE89E4AB-853B-4786-99CB-1EDF47E52D60}
		{BCCF14DA-DF86-4BFC-AFAA-0ECF1E722015} = {E36F9354-C3E1-4826-800D-4AB3E224DB7F}
		{11B2B199-B7A2-4281-B0A0-4F6761DDBE12} = {9685C904-F110-4634-8A25-7B10B4AE559E}
		{C0966EA1-BCBD-4ED5-B595-8981EB068196} = {9685C904-F110-4634-8A25-7B10B4AE559E}
		{3F8E771E-5F6D-491F-8246-0C8F94DBFAA1} = {9685C904-F110-4634-8A25-7B10B4AE559E}
		{224537F8-1E03-4282-B384-732E3D2B7BE9} = {9685C904-F110-4634-8A25-7B10B4AE559E}
		{64C43450-DC5F-49CF-B721-ADE097430E2A} = {9685C904-F110-4634-8A25-7B10B4AE559E}
		{2AC87D4B-D2E6-47F7-9635-4D79DA282CEF} = {9685C904-F110-4634-8A25-7B10B4AE559E}
		{0823C57E-7AEC-461C-8AEA-EB2F3F00460D} = {9685C904-F110-4634-8A25-7B10B4AE559E}
		{6E5501FF-76F9-4A22-B04A-C27C7F636E43} = {9685C904-F110-4634-8A25-7B10B4AE559E}
		{70A7CD06-3B31-40D2-817D-F937C89050EA} = {2C9F5CA5-4BE6-43B7-8C41-226A7D30C24E}
		{547A7E94-5788-43CA-ADAC-81163A7D82C2} = {2C9F5CA5-4BE6-43B7-8C41-226A7D30C24E}
		{DFE8B3CD-7FD2-4C7D-98F7-D5CE35CA138F} = {2C9F5CA5-4BE6-43B7-8C41-226A7D30C24E}
		{706CA857-B9EE-454F-AF0E-B0AC41DA5813} = {2C9F5CA5-4BE6-43B7-8C41-226A7D30C24E}
		{FE22F43E-3EAE-4B6E-8AF3-A1F3A16C2841} = {2C9F5CA5-4BE6-43B7-8C41-226A7D30C24E}
		{1AD6EFB6-D73E-42AA-860E-0A57D80147D6} = {2C9F5CA5-4BE6-43B7-8C41-226A7D30C24E}
		{026BA481-3EDC-4665-AC4A-6701621EDD8D} = {90317702-8FDC-4DB1-A55D-78204BCD1239}
	EndGlobalSection
	GlobalSection(ExtensibilityGlobals) = postSolution
		SolutionGuid = {702B47AB-01B3-45F8-B57A-28DF901C1358}
	EndGlobalSection
EndGlobal
