
Microsoft Visual Studio Solution File, Format Version 12.00
# Visual Studio Version 17
VisualStudioVersion = 17.0.31919.166
MinimumVisualStudioVersion = 10.0.40219.1
Project("{9A19103F-16F7-4668-BE54-9A1E7A4F7556}") = "MFDLabs.Grid.Bot", "src\MFDLabs.Grid.Bot.csproj", "{A854E7F4-873B-413F-98CF-AB4D4D682D17}"
EndProject
Project("{2150E333-8FDC-42A3-9474-1A3956D46DE8}") = "ReferenceAssemblies", "ReferenceAssemblies", "{841D6B21-240B-4023-A97C-B2267B5E56D3}"
EndProject
Project("{9A19103F-16F7-4668-BE54-9A1E7A4F7556}") = "MFDLabs.Reflection", "..\..\Assemblies\MFDLabs.Reflection\MFDLabs.Reflection.csproj", "{C85A3DAF-E246-432B-B363-7478C6D6541F}"
EndProject
Project("{9A19103F-16F7-4668-BE54-9A1E7A4F7556}") = "MFDLabs.Grid.ComputeCloud", "..\..\Assemblies\MFDLabs.Grid.ComputeCloud\MFDLabs.Grid.ComputeCloud.csproj", "{4254CFD2-14DA-419D-A7FC-DA835CDC513B}"
EndProject
Project("{9A19103F-16F7-4668-BE54-9A1E7A4F7556}") = "MFDLabs.Grid.Commands", "..\..\Assemblies\MFDLabs.Grid.Commands\MFDLabs.Grid.Commands.csproj", "{8441F32B-F58E-42B4-BE35-4181BF5C0C68}"
EndProject
Project("{9A19103F-16F7-4668-BE54-9A1E7A4F7556}") = "MFDLabs.Pipeline", "..\..\Assemblies\MFDLabs.Pipeline\MFDLabs.Pipeline.csproj", "{2B95A007-9843-4972-A007-7F92CAA4238B}"
EndProject
Project("{9A19103F-16F7-4668-BE54-9A1E7A4F7556}") = "MFDLabs.Instrumentation", "..\..\Assemblies\MFDLabs.Instrumentation\MFDLabs.Instrumentation.csproj", "{227F9D1C-E72B-4CC5-A889-01A1AA4CED35}"
EndProject
Project("{2150E333-8FDC-42A3-9474-1A3956D46DE8}") = "Metrics", "Metrics", "{CC020303-7BEC-4F6B-A929-50119E5797DF}"
EndProject
Project("{2150E333-8FDC-42A3-9474-1A3956D46DE8}") = "Grid", "Grid", "{2C9F5CA5-4BE6-43B7-8C41-226A7D30C24E}"
EndProject
Project("{2150E333-8FDC-42A3-9474-1A3956D46DE8}") = "Logging", "Logging", "{90317702-8FDC-4DB1-A55D-78204BCD1239}"
EndProject
Project("{2150E333-8FDC-42A3-9474-1A3956D46DE8}") = "ServiceClients", "ServiceClients", "{8E7AA611-95BB-4BE8-8EF6-C95E7F850B0B}"
EndProject
Project("{9A19103F-16F7-4668-BE54-9A1E7A4F7556}") = "MFDLabs.Users.Client", "..\..\Assemblies\MFDLabs.Users.Client\MFDLabs.Users.Client.csproj", "{FF4B1E10-8697-41DB-8850-5F4D9F60B9D0}"
EndProject
Project("{9A19103F-16F7-4668-BE54-9A1E7A4F7556}") = "MFDLabs.Drawing", "..\..\Assemblies\MFDLabs.Drawing\MFDLabs.Drawing.csproj", "{16F214D5-7539-4B0C-A8EE-8D8D8D9DAA67}"
EndProject
Project("{9A19103F-16F7-4668-BE54-9A1E7A4F7556}") = "MFDLabs.Diagnostics", "..\..\Assemblies\MFDLabs.Diagnostics\MFDLabs.Diagnostics.csproj", "{6BB5491D-4509-4C18-A2CF-332AAE8E0F1D}"
EndProject
Project("{2150E333-8FDC-42A3-9474-1A3956D46DE8}") = "System", "System", "{BE89E4AB-853B-4786-99CB-1EDF47E52D60}"
EndProject
Project("{2150E333-8FDC-42A3-9474-1A3956D46DE8}") = "Guards", "Guards", "{2CF475AF-E23D-4557-ACCE-DB7E9F3079D7}"
EndProject
Project("{2150E333-8FDC-42A3-9474-1A3956D46DE8}") = "ExecutionPlan", "ExecutionPlan", "{1B007BE3-A85E-4B8F-9100-8CA924FFD139}"
EndProject
Project("{9A19103F-16F7-4668-BE54-9A1E7A4F7556}") = "MFDLabs.Threading", "..\..\Assemblies\MFDLabs.Threading\MFDLabs.Threading.csproj", "{9089974E-F0C9-40AF-9BD7-28309B884DC3}"
EndProject
Project("{2150E333-8FDC-42A3-9474-1A3956D46DE8}") = "Text", "Text", "{E606E22E-BFC6-40C1-9833-D6BC8B4FC0DB}"
EndProject
Project("{9A19103F-16F7-4668-BE54-9A1E7A4F7556}") = "MFDLabs.Text", "..\..\Assemblies\MFDLabs.Text\MFDLabs.Text.csproj", "{884C78DA-C49F-46F2-8D95-3382C24D9791}"
EndProject
Project("{2150E333-8FDC-42A3-9474-1A3956D46DE8}") = "Networking", "Networking", "{CA252871-B1D5-4E32-A2F7-8727C43205ED}"
EndProject
Project("{9A19103F-16F7-4668-BE54-9A1E7A4F7556}") = "MFDLabs.Networking", "..\..\Assemblies\MFDLabs.Networking\MFDLabs.Networking.csproj", "{66691AD6-1713-4996-951A-31A7C81E8F9E}"
EndProject
Project("{9A19103F-16F7-4668-BE54-9A1E7A4F7556}") = "MFDLabs.Sentinels", "..\..\Assemblies\MFDLabs.Sentinels\MFDLabs.Sentinels.csproj", "{B396D961-6EA1-4BB9-AC74-880F832CD37E}"
EndProject
Project("{2150E333-8FDC-42A3-9474-1A3956D46DE8}") = "Github", "Github", "{625E78B1-A8FB-42E1-BE48-9C109F29235D}"
	ProjectSection(SolutionItems) = preProject
		.editorconfig = .editorconfig
		.gitattributes = .gitattributes
		.gitignore = .gitignore
		CODEOWNERS = CODEOWNERS
		README.md = README.md
		SECURITY.md = SECURITY.md
	EndProjectSection
EndProject
Project("{2150E333-8FDC-42A3-9474-1A3956D46DE8}") = "Discord", "Discord", "{E36F9354-C3E1-4826-800D-4AB3E224DB7F}"
EndProject
Project("{2150E333-8FDC-42A3-9474-1A3956D46DE8}") = "Configuration", "Configuration", "{6DC1A29E-D4DF-4D5A-8C15-8E59513730CA}"
EndProject
Project("{9A19103F-16F7-4668-BE54-9A1E7A4F7556}") = "MFDLabs.Configuration", "..\..\Assemblies\MFDLabs.Configuration\MFDLabs.Configuration.csproj", "{B3E34CFF-1AA2-4D0D-8B27-C18E55E2ADC1}"
EndProject
Project("{9A19103F-16F7-4668-BE54-9A1E7A4F7556}") = "MFDLabs.FileSystem", "..\..\Assemblies\MFDLabs.FileSystem\MFDLabs.FileSystem.csproj", "{798A29EB-0998-4D5D-BF0D-A485A75D7349}"
EndProject
Project("{9A19103F-16F7-4668-BE54-9A1E7A4F7556}") = "MFDLabs.Discord.Configuration", "..\..\Assemblies\MFDLabs.Discord.Configuration\MFDLabs.Discord.Configuration.csproj", "{BCCF14DA-DF86-4BFC-AFAA-0ECF1E722015}"
EndProject
Project("{2150E333-8FDC-42A3-9474-1A3956D46DE8}") = "Shared", "Shared", "{9685C904-F110-4634-8A25-7B10B4AE559E}"
EndProject
Project("{9A19103F-16F7-4668-BE54-9A1E7A4F7556}") = "MFDLabs.GridCommands", "..\..\Shared\MFDLabs.GridCommands\MFDLabs.GridCommands.csproj", "{11B2B199-B7A2-4281-B0A0-4F6761DDBE12}"
EndProject
Project("{9A19103F-16F7-4668-BE54-9A1E7A4F7556}") = "MFDLabs.GridDiagnostics", "..\..\Shared\MFDLabs.GridDiagnostics\MFDLabs.GridDiagnostics.csproj", "{C0966EA1-BCBD-4ED5-B595-8981EB068196}"
EndProject
Project("{9A19103F-16F7-4668-BE54-9A1E7A4F7556}") = "MFDLabs.GridEvents", "..\..\Shared\MFDLabs.GridEvents\MFDLabs.GridEvents.csproj", "{3F8E771E-5F6D-491F-8246-0C8F94DBFAA1}"
EndProject
Project("{9A19103F-16F7-4668-BE54-9A1E7A4F7556}") = "MFDLabs.GridExtensions", "..\..\Shared\MFDLabs.GridExtensions\MFDLabs.GridExtensions.csproj", "{224537F8-1E03-4282-B384-732E3D2B7BE9}"
EndProject
Project("{9A19103F-16F7-4668-BE54-9A1E7A4F7556}") = "MFDLabs.GridGlobal", "..\..\Shared\MFDLabs.GridGlobal\MFDLabs.GridGlobal.csproj", "{64C43450-DC5F-49CF-B721-ADE097430E2A}"
EndProject
Project("{9A19103F-16F7-4668-BE54-9A1E7A4F7556}") = "MFDLabs.GridHooks", "..\..\Shared\MFDLabs.GridHooks\MFDLabs.GridHooks.csproj", "{2AC87D4B-D2E6-47F7-9635-4D79DA282CEF}"
EndProject
Project("{9A19103F-16F7-4668-BE54-9A1E7A4F7556}") = "MFDLabs.GridSettings", "..\..\Shared\MFDLabs.GridSettings\MFDLabs.GridSettings.csproj", "{0823C57E-7AEC-461C-8AEA-EB2F3F00460D}"
EndProject
Project("{9A19103F-16F7-4668-BE54-9A1E7A4F7556}") = "MFDLabs.GridUtility", "..\..\Shared\MFDLabs.GridUtility\MFDLabs.GridUtility.csproj", "{6E5501FF-76F9-4A22-B04A-C27C7F636E43}"
EndProject
Project("{9A19103F-16F7-4668-BE54-9A1E7A4F7556}") = "MFDLabs.Grid.Arbiter", "..\..\Assemblies\MFDLabs.Grid.Arbiter\MFDLabs.Grid.Arbiter.csproj", "{70A7CD06-3B31-40D2-817D-F937C89050EA}"
EndProject
Project("{2150E333-8FDC-42A3-9474-1A3956D46DE8}") = "Targets", "Targets", "{C5B21073-1767-45F8-B8A2-EF5A14F5CEC5}"
	ProjectSection(SolutionItems) = preProject
		..\..\targets\lib-both.targets = ..\..\targets\lib-both.targets
		..\..\targets\lib-framework.targets = ..\..\targets\lib-framework.targets
		..\..\targets\lib-standard.targets = ..\..\targets\lib-standard.targets
		..\..\targets\lib-vault-both.targets = ..\..\targets\lib-vault-both.targets
		..\..\targets\shared-vault.targets = ..\..\targets\shared-vault.targets
		..\..\targets\shared.targets = ..\..\targets\shared.targets
	EndProjectSection
EndProject
Project("{9A19103F-16F7-4668-BE54-9A1E7A4F7556}") = "MFDLabs.Grid.WebServer", "..\..\Assemblies\MFDLabs.Grid.WebServer\MFDLabs.Grid.WebServer.csproj", "{547A7E94-5788-43CA-ADAC-81163A7D82C2}"
EndProject
Project("{9A19103F-16F7-4668-BE54-9A1E7A4F7556}") = "MFDLabs.Grid.HealthCheck.Client", "..\..\Assemblies\MFDLabs.Grid.HealthCheck.Client\MFDLabs.Grid.HealthCheck.Client.csproj", "{DFE8B3CD-7FD2-4C7D-98F7-D5CE35CA138F}"
EndProject
Project("{9A19103F-16F7-4668-BE54-9A1E7A4F7556}") = "MFDLabs.Grid.ProcessManagement", "..\..\Assemblies\MFDLabs.Grid.ProcessManagement\MFDLabs.Grid.ProcessManagement.csproj", "{706CA857-B9EE-454F-AF0E-B0AC41DA5813}"
EndProject
Project("{9A19103F-16F7-4668-BE54-9A1E7A4F7556}") = "MFDLabs.Grid.PortManagement", "..\..\Assemblies\MFDLabs.Grid.PortManagement\MFDLabs.Grid.PortManagement.csproj", "{FE22F43E-3EAE-4B6E-8AF3-A1F3A16C2841}"
EndProject
Project("{9A19103F-16F7-4668-BE54-9A1E7A4F7556}") = "MFDLabs.Grid.Shared", "..\..\Assemblies\MFDLabs.Grid.Shared\MFDLabs.Grid.Shared.csproj", "{1AD6EFB6-D73E-42AA-860E-0A57D80147D6}"
EndProject
Project("{9A19103F-16F7-4668-BE54-9A1E7A4F7556}") = "Logging", "..\..\lib\logging\logging\Logging.csproj", "{026BA481-3EDC-4665-AC4A-6701621EDD8D}"
EndProject
Global
	GlobalSection(SolutionConfigurationPlatforms) = preSolution
		Debug|Any CPU = Debug|Any CPU
		DebugDeploy|Any CPU = DebugDeploy|Any CPU
		DebugGrid|Any CPU = DebugGrid|Any CPU
		DebugGridDeploy|Any CPU = DebugGridDeploy|Any CPU
		Release|Any CPU = Release|Any CPU
		ReleaseDeploy|Any CPU = ReleaseDeploy|Any CPU
		ReleaseGrid|Any CPU = ReleaseGrid|Any CPU
		ReleaseGridDeploy|Any CPU = ReleaseGridDeploy|Any CPU
	EndGlobalSection
	GlobalSection(ProjectConfigurationPlatforms) = postSolution
		{A854E7F4-873B-413F-98CF-AB4D4D682D17}.Debug|Any CPU.ActiveCfg = Debug|Any CPU
		{A854E7F4-873B-413F-98CF-AB4D4D682D17}.Debug|Any CPU.Build.0 = Debug|Any CPU
		{A854E7F4-873B-413F-98CF-AB4D4D682D17}.DebugDeploy|Any CPU.ActiveCfg = DebugDeploy|Any CPU
		{A854E7F4-873B-413F-98CF-AB4D4D682D17}.DebugDeploy|Any CPU.Build.0 = DebugDeploy|Any CPU
		{A854E7F4-873B-413F-98CF-AB4D4D682D17}.DebugGrid|Any CPU.ActiveCfg = DebugGrid|Any CPU
		{A854E7F4-873B-413F-98CF-AB4D4D682D17}.DebugGrid|Any CPU.Build.0 = DebugGrid|Any CPU
		{A854E7F4-873B-413F-98CF-AB4D4D682D17}.DebugGridDeploy|Any CPU.ActiveCfg = DebugGridDeploy|Any CPU
		{A854E7F4-873B-413F-98CF-AB4D4D682D17}.DebugGridDeploy|Any CPU.Build.0 = DebugGridDeploy|Any CPU
		{A854E7F4-873B-413F-98CF-AB4D4D682D17}.Release|Any CPU.ActiveCfg = Release|Any CPU
		{A854E7F4-873B-413F-98CF-AB4D4D682D17}.Release|Any CPU.Build.0 = Release|Any CPU
		{A854E7F4-873B-413F-98CF-AB4D4D682D17}.ReleaseDeploy|Any CPU.ActiveCfg = ReleaseDeploy|Any CPU
		{A854E7F4-873B-413F-98CF-AB4D4D682D17}.ReleaseDeploy|Any CPU.Build.0 = ReleaseDeploy|Any CPU
		{A854E7F4-873B-413F-98CF-AB4D4D682D17}.ReleaseGrid|Any CPU.ActiveCfg = ReleaseGrid|Any CPU
		{A854E7F4-873B-413F-98CF-AB4D4D682D17}.ReleaseGrid|Any CPU.Build.0 = ReleaseGrid|Any CPU
		{A854E7F4-873B-413F-98CF-AB4D4D682D17}.ReleaseGridDeploy|Any CPU.ActiveCfg = ReleaseGridDeploy|Any CPU
		{A854E7F4-873B-413F-98CF-AB4D4D682D17}.ReleaseGridDeploy|Any CPU.Build.0 = ReleaseGridDeploy|Any CPU
		{C85A3DAF-E246-432B-B363-7478C6D6541F}.Debug|Any CPU.ActiveCfg = Debug|Any CPU
		{C85A3DAF-E246-432B-B363-7478C6D6541F}.Debug|Any CPU.Build.0 = Debug|Any CPU
		{C85A3DAF-E246-432B-B363-7478C6D6541F}.DebugDeploy|Any CPU.ActiveCfg = Debug|Any CPU
		{C85A3DAF-E246-432B-B363-7478C6D6541F}.DebugDeploy|Any CPU.Build.0 = Debug|Any CPU
		{C85A3DAF-E246-432B-B363-7478C6D6541F}.DebugGrid|Any CPU.ActiveCfg = Debug|Any CPU
		{C85A3DAF-E246-432B-B363-7478C6D6541F}.DebugGrid|Any CPU.Build.0 = Debug|Any CPU
		{C85A3DAF-E246-432B-B363-7478C6D6541F}.DebugGridDeploy|Any CPU.ActiveCfg = Debug|Any CPU
		{C85A3DAF-E246-432B-B363-7478C6D6541F}.DebugGridDeploy|Any CPU.Build.0 = Debug|Any CPU
		{C85A3DAF-E246-432B-B363-7478C6D6541F}.Release|Any CPU.ActiveCfg = Release|Any CPU
		{C85A3DAF-E246-432B-B363-7478C6D6541F}.Release|Any CPU.Build.0 = Release|Any CPU
		{C85A3DAF-E246-432B-B363-7478C6D6541F}.ReleaseDeploy|Any CPU.ActiveCfg = Release|Any CPU
		{C85A3DAF-E246-432B-B363-7478C6D6541F}.ReleaseDeploy|Any CPU.Build.0 = Release|Any CPU
		{C85A3DAF-E246-432B-B363-7478C6D6541F}.ReleaseGrid|Any CPU.ActiveCfg = Release|Any CPU
		{C85A3DAF-E246-432B-B363-7478C6D6541F}.ReleaseGrid|Any CPU.Build.0 = Release|Any CPU
		{C85A3DAF-E246-432B-B363-7478C6D6541F}.ReleaseGridDeploy|Any CPU.ActiveCfg = Release|Any CPU
		{C85A3DAF-E246-432B-B363-7478C6D6541F}.ReleaseGridDeploy|Any CPU.Build.0 = Release|Any CPU
		{4254CFD2-14DA-419D-A7FC-DA835CDC513B}.Debug|Any CPU.ActiveCfg = Debug|Any CPU
		{4254CFD2-14DA-419D-A7FC-DA835CDC513B}.Debug|Any CPU.Build.0 = Debug|Any CPU
		{4254CFD2-14DA-419D-A7FC-DA835CDC513B}.DebugDeploy|Any CPU.ActiveCfg = Debug|Any CPU
		{4254CFD2-14DA-419D-A7FC-DA835CDC513B}.DebugDeploy|Any CPU.Build.0 = Debug|Any CPU
		{4254CFD2-14DA-419D-A7FC-DA835CDC513B}.DebugGrid|Any CPU.ActiveCfg = Debug|Any CPU
		{4254CFD2-14DA-419D-A7FC-DA835CDC513B}.DebugGrid|Any CPU.Build.0 = Debug|Any CPU
		{4254CFD2-14DA-419D-A7FC-DA835CDC513B}.DebugGridDeploy|Any CPU.ActiveCfg = Debug|Any CPU
		{4254CFD2-14DA-419D-A7FC-DA835CDC513B}.DebugGridDeploy|Any CPU.Build.0 = Debug|Any CPU
		{4254CFD2-14DA-419D-A7FC-DA835CDC513B}.Release|Any CPU.ActiveCfg = Release|Any CPU
		{4254CFD2-14DA-419D-A7FC-DA835CDC513B}.Release|Any CPU.Build.0 = Release|Any CPU
		{4254CFD2-14DA-419D-A7FC-DA835CDC513B}.ReleaseDeploy|Any CPU.ActiveCfg = Release|Any CPU
		{4254CFD2-14DA-419D-A7FC-DA835CDC513B}.ReleaseDeploy|Any CPU.Build.0 = Release|Any CPU
		{4254CFD2-14DA-419D-A7FC-DA835CDC513B}.ReleaseGrid|Any CPU.ActiveCfg = Release|Any CPU
		{4254CFD2-14DA-419D-A7FC-DA835CDC513B}.ReleaseGrid|Any CPU.Build.0 = Release|Any CPU
		{4254CFD2-14DA-419D-A7FC-DA835CDC513B}.ReleaseGridDeploy|Any CPU.ActiveCfg = Release|Any CPU
		{4254CFD2-14DA-419D-A7FC-DA835CDC513B}.ReleaseGridDeploy|Any CPU.Build.0 = Release|Any CPU
		{8441F32B-F58E-42B4-BE35-4181BF5C0C68}.Debug|Any CPU.ActiveCfg = Debug|Any CPU
		{8441F32B-F58E-42B4-BE35-4181BF5C0C68}.Debug|Any CPU.Build.0 = Debug|Any CPU
		{8441F32B-F58E-42B4-BE35-4181BF5C0C68}.DebugDeploy|Any CPU.ActiveCfg = Debug|Any CPU
		{8441F32B-F58E-42B4-BE35-4181BF5C0C68}.DebugDeploy|Any CPU.Build.0 = Debug|Any CPU
		{8441F32B-F58E-42B4-BE35-4181BF5C0C68}.DebugGrid|Any CPU.ActiveCfg = Debug|Any CPU
		{8441F32B-F58E-42B4-BE35-4181BF5C0C68}.DebugGrid|Any CPU.Build.0 = Debug|Any CPU
		{8441F32B-F58E-42B4-BE35-4181BF5C0C68}.DebugGridDeploy|Any CPU.ActiveCfg = Debug|Any CPU
		{8441F32B-F58E-42B4-BE35-4181BF5C0C68}.DebugGridDeploy|Any CPU.Build.0 = Debug|Any CPU
		{8441F32B-F58E-42B4-BE35-4181BF5C0C68}.Release|Any CPU.ActiveCfg = Release|Any CPU
		{8441F32B-F58E-42B4-BE35-4181BF5C0C68}.Release|Any CPU.Build.0 = Release|Any CPU
		{8441F32B-F58E-42B4-BE35-4181BF5C0C68}.ReleaseDeploy|Any CPU.ActiveCfg = Release|Any CPU
		{8441F32B-F58E-42B4-BE35-4181BF5C0C68}.ReleaseDeploy|Any CPU.Build.0 = Release|Any CPU
		{8441F32B-F58E-42B4-BE35-4181BF5C0C68}.ReleaseGrid|Any CPU.ActiveCfg = Release|Any CPU
		{8441F32B-F58E-42B4-BE35-4181BF5C0C68}.ReleaseGrid|Any CPU.Build.0 = Release|Any CPU
		{8441F32B-F58E-42B4-BE35-4181BF5C0C68}.ReleaseGridDeploy|Any CPU.ActiveCfg = Release|Any CPU
		{8441F32B-F58E-42B4-BE35-4181BF5C0C68}.ReleaseGridDeploy|Any CPU.Build.0 = Release|Any CPU
		{2B95A007-9843-4972-A007-7F92CAA4238B}.Debug|Any CPU.ActiveCfg = Debug|Any CPU
		{2B95A007-9843-4972-A007-7F92CAA4238B}.Debug|Any CPU.Build.0 = Debug|Any CPU
		{2B95A007-9843-4972-A007-7F92CAA4238B}.DebugDeploy|Any CPU.ActiveCfg = Debug|Any CPU
		{2B95A007-9843-4972-A007-7F92CAA4238B}.DebugDeploy|Any CPU.Build.0 = Debug|Any CPU
		{2B95A007-9843-4972-A007-7F92CAA4238B}.DebugGrid|Any CPU.ActiveCfg = Debug|Any CPU
		{2B95A007-9843-4972-A007-7F92CAA4238B}.DebugGrid|Any CPU.Build.0 = Debug|Any CPU
		{2B95A007-9843-4972-A007-7F92CAA4238B}.DebugGridDeploy|Any CPU.ActiveCfg = Debug|Any CPU
		{2B95A007-9843-4972-A007-7F92CAA4238B}.DebugGridDeploy|Any CPU.Build.0 = Debug|Any CPU
		{2B95A007-9843-4972-A007-7F92CAA4238B}.Release|Any CPU.ActiveCfg = Release|Any CPU
		{2B95A007-9843-4972-A007-7F92CAA4238B}.Release|Any CPU.Build.0 = Release|Any CPU
		{2B95A007-9843-4972-A007-7F92CAA4238B}.ReleaseDeploy|Any CPU.ActiveCfg = Release|Any CPU
		{2B95A007-9843-4972-A007-7F92CAA4238B}.ReleaseDeploy|Any CPU.Build.0 = Release|Any CPU
		{2B95A007-9843-4972-A007-7F92CAA4238B}.ReleaseGrid|Any CPU.ActiveCfg = Release|Any CPU
		{2B95A007-9843-4972-A007-7F92CAA4238B}.ReleaseGrid|Any CPU.Build.0 = Release|Any CPU
		{2B95A007-9843-4972-A007-7F92CAA4238B}.ReleaseGridDeploy|Any CPU.ActiveCfg = Release|Any CPU
		{2B95A007-9843-4972-A007-7F92CAA4238B}.ReleaseGridDeploy|Any CPU.Build.0 = Release|Any CPU
		{227F9D1C-E72B-4CC5-A889-01A1AA4CED35}.Debug|Any CPU.ActiveCfg = Debug|Any CPU
		{227F9D1C-E72B-4CC5-A889-01A1AA4CED35}.Debug|Any CPU.Build.0 = Debug|Any CPU
		{227F9D1C-E72B-4CC5-A889-01A1AA4CED35}.DebugDeploy|Any CPU.ActiveCfg = Debug|Any CPU
		{227F9D1C-E72B-4CC5-A889-01A1AA4CED35}.DebugDeploy|Any CPU.Build.0 = Debug|Any CPU
		{227F9D1C-E72B-4CC5-A889-01A1AA4CED35}.DebugGrid|Any CPU.ActiveCfg = Debug|Any CPU
		{227F9D1C-E72B-4CC5-A889-01A1AA4CED35}.DebugGrid|Any CPU.Build.0 = Debug|Any CPU
		{227F9D1C-E72B-4CC5-A889-01A1AA4CED35}.DebugGridDeploy|Any CPU.ActiveCfg = Debug|Any CPU
		{227F9D1C-E72B-4CC5-A889-01A1AA4CED35}.DebugGridDeploy|Any CPU.Build.0 = Debug|Any CPU
		{227F9D1C-E72B-4CC5-A889-01A1AA4CED35}.Release|Any CPU.ActiveCfg = Release|Any CPU
		{227F9D1C-E72B-4CC5-A889-01A1AA4CED35}.Release|Any CPU.Build.0 = Release|Any CPU
		{227F9D1C-E72B-4CC5-A889-01A1AA4CED35}.ReleaseDeploy|Any CPU.ActiveCfg = Release|Any CPU
		{227F9D1C-E72B-4CC5-A889-01A1AA4CED35}.ReleaseDeploy|Any CPU.Build.0 = Release|Any CPU
		{227F9D1C-E72B-4CC5-A889-01A1AA4CED35}.ReleaseGrid|Any CPU.ActiveCfg = Release|Any CPU
		{227F9D1C-E72B-4CC5-A889-01A1AA4CED35}.ReleaseGrid|Any CPU.Build.0 = Release|Any CPU
		{227F9D1C-E72B-4CC5-A889-01A1AA4CED35}.ReleaseGridDeploy|Any CPU.ActiveCfg = Release|Any CPU
		{227F9D1C-E72B-4CC5-A889-01A1AA4CED35}.ReleaseGridDeploy|Any CPU.Build.0 = Release|Any CPU
		{FF4B1E10-8697-41DB-8850-5F4D9F60B9D0}.Debug|Any CPU.ActiveCfg = Debug|Any CPU
		{FF4B1E10-8697-41DB-8850-5F4D9F60B9D0}.Debug|Any CPU.Build.0 = Debug|Any CPU
		{FF4B1E10-8697-41DB-8850-5F4D9F60B9D0}.DebugDeploy|Any CPU.ActiveCfg = Debug|Any CPU
		{FF4B1E10-8697-41DB-8850-5F4D9F60B9D0}.DebugDeploy|Any CPU.Build.0 = Debug|Any CPU
		{FF4B1E10-8697-41DB-8850-5F4D9F60B9D0}.DebugGrid|Any CPU.ActiveCfg = Debug|Any CPU
		{FF4B1E10-8697-41DB-8850-5F4D9F60B9D0}.DebugGrid|Any CPU.Build.0 = Debug|Any CPU
		{FF4B1E10-8697-41DB-8850-5F4D9F60B9D0}.DebugGridDeploy|Any CPU.ActiveCfg = Debug|Any CPU
		{FF4B1E10-8697-41DB-8850-5F4D9F60B9D0}.DebugGridDeploy|Any CPU.Build.0 = Debug|Any CPU
		{FF4B1E10-8697-41DB-8850-5F4D9F60B9D0}.Release|Any CPU.ActiveCfg = Release|Any CPU
		{FF4B1E10-8697-41DB-8850-5F4D9F60B9D0}.Release|Any CPU.Build.0 = Release|Any CPU
		{FF4B1E10-8697-41DB-8850-5F4D9F60B9D0}.ReleaseDeploy|Any CPU.ActiveCfg = Release|Any CPU
		{FF4B1E10-8697-41DB-8850-5F4D9F60B9D0}.ReleaseDeploy|Any CPU.Build.0 = Release|Any CPU
		{FF4B1E10-8697-41DB-8850-5F4D9F60B9D0}.ReleaseGrid|Any CPU.ActiveCfg = Release|Any CPU
		{FF4B1E10-8697-41DB-8850-5F4D9F60B9D0}.ReleaseGrid|Any CPU.Build.0 = Release|Any CPU
		{FF4B1E10-8697-41DB-8850-5F4D9F60B9D0}.ReleaseGridDeploy|Any CPU.ActiveCfg = Release|Any CPU
		{FF4B1E10-8697-41DB-8850-5F4D9F60B9D0}.ReleaseGridDeploy|Any CPU.Build.0 = Release|Any CPU
		{16F214D5-7539-4B0C-A8EE-8D8D8D9DAA67}.Debug|Any CPU.ActiveCfg = Debug|Any CPU
		{16F214D5-7539-4B0C-A8EE-8D8D8D9DAA67}.Debug|Any CPU.Build.0 = Debug|Any CPU
		{16F214D5-7539-4B0C-A8EE-8D8D8D9DAA67}.DebugDeploy|Any CPU.ActiveCfg = Debug|Any CPU
		{16F214D5-7539-4B0C-A8EE-8D8D8D9DAA67}.DebugDeploy|Any CPU.Build.0 = Debug|Any CPU
		{16F214D5-7539-4B0C-A8EE-8D8D8D9DAA67}.DebugGrid|Any CPU.ActiveCfg = Debug|Any CPU
		{16F214D5-7539-4B0C-A8EE-8D8D8D9DAA67}.DebugGrid|Any CPU.Build.0 = Debug|Any CPU
		{16F214D5-7539-4B0C-A8EE-8D8D8D9DAA67}.DebugGridDeploy|Any CPU.ActiveCfg = Debug|Any CPU
		{16F214D5-7539-4B0C-A8EE-8D8D8D9DAA67}.DebugGridDeploy|Any CPU.Build.0 = Debug|Any CPU
		{16F214D5-7539-4B0C-A8EE-8D8D8D9DAA67}.Release|Any CPU.ActiveCfg = Release|Any CPU
		{16F214D5-7539-4B0C-A8EE-8D8D8D9DAA67}.Release|Any CPU.Build.0 = Release|Any CPU
		{16F214D5-7539-4B0C-A8EE-8D8D8D9DAA67}.ReleaseDeploy|Any CPU.ActiveCfg = Release|Any CPU
		{16F214D5-7539-4B0C-A8EE-8D8D8D9DAA67}.ReleaseDeploy|Any CPU.Build.0 = Release|Any CPU
		{16F214D5-7539-4B0C-A8EE-8D8D8D9DAA67}.ReleaseGrid|Any CPU.ActiveCfg = Release|Any CPU
		{16F214D5-7539-4B0C-A8EE-8D8D8D9DAA67}.ReleaseGrid|Any CPU.Build.0 = Release|Any CPU
		{16F214D5-7539-4B0C-A8EE-8D8D8D9DAA67}.ReleaseGridDeploy|Any CPU.ActiveCfg = Release|Any CPU
		{16F214D5-7539-4B0C-A8EE-8D8D8D9DAA67}.ReleaseGridDeploy|Any CPU.Build.0 = Release|Any CPU
		{6BB5491D-4509-4C18-A2CF-332AAE8E0F1D}.Debug|Any CPU.ActiveCfg = Debug|Any CPU
		{6BB5491D-4509-4C18-A2CF-332AAE8E0F1D}.Debug|Any CPU.Build.0 = Debug|Any CPU
		{6BB5491D-4509-4C18-A2CF-332AAE8E0F1D}.DebugDeploy|Any CPU.ActiveCfg = Debug|Any CPU
		{6BB5491D-4509-4C18-A2CF-332AAE8E0F1D}.DebugDeploy|Any CPU.Build.0 = Debug|Any CPU
		{6BB5491D-4509-4C18-A2CF-332AAE8E0F1D}.DebugGrid|Any CPU.ActiveCfg = Debug|Any CPU
		{6BB5491D-4509-4C18-A2CF-332AAE8E0F1D}.DebugGrid|Any CPU.Build.0 = Debug|Any CPU
		{6BB5491D-4509-4C18-A2CF-332AAE8E0F1D}.DebugGridDeploy|Any CPU.ActiveCfg = Debug|Any CPU
		{6BB5491D-4509-4C18-A2CF-332AAE8E0F1D}.DebugGridDeploy|Any CPU.Build.0 = Debug|Any CPU
		{6BB5491D-4509-4C18-A2CF-332AAE8E0F1D}.Release|Any CPU.ActiveCfg = Release|Any CPU
		{6BB5491D-4509-4C18-A2CF-332AAE8E0F1D}.Release|Any CPU.Build.0 = Release|Any CPU
		{6BB5491D-4509-4C18-A2CF-332AAE8E0F1D}.ReleaseDeploy|Any CPU.ActiveCfg = Release|Any CPU
		{6BB5491D-4509-4C18-A2CF-332AAE8E0F1D}.ReleaseDeploy|Any CPU.Build.0 = Release|Any CPU
		{6BB5491D-4509-4C18-A2CF-332AAE8E0F1D}.ReleaseGrid|Any CPU.ActiveCfg = Release|Any CPU
		{6BB5491D-4509-4C18-A2CF-332AAE8E0F1D}.ReleaseGrid|Any CPU.Build.0 = Release|Any CPU
		{6BB5491D-4509-4C18-A2CF-332AAE8E0F1D}.ReleaseGridDeploy|Any CPU.ActiveCfg = Release|Any CPU
		{6BB5491D-4509-4C18-A2CF-332AAE8E0F1D}.ReleaseGridDeploy|Any CPU.Build.0 = Release|Any CPU
		{9089974E-F0C9-40AF-9BD7-28309B884DC3}.Debug|Any CPU.ActiveCfg = Debug|Any CPU
		{9089974E-F0C9-40AF-9BD7-28309B884DC3}.Debug|Any CPU.Build.0 = Debug|Any CPU
		{9089974E-F0C9-40AF-9BD7-28309B884DC3}.DebugDeploy|Any CPU.ActiveCfg = Debug|Any CPU
		{9089974E-F0C9-40AF-9BD7-28309B884DC3}.DebugDeploy|Any CPU.Build.0 = Debug|Any CPU
		{9089974E-F0C9-40AF-9BD7-28309B884DC3}.DebugGrid|Any CPU.ActiveCfg = Debug|Any CPU
		{9089974E-F0C9-40AF-9BD7-28309B884DC3}.DebugGrid|Any CPU.Build.0 = Debug|Any CPU
		{9089974E-F0C9-40AF-9BD7-28309B884DC3}.DebugGridDeploy|Any CPU.ActiveCfg = Debug|Any CPU
		{9089974E-F0C9-40AF-9BD7-28309B884DC3}.DebugGridDeploy|Any CPU.Build.0 = Debug|Any CPU
		{9089974E-F0C9-40AF-9BD7-28309B884DC3}.Release|Any CPU.ActiveCfg = Release|Any CPU
		{9089974E-F0C9-40AF-9BD7-28309B884DC3}.Release|Any CPU.Build.0 = Release|Any CPU
		{9089974E-F0C9-40AF-9BD7-28309B884DC3}.ReleaseDeploy|Any CPU.ActiveCfg = Release|Any CPU
		{9089974E-F0C9-40AF-9BD7-28309B884DC3}.ReleaseDeploy|Any CPU.Build.0 = Release|Any CPU
		{9089974E-F0C9-40AF-9BD7-28309B884DC3}.ReleaseGrid|Any CPU.ActiveCfg = Release|Any CPU
		{9089974E-F0C9-40AF-9BD7-28309B884DC3}.ReleaseGrid|Any CPU.Build.0 = Release|Any CPU
		{9089974E-F0C9-40AF-9BD7-28309B884DC3}.ReleaseGridDeploy|Any CPU.ActiveCfg = Release|Any CPU
		{9089974E-F0C9-40AF-9BD7-28309B884DC3}.ReleaseGridDeploy|Any CPU.Build.0 = Release|Any CPU
		{884C78DA-C49F-46F2-8D95-3382C24D9791}.Debug|Any CPU.ActiveCfg = Debug|Any CPU
		{884C78DA-C49F-46F2-8D95-3382C24D9791}.Debug|Any CPU.Build.0 = Debug|Any CPU
		{884C78DA-C49F-46F2-8D95-3382C24D9791}.DebugDeploy|Any CPU.ActiveCfg = Debug|Any CPU
		{884C78DA-C49F-46F2-8D95-3382C24D9791}.DebugDeploy|Any CPU.Build.0 = Debug|Any CPU
		{884C78DA-C49F-46F2-8D95-3382C24D9791}.DebugGrid|Any CPU.ActiveCfg = Debug|Any CPU
		{884C78DA-C49F-46F2-8D95-3382C24D9791}.DebugGrid|Any CPU.Build.0 = Debug|Any CPU
		{884C78DA-C49F-46F2-8D95-3382C24D9791}.DebugGridDeploy|Any CPU.ActiveCfg = Debug|Any CPU
		{884C78DA-C49F-46F2-8D95-3382C24D9791}.DebugGridDeploy|Any CPU.Build.0 = Debug|Any CPU
		{884C78DA-C49F-46F2-8D95-3382C24D9791}.Release|Any CPU.ActiveCfg = Release|Any CPU
		{884C78DA-C49F-46F2-8D95-3382C24D9791}.Release|Any CPU.Build.0 = Release|Any CPU
		{884C78DA-C49F-46F2-8D95-3382C24D9791}.ReleaseDeploy|Any CPU.ActiveCfg = Release|Any CPU
		{884C78DA-C49F-46F2-8D95-3382C24D9791}.ReleaseDeploy|Any CPU.Build.0 = Release|Any CPU
		{884C78DA-C49F-46F2-8D95-3382C24D9791}.ReleaseGrid|Any CPU.ActiveCfg = Release|Any CPU
		{884C78DA-C49F-46F2-8D95-3382C24D9791}.ReleaseGrid|Any CPU.Build.0 = Release|Any CPU
		{884C78DA-C49F-46F2-8D95-3382C24D9791}.ReleaseGridDeploy|Any CPU.ActiveCfg = Release|Any CPU
		{884C78DA-C49F-46F2-8D95-3382C24D9791}.ReleaseGridDeploy|Any CPU.Build.0 = Release|Any CPU
		{66691AD6-1713-4996-951A-31A7C81E8F9E}.Debug|Any CPU.ActiveCfg = Debug|Any CPU
		{66691AD6-1713-4996-951A-31A7C81E8F9E}.Debug|Any CPU.Build.0 = Debug|Any CPU
		{66691AD6-1713-4996-951A-31A7C81E8F9E}.DebugDeploy|Any CPU.ActiveCfg = Debug|Any CPU
		{66691AD6-1713-4996-951A-31A7C81E8F9E}.DebugDeploy|Any CPU.Build.0 = Debug|Any CPU
		{66691AD6-1713-4996-951A-31A7C81E8F9E}.DebugGrid|Any CPU.ActiveCfg = Debug|Any CPU
		{66691AD6-1713-4996-951A-31A7C81E8F9E}.DebugGrid|Any CPU.Build.0 = Debug|Any CPU
		{66691AD6-1713-4996-951A-31A7C81E8F9E}.DebugGridDeploy|Any CPU.ActiveCfg = Debug|Any CPU
		{66691AD6-1713-4996-951A-31A7C81E8F9E}.DebugGridDeploy|Any CPU.Build.0 = Debug|Any CPU
		{66691AD6-1713-4996-951A-31A7C81E8F9E}.Release|Any CPU.ActiveCfg = Release|Any CPU
		{66691AD6-1713-4996-951A-31A7C81E8F9E}.Release|Any CPU.Build.0 = Release|Any CPU
		{66691AD6-1713-4996-951A-31A7C81E8F9E}.ReleaseDeploy|Any CPU.ActiveCfg = Release|Any CPU
		{66691AD6-1713-4996-951A-31A7C81E8F9E}.ReleaseDeploy|Any CPU.Build.0 = Release|Any CPU
		{66691AD6-1713-4996-951A-31A7C81E8F9E}.ReleaseGrid|Any CPU.ActiveCfg = Release|Any CPU
		{66691AD6-1713-4996-951A-31A7C81E8F9E}.ReleaseGrid|Any CPU.Build.0 = Release|Any CPU
		{66691AD6-1713-4996-951A-31A7C81E8F9E}.ReleaseGridDeploy|Any CPU.ActiveCfg = Release|Any CPU
		{66691AD6-1713-4996-951A-31A7C81E8F9E}.ReleaseGridDeploy|Any CPU.Build.0 = Release|Any CPU
		{B396D961-6EA1-4BB9-AC74-880F832CD37E}.Debug|Any CPU.ActiveCfg = Debug|Any CPU
		{B396D961-6EA1-4BB9-AC74-880F832CD37E}.Debug|Any CPU.Build.0 = Debug|Any CPU
		{B396D961-6EA1-4BB9-AC74-880F832CD37E}.DebugDeploy|Any CPU.ActiveCfg = Debug|Any CPU
		{B396D961-6EA1-4BB9-AC74-880F832CD37E}.DebugDeploy|Any CPU.Build.0 = Debug|Any CPU
		{B396D961-6EA1-4BB9-AC74-880F832CD37E}.DebugGrid|Any CPU.ActiveCfg = Debug|Any CPU
		{B396D961-6EA1-4BB9-AC74-880F832CD37E}.DebugGrid|Any CPU.Build.0 = Debug|Any CPU
		{B396D961-6EA1-4BB9-AC74-880F832CD37E}.DebugGridDeploy|Any CPU.ActiveCfg = Debug|Any CPU
		{B396D961-6EA1-4BB9-AC74-880F832CD37E}.DebugGridDeploy|Any CPU.Build.0 = Debug|Any CPU
		{B396D961-6EA1-4BB9-AC74-880F832CD37E}.Release|Any CPU.ActiveCfg = Release|Any CPU
		{B396D961-6EA1-4BB9-AC74-880F832CD37E}.Release|Any CPU.Build.0 = Release|Any CPU
		{B396D961-6EA1-4BB9-AC74-880F832CD37E}.ReleaseDeploy|Any CPU.ActiveCfg = Release|Any CPU
		{B396D961-6EA1-4BB9-AC74-880F832CD37E}.ReleaseDeploy|Any CPU.Build.0 = Release|Any CPU
		{B396D961-6EA1-4BB9-AC74-880F832CD37E}.ReleaseGrid|Any CPU.ActiveCfg = Release|Any CPU
		{B396D961-6EA1-4BB9-AC74-880F832CD37E}.ReleaseGrid|Any CPU.Build.0 = Release|Any CPU
		{B396D961-6EA1-4BB9-AC74-880F832CD37E}.ReleaseGridDeploy|Any CPU.ActiveCfg = Release|Any CPU
		{B396D961-6EA1-4BB9-AC74-880F832CD37E}.ReleaseGridDeploy|Any CPU.Build.0 = Release|Any CPU
		{B3E34CFF-1AA2-4D0D-8B27-C18E55E2ADC1}.Debug|Any CPU.ActiveCfg = Debug|Any CPU
		{B3E34CFF-1AA2-4D0D-8B27-C18E55E2ADC1}.Debug|Any CPU.Build.0 = Debug|Any CPU
		{B3E34CFF-1AA2-4D0D-8B27-C18E55E2ADC1}.DebugDeploy|Any CPU.ActiveCfg = Debug|Any CPU
		{B3E34CFF-1AA2-4D0D-8B27-C18E55E2ADC1}.DebugDeploy|Any CPU.Build.0 = Debug|Any CPU
		{B3E34CFF-1AA2-4D0D-8B27-C18E55E2ADC1}.DebugGrid|Any CPU.ActiveCfg = Debug|Any CPU
		{B3E34CFF-1AA2-4D0D-8B27-C18E55E2ADC1}.DebugGrid|Any CPU.Build.0 = Debug|Any CPU
		{B3E34CFF-1AA2-4D0D-8B27-C18E55E2ADC1}.DebugGridDeploy|Any CPU.ActiveCfg = Debug|Any CPU
		{B3E34CFF-1AA2-4D0D-8B27-C18E55E2ADC1}.DebugGridDeploy|Any CPU.Build.0 = Debug|Any CPU
		{B3E34CFF-1AA2-4D0D-8B27-C18E55E2ADC1}.Release|Any CPU.ActiveCfg = Release|Any CPU
		{B3E34CFF-1AA2-4D0D-8B27-C18E55E2ADC1}.Release|Any CPU.Build.0 = Release|Any CPU
		{B3E34CFF-1AA2-4D0D-8B27-C18E55E2ADC1}.ReleaseDeploy|Any CPU.ActiveCfg = Release|Any CPU
		{B3E34CFF-1AA2-4D0D-8B27-C18E55E2ADC1}.ReleaseDeploy|Any CPU.Build.0 = Release|Any CPU
		{B3E34CFF-1AA2-4D0D-8B27-C18E55E2ADC1}.ReleaseGrid|Any CPU.ActiveCfg = Release|Any CPU
		{B3E34CFF-1AA2-4D0D-8B27-C18E55E2ADC1}.ReleaseGrid|Any CPU.Build.0 = Release|Any CPU
		{B3E34CFF-1AA2-4D0D-8B27-C18E55E2ADC1}.ReleaseGridDeploy|Any CPU.ActiveCfg = Release|Any CPU
		{B3E34CFF-1AA2-4D0D-8B27-C18E55E2ADC1}.ReleaseGridDeploy|Any CPU.Build.0 = Release|Any CPU
		{798A29EB-0998-4D5D-BF0D-A485A75D7349}.Debug|Any CPU.ActiveCfg = Debug|Any CPU
		{798A29EB-0998-4D5D-BF0D-A485A75D7349}.Debug|Any CPU.Build.0 = Debug|Any CPU
		{798A29EB-0998-4D5D-BF0D-A485A75D7349}.DebugDeploy|Any CPU.ActiveCfg = Debug|Any CPU
		{798A29EB-0998-4D5D-BF0D-A485A75D7349}.DebugDeploy|Any CPU.Build.0 = Debug|Any CPU
		{798A29EB-0998-4D5D-BF0D-A485A75D7349}.DebugGrid|Any CPU.ActiveCfg = Debug|Any CPU
		{798A29EB-0998-4D5D-BF0D-A485A75D7349}.DebugGrid|Any CPU.Build.0 = Debug|Any CPU
		{798A29EB-0998-4D5D-BF0D-A485A75D7349}.DebugGridDeploy|Any CPU.ActiveCfg = Debug|Any CPU
		{798A29EB-0998-4D5D-BF0D-A485A75D7349}.DebugGridDeploy|Any CPU.Build.0 = Debug|Any CPU
		{798A29EB-0998-4D5D-BF0D-A485A75D7349}.Release|Any CPU.ActiveCfg = Release|Any CPU
		{798A29EB-0998-4D5D-BF0D-A485A75D7349}.Release|Any CPU.Build.0 = Release|Any CPU
		{798A29EB-0998-4D5D-BF0D-A485A75D7349}.ReleaseDeploy|Any CPU.ActiveCfg = Release|Any CPU
		{798A29EB-0998-4D5D-BF0D-A485A75D7349}.ReleaseDeploy|Any CPU.Build.0 = Release|Any CPU
		{798A29EB-0998-4D5D-BF0D-A485A75D7349}.ReleaseGrid|Any CPU.ActiveCfg = Release|Any CPU
		{798A29EB-0998-4D5D-BF0D-A485A75D7349}.ReleaseGrid|Any CPU.Build.0 = Release|Any CPU
		{798A29EB-0998-4D5D-BF0D-A485A75D7349}.ReleaseGridDeploy|Any CPU.ActiveCfg = Release|Any CPU
		{798A29EB-0998-4D5D-BF0D-A485A75D7349}.ReleaseGridDeploy|Any CPU.Build.0 = Release|Any CPU
		{BCCF14DA-DF86-4BFC-AFAA-0ECF1E722015}.Debug|Any CPU.ActiveCfg = Debug|Any CPU
		{BCCF14DA-DF86-4BFC-AFAA-0ECF1E722015}.Debug|Any CPU.Build.0 = Debug|Any CPU
		{BCCF14DA-DF86-4BFC-AFAA-0ECF1E722015}.DebugDeploy|Any CPU.ActiveCfg = Debug|Any CPU
		{BCCF14DA-DF86-4BFC-AFAA-0ECF1E722015}.DebugDeploy|Any CPU.Build.0 = Debug|Any CPU
		{BCCF14DA-DF86-4BFC-AFAA-0ECF1E722015}.DebugGrid|Any CPU.ActiveCfg = Debug|Any CPU
		{BCCF14DA-DF86-4BFC-AFAA-0ECF1E722015}.DebugGrid|Any CPU.Build.0 = Debug|Any CPU
		{BCCF14DA-DF86-4BFC-AFAA-0ECF1E722015}.DebugGridDeploy|Any CPU.ActiveCfg = Debug|Any CPU
		{BCCF14DA-DF86-4BFC-AFAA-0ECF1E722015}.DebugGridDeploy|Any CPU.Build.0 = Debug|Any CPU
		{BCCF14DA-DF86-4BFC-AFAA-0ECF1E722015}.Release|Any CPU.ActiveCfg = Release|Any CPU
		{BCCF14DA-DF86-4BFC-AFAA-0ECF1E722015}.Release|Any CPU.Build.0 = Release|Any CPU
		{BCCF14DA-DF86-4BFC-AFAA-0ECF1E722015}.ReleaseDeploy|Any CPU.ActiveCfg = Release|Any CPU
		{BCCF14DA-DF86-4BFC-AFAA-0ECF1E722015}.ReleaseDeploy|Any CPU.Build.0 = Release|Any CPU
		{BCCF14DA-DF86-4BFC-AFAA-0ECF1E722015}.ReleaseGrid|Any CPU.ActiveCfg = Release|Any CPU
		{BCCF14DA-DF86-4BFC-AFAA-0ECF1E722015}.ReleaseGrid|Any CPU.Build.0 = Release|Any CPU
		{BCCF14DA-DF86-4BFC-AFAA-0ECF1E722015}.ReleaseGridDeploy|Any CPU.ActiveCfg = Release|Any CPU
		{BCCF14DA-DF86-4BFC-AFAA-0ECF1E722015}.ReleaseGridDeploy|Any CPU.Build.0 = Release|Any CPU
		{11B2B199-B7A2-4281-B0A0-4F6761DDBE12}.Debug|Any CPU.ActiveCfg = Debug|Any CPU
		{11B2B199-B7A2-4281-B0A0-4F6761DDBE12}.Debug|Any CPU.Build.0 = Debug|Any CPU
		{11B2B199-B7A2-4281-B0A0-4F6761DDBE12}.DebugDeploy|Any CPU.ActiveCfg = Debug|Any CPU
		{11B2B199-B7A2-4281-B0A0-4F6761DDBE12}.DebugDeploy|Any CPU.Build.0 = Debug|Any CPU
		{11B2B199-B7A2-4281-B0A0-4F6761DDBE12}.DebugGrid|Any CPU.ActiveCfg = Debug|Any CPU
		{11B2B199-B7A2-4281-B0A0-4F6761DDBE12}.DebugGrid|Any CPU.Build.0 = Debug|Any CPU
		{11B2B199-B7A2-4281-B0A0-4F6761DDBE12}.DebugGridDeploy|Any CPU.ActiveCfg = Debug|Any CPU
		{11B2B199-B7A2-4281-B0A0-4F6761DDBE12}.DebugGridDeploy|Any CPU.Build.0 = Debug|Any CPU
		{11B2B199-B7A2-4281-B0A0-4F6761DDBE12}.Release|Any CPU.ActiveCfg = Release|Any CPU
		{11B2B199-B7A2-4281-B0A0-4F6761DDBE12}.Release|Any CPU.Build.0 = Release|Any CPU
		{11B2B199-B7A2-4281-B0A0-4F6761DDBE12}.ReleaseDeploy|Any CPU.ActiveCfg = Release|Any CPU
		{11B2B199-B7A2-4281-B0A0-4F6761DDBE12}.ReleaseDeploy|Any CPU.Build.0 = Release|Any CPU
		{11B2B199-B7A2-4281-B0A0-4F6761DDBE12}.ReleaseGrid|Any CPU.ActiveCfg = Release|Any CPU
		{11B2B199-B7A2-4281-B0A0-4F6761DDBE12}.ReleaseGrid|Any CPU.Build.0 = Release|Any CPU
		{11B2B199-B7A2-4281-B0A0-4F6761DDBE12}.ReleaseGridDeploy|Any CPU.ActiveCfg = Release|Any CPU
		{11B2B199-B7A2-4281-B0A0-4F6761DDBE12}.ReleaseGridDeploy|Any CPU.Build.0 = Release|Any CPU
		{C0966EA1-BCBD-4ED5-B595-8981EB068196}.Debug|Any CPU.ActiveCfg = Debug|Any CPU
		{C0966EA1-BCBD-4ED5-B595-8981EB068196}.Debug|Any CPU.Build.0 = Debug|Any CPU
		{C0966EA1-BCBD-4ED5-B595-8981EB068196}.DebugDeploy|Any CPU.ActiveCfg = Debug|Any CPU
		{C0966EA1-BCBD-4ED5-B595-8981EB068196}.DebugDeploy|Any CPU.Build.0 = Debug|Any CPU
		{C0966EA1-BCBD-4ED5-B595-8981EB068196}.DebugGrid|Any CPU.ActiveCfg = Debug|Any CPU
		{C0966EA1-BCBD-4ED5-B595-8981EB068196}.DebugGrid|Any CPU.Build.0 = Debug|Any CPU
		{C0966EA1-BCBD-4ED5-B595-8981EB068196}.DebugGridDeploy|Any CPU.ActiveCfg = Debug|Any CPU
		{C0966EA1-BCBD-4ED5-B595-8981EB068196}.DebugGridDeploy|Any CPU.Build.0 = Debug|Any CPU
		{C0966EA1-BCBD-4ED5-B595-8981EB068196}.Release|Any CPU.ActiveCfg = Release|Any CPU
		{C0966EA1-BCBD-4ED5-B595-8981EB068196}.Release|Any CPU.Build.0 = Release|Any CPU
		{C0966EA1-BCBD-4ED5-B595-8981EB068196}.ReleaseDeploy|Any CPU.ActiveCfg = Release|Any CPU
		{C0966EA1-BCBD-4ED5-B595-8981EB068196}.ReleaseDeploy|Any CPU.Build.0 = Release|Any CPU
		{C0966EA1-BCBD-4ED5-B595-8981EB068196}.ReleaseGrid|Any CPU.ActiveCfg = Release|Any CPU
		{C0966EA1-BCBD-4ED5-B595-8981EB068196}.ReleaseGrid|Any CPU.Build.0 = Release|Any CPU
		{C0966EA1-BCBD-4ED5-B595-8981EB068196}.ReleaseGridDeploy|Any CPU.ActiveCfg = Release|Any CPU
		{C0966EA1-BCBD-4ED5-B595-8981EB068196}.ReleaseGridDeploy|Any CPU.Build.0 = Release|Any CPU
		{3F8E771E-5F6D-491F-8246-0C8F94DBFAA1}.Debug|Any CPU.ActiveCfg = Debug|Any CPU
		{3F8E771E-5F6D-491F-8246-0C8F94DBFAA1}.Debug|Any CPU.Build.0 = Debug|Any CPU
		{3F8E771E-5F6D-491F-8246-0C8F94DBFAA1}.DebugDeploy|Any CPU.ActiveCfg = Debug|Any CPU
		{3F8E771E-5F6D-491F-8246-0C8F94DBFAA1}.DebugDeploy|Any CPU.Build.0 = Debug|Any CPU
		{3F8E771E-5F6D-491F-8246-0C8F94DBFAA1}.DebugGrid|Any CPU.ActiveCfg = Debug|Any CPU
		{3F8E771E-5F6D-491F-8246-0C8F94DBFAA1}.DebugGrid|Any CPU.Build.0 = Debug|Any CPU
		{3F8E771E-5F6D-491F-8246-0C8F94DBFAA1}.DebugGridDeploy|Any CPU.ActiveCfg = Debug|Any CPU
		{3F8E771E-5F6D-491F-8246-0C8F94DBFAA1}.DebugGridDeploy|Any CPU.Build.0 = Debug|Any CPU
		{3F8E771E-5F6D-491F-8246-0C8F94DBFAA1}.Release|Any CPU.ActiveCfg = Release|Any CPU
		{3F8E771E-5F6D-491F-8246-0C8F94DBFAA1}.Release|Any CPU.Build.0 = Release|Any CPU
		{3F8E771E-5F6D-491F-8246-0C8F94DBFAA1}.ReleaseDeploy|Any CPU.ActiveCfg = Release|Any CPU
		{3F8E771E-5F6D-491F-8246-0C8F94DBFAA1}.ReleaseDeploy|Any CPU.Build.0 = Release|Any CPU
		{3F8E771E-5F6D-491F-8246-0C8F94DBFAA1}.ReleaseGrid|Any CPU.ActiveCfg = Release|Any CPU
		{3F8E771E-5F6D-491F-8246-0C8F94DBFAA1}.ReleaseGrid|Any CPU.Build.0 = Release|Any CPU
		{3F8E771E-5F6D-491F-8246-0C8F94DBFAA1}.ReleaseGridDeploy|Any CPU.ActiveCfg = Release|Any CPU
		{3F8E771E-5F6D-491F-8246-0C8F94DBFAA1}.ReleaseGridDeploy|Any CPU.Build.0 = Release|Any CPU
		{224537F8-1E03-4282-B384-732E3D2B7BE9}.Debug|Any CPU.ActiveCfg = Debug|Any CPU
		{224537F8-1E03-4282-B384-732E3D2B7BE9}.Debug|Any CPU.Build.0 = Debug|Any CPU
		{224537F8-1E03-4282-B384-732E3D2B7BE9}.DebugDeploy|Any CPU.ActiveCfg = Debug|Any CPU
		{224537F8-1E03-4282-B384-732E3D2B7BE9}.DebugDeploy|Any CPU.Build.0 = Debug|Any CPU
		{224537F8-1E03-4282-B384-732E3D2B7BE9}.DebugGrid|Any CPU.ActiveCfg = Debug|Any CPU
		{224537F8-1E03-4282-B384-732E3D2B7BE9}.DebugGrid|Any CPU.Build.0 = Debug|Any CPU
		{224537F8-1E03-4282-B384-732E3D2B7BE9}.DebugGridDeploy|Any CPU.ActiveCfg = Debug|Any CPU
		{224537F8-1E03-4282-B384-732E3D2B7BE9}.DebugGridDeploy|Any CPU.Build.0 = Debug|Any CPU
		{224537F8-1E03-4282-B384-732E3D2B7BE9}.Release|Any CPU.ActiveCfg = Release|Any CPU
		{224537F8-1E03-4282-B384-732E3D2B7BE9}.Release|Any CPU.Build.0 = Release|Any CPU
		{224537F8-1E03-4282-B384-732E3D2B7BE9}.ReleaseDeploy|Any CPU.ActiveCfg = Release|Any CPU
		{224537F8-1E03-4282-B384-732E3D2B7BE9}.ReleaseDeploy|Any CPU.Build.0 = Release|Any CPU
		{224537F8-1E03-4282-B384-732E3D2B7BE9}.ReleaseGrid|Any CPU.ActiveCfg = Release|Any CPU
		{224537F8-1E03-4282-B384-732E3D2B7BE9}.ReleaseGrid|Any CPU.Build.0 = Release|Any CPU
		{224537F8-1E03-4282-B384-732E3D2B7BE9}.ReleaseGridDeploy|Any CPU.ActiveCfg = Release|Any CPU
		{224537F8-1E03-4282-B384-732E3D2B7BE9}.ReleaseGridDeploy|Any CPU.Build.0 = Release|Any CPU
		{64C43450-DC5F-49CF-B721-ADE097430E2A}.Debug|Any CPU.ActiveCfg = Debug|Any CPU
		{64C43450-DC5F-49CF-B721-ADE097430E2A}.Debug|Any CPU.Build.0 = Debug|Any CPU
		{64C43450-DC5F-49CF-B721-ADE097430E2A}.DebugDeploy|Any CPU.ActiveCfg = Debug|Any CPU
		{64C43450-DC5F-49CF-B721-ADE097430E2A}.DebugDeploy|Any CPU.Build.0 = Debug|Any CPU
		{64C43450-DC5F-49CF-B721-ADE097430E2A}.DebugGrid|Any CPU.ActiveCfg = Debug|Any CPU
		{64C43450-DC5F-49CF-B721-ADE097430E2A}.DebugGrid|Any CPU.Build.0 = Debug|Any CPU
		{64C43450-DC5F-49CF-B721-ADE097430E2A}.DebugGridDeploy|Any CPU.ActiveCfg = Debug|Any CPU
		{64C43450-DC5F-49CF-B721-ADE097430E2A}.DebugGridDeploy|Any CPU.Build.0 = Debug|Any CPU
		{64C43450-DC5F-49CF-B721-ADE097430E2A}.Release|Any CPU.ActiveCfg = Release|Any CPU
		{64C43450-DC5F-49CF-B721-ADE097430E2A}.Release|Any CPU.Build.0 = Release|Any CPU
		{64C43450-DC5F-49CF-B721-ADE097430E2A}.ReleaseDeploy|Any CPU.ActiveCfg = Release|Any CPU
		{64C43450-DC5F-49CF-B721-ADE097430E2A}.ReleaseDeploy|Any CPU.Build.0 = Release|Any CPU
		{64C43450-DC5F-49CF-B721-ADE097430E2A}.ReleaseGrid|Any CPU.ActiveCfg = Release|Any CPU
		{64C43450-DC5F-49CF-B721-ADE097430E2A}.ReleaseGrid|Any CPU.Build.0 = Release|Any CPU
		{64C43450-DC5F-49CF-B721-ADE097430E2A}.ReleaseGridDeploy|Any CPU.ActiveCfg = Release|Any CPU
		{64C43450-DC5F-49CF-B721-ADE097430E2A}.ReleaseGridDeploy|Any CPU.Build.0 = Release|Any CPU
		{2AC87D4B-D2E6-47F7-9635-4D79DA282CEF}.Debug|Any CPU.ActiveCfg = Debug|Any CPU
		{2AC87D4B-D2E6-47F7-9635-4D79DA282CEF}.Debug|Any CPU.Build.0 = Debug|Any CPU
		{2AC87D4B-D2E6-47F7-9635-4D79DA282CEF}.DebugDeploy|Any CPU.ActiveCfg = Debug|Any CPU
		{2AC87D4B-D2E6-47F7-9635-4D79DA282CEF}.DebugDeploy|Any CPU.Build.0 = Debug|Any CPU
		{2AC87D4B-D2E6-47F7-9635-4D79DA282CEF}.DebugGrid|Any CPU.ActiveCfg = Debug|Any CPU
		{2AC87D4B-D2E6-47F7-9635-4D79DA282CEF}.DebugGrid|Any CPU.Build.0 = Debug|Any CPU
		{2AC87D4B-D2E6-47F7-9635-4D79DA282CEF}.DebugGridDeploy|Any CPU.ActiveCfg = Debug|Any CPU
		{2AC87D4B-D2E6-47F7-9635-4D79DA282CEF}.DebugGridDeploy|Any CPU.Build.0 = Debug|Any CPU
		{2AC87D4B-D2E6-47F7-9635-4D79DA282CEF}.Release|Any CPU.ActiveCfg = Release|Any CPU
		{2AC87D4B-D2E6-47F7-9635-4D79DA282CEF}.Release|Any CPU.Build.0 = Release|Any CPU
		{2AC87D4B-D2E6-47F7-9635-4D79DA282CEF}.ReleaseDeploy|Any CPU.ActiveCfg = Release|Any CPU
		{2AC87D4B-D2E6-47F7-9635-4D79DA282CEF}.ReleaseDeploy|Any CPU.Build.0 = Release|Any CPU
		{2AC87D4B-D2E6-47F7-9635-4D79DA282CEF}.ReleaseGrid|Any CPU.ActiveCfg = Release|Any CPU
		{2AC87D4B-D2E6-47F7-9635-4D79DA282CEF}.ReleaseGrid|Any CPU.Build.0 = Release|Any CPU
		{2AC87D4B-D2E6-47F7-9635-4D79DA282CEF}.ReleaseGridDeploy|Any CPU.ActiveCfg = Release|Any CPU
		{2AC87D4B-D2E6-47F7-9635-4D79DA282CEF}.ReleaseGridDeploy|Any CPU.Build.0 = Release|Any CPU
		{0823C57E-7AEC-461C-8AEA-EB2F3F00460D}.Debug|Any CPU.ActiveCfg = Debug|Any CPU
		{0823C57E-7AEC-461C-8AEA-EB2F3F00460D}.Debug|Any CPU.Build.0 = Debug|Any CPU
		{0823C57E-7AEC-461C-8AEA-EB2F3F00460D}.DebugDeploy|Any CPU.ActiveCfg = Debug|Any CPU
		{0823C57E-7AEC-461C-8AEA-EB2F3F00460D}.DebugDeploy|Any CPU.Build.0 = Debug|Any CPU
		{0823C57E-7AEC-461C-8AEA-EB2F3F00460D}.DebugGrid|Any CPU.ActiveCfg = DebugGrid|Any CPU
		{0823C57E-7AEC-461C-8AEA-EB2F3F00460D}.DebugGrid|Any CPU.Build.0 = DebugGrid|Any CPU
		{0823C57E-7AEC-461C-8AEA-EB2F3F00460D}.DebugGridDeploy|Any CPU.ActiveCfg = DebugGrid|Any CPU
		{0823C57E-7AEC-461C-8AEA-EB2F3F00460D}.DebugGridDeploy|Any CPU.Build.0 = DebugGrid|Any CPU
		{0823C57E-7AEC-461C-8AEA-EB2F3F00460D}.Release|Any CPU.ActiveCfg = Release|Any CPU
		{0823C57E-7AEC-461C-8AEA-EB2F3F00460D}.Release|Any CPU.Build.0 = Release|Any CPU
		{0823C57E-7AEC-461C-8AEA-EB2F3F00460D}.ReleaseDeploy|Any CPU.ActiveCfg = Release|Any CPU
		{0823C57E-7AEC-461C-8AEA-EB2F3F00460D}.ReleaseDeploy|Any CPU.Build.0 = Release|Any CPU
		{0823C57E-7AEC-461C-8AEA-EB2F3F00460D}.ReleaseGrid|Any CPU.ActiveCfg = ReleaseGrid|Any CPU
		{0823C57E-7AEC-461C-8AEA-EB2F3F00460D}.ReleaseGrid|Any CPU.Build.0 = ReleaseGrid|Any CPU
		{0823C57E-7AEC-461C-8AEA-EB2F3F00460D}.ReleaseGridDeploy|Any CPU.ActiveCfg = ReleaseGrid|Any CPU
		{0823C57E-7AEC-461C-8AEA-EB2F3F00460D}.ReleaseGridDeploy|Any CPU.Build.0 = ReleaseGrid|Any CPU
		{6E5501FF-76F9-4A22-B04A-C27C7F636E43}.Debug|Any CPU.ActiveCfg = Debug|Any CPU
		{6E5501FF-76F9-4A22-B04A-C27C7F636E43}.Debug|Any CPU.Build.0 = Debug|Any CPU
		{6E5501FF-76F9-4A22-B04A-C27C7F636E43}.DebugDeploy|Any CPU.ActiveCfg = Debug|Any CPU
		{6E5501FF-76F9-4A22-B04A-C27C7F636E43}.DebugDeploy|Any CPU.Build.0 = Debug|Any CPU
		{6E5501FF-76F9-4A22-B04A-C27C7F636E43}.DebugGrid|Any CPU.ActiveCfg = Debug|Any CPU
		{6E5501FF-76F9-4A22-B04A-C27C7F636E43}.DebugGrid|Any CPU.Build.0 = Debug|Any CPU
		{6E5501FF-76F9-4A22-B04A-C27C7F636E43}.DebugGridDeploy|Any CPU.ActiveCfg = Debug|Any CPU
		{6E5501FF-76F9-4A22-B04A-C27C7F636E43}.DebugGridDeploy|Any CPU.Build.0 = Debug|Any CPU
		{6E5501FF-76F9-4A22-B04A-C27C7F636E43}.Release|Any CPU.ActiveCfg = Release|Any CPU
		{6E5501FF-76F9-4A22-B04A-C27C7F636E43}.Release|Any CPU.Build.0 = Release|Any CPU
		{6E5501FF-76F9-4A22-B04A-C27C7F636E43}.ReleaseDeploy|Any CPU.ActiveCfg = Release|Any CPU
		{6E5501FF-76F9-4A22-B04A-C27C7F636E43}.ReleaseDeploy|Any CPU.Build.0 = Release|Any CPU
		{6E5501FF-76F9-4A22-B04A-C27C7F636E43}.ReleaseGrid|Any CPU.ActiveCfg = Release|Any CPU
		{6E5501FF-76F9-4A22-B04A-C27C7F636E43}.ReleaseGrid|Any CPU.Build.0 = Release|Any CPU
		{6E5501FF-76F9-4A22-B04A-C27C7F636E43}.ReleaseGridDeploy|Any CPU.ActiveCfg = Release|Any CPU
		{6E5501FF-76F9-4A22-B04A-C27C7F636E43}.ReleaseGridDeploy|Any CPU.Build.0 = Release|Any CPU
		{70A7CD06-3B31-40D2-817D-F937C89050EA}.Debug|Any CPU.ActiveCfg = Debug|Any CPU
		{70A7CD06-3B31-40D2-817D-F937C89050EA}.Debug|Any CPU.Build.0 = Debug|Any CPU
		{70A7CD06-3B31-40D2-817D-F937C89050EA}.DebugDeploy|Any CPU.ActiveCfg = Debug|Any CPU
		{70A7CD06-3B31-40D2-817D-F937C89050EA}.DebugDeploy|Any CPU.Build.0 = Debug|Any CPU
		{70A7CD06-3B31-40D2-817D-F937C89050EA}.DebugGrid|Any CPU.ActiveCfg = DebugGrid|Any CPU
		{70A7CD06-3B31-40D2-817D-F937C89050EA}.DebugGrid|Any CPU.Build.0 = DebugGrid|Any CPU
		{70A7CD06-3B31-40D2-817D-F937C89050EA}.DebugGridDeploy|Any CPU.ActiveCfg = DebugGrid|Any CPU
		{70A7CD06-3B31-40D2-817D-F937C89050EA}.DebugGridDeploy|Any CPU.Build.0 = DebugGrid|Any CPU
		{70A7CD06-3B31-40D2-817D-F937C89050EA}.Release|Any CPU.ActiveCfg = Release|Any CPU
		{70A7CD06-3B31-40D2-817D-F937C89050EA}.Release|Any CPU.Build.0 = Release|Any CPU
		{70A7CD06-3B31-40D2-817D-F937C89050EA}.ReleaseDeploy|Any CPU.ActiveCfg = Release|Any CPU
		{70A7CD06-3B31-40D2-817D-F937C89050EA}.ReleaseDeploy|Any CPU.Build.0 = Release|Any CPU
		{70A7CD06-3B31-40D2-817D-F937C89050EA}.ReleaseGrid|Any CPU.ActiveCfg = Release|Any CPU
		{70A7CD06-3B31-40D2-817D-F937C89050EA}.ReleaseGrid|Any CPU.Build.0 = Release|Any CPU
		{70A7CD06-3B31-40D2-817D-F937C89050EA}.ReleaseGridDeploy|Any CPU.ActiveCfg = ReleaseGrid|Any CPU
		{70A7CD06-3B31-40D2-817D-F937C89050EA}.ReleaseGridDeploy|Any CPU.Build.0 = ReleaseGrid|Any CPU
		{547A7E94-5788-43CA-ADAC-81163A7D82C2}.Debug|Any CPU.ActiveCfg = Debug|Any CPU
		{547A7E94-5788-43CA-ADAC-81163A7D82C2}.Debug|Any CPU.Build.0 = Debug|Any CPU
		{547A7E94-5788-43CA-ADAC-81163A7D82C2}.DebugDeploy|Any CPU.ActiveCfg = Debug|Any CPU
		{547A7E94-5788-43CA-ADAC-81163A7D82C2}.DebugDeploy|Any CPU.Build.0 = Debug|Any CPU
		{547A7E94-5788-43CA-ADAC-81163A7D82C2}.DebugGrid|Any CPU.ActiveCfg = Debug|Any CPU
		{547A7E94-5788-43CA-ADAC-81163A7D82C2}.DebugGrid|Any CPU.Build.0 = Debug|Any CPU
		{547A7E94-5788-43CA-ADAC-81163A7D82C2}.DebugGridDeploy|Any CPU.ActiveCfg = Debug|Any CPU
		{547A7E94-5788-43CA-ADAC-81163A7D82C2}.DebugGridDeploy|Any CPU.Build.0 = Debug|Any CPU
		{547A7E94-5788-43CA-ADAC-81163A7D82C2}.Release|Any CPU.ActiveCfg = Release|Any CPU
		{547A7E94-5788-43CA-ADAC-81163A7D82C2}.Release|Any CPU.Build.0 = Release|Any CPU
		{547A7E94-5788-43CA-ADAC-81163A7D82C2}.ReleaseDeploy|Any CPU.ActiveCfg = Release|Any CPU
		{547A7E94-5788-43CA-ADAC-81163A7D82C2}.ReleaseDeploy|Any CPU.Build.0 = Release|Any CPU
		{547A7E94-5788-43CA-ADAC-81163A7D82C2}.ReleaseGrid|Any CPU.ActiveCfg = Release|Any CPU
		{547A7E94-5788-43CA-ADAC-81163A7D82C2}.ReleaseGrid|Any CPU.Build.0 = Release|Any CPU
		{547A7E94-5788-43CA-ADAC-81163A7D82C2}.ReleaseGridDeploy|Any CPU.ActiveCfg = Release|Any CPU
		{547A7E94-5788-43CA-ADAC-81163A7D82C2}.ReleaseGridDeploy|Any CPU.Build.0 = Release|Any CPU
		{DFE8B3CD-7FD2-4C7D-98F7-D5CE35CA138F}.Debug|Any CPU.ActiveCfg = Debug|Any CPU
		{DFE8B3CD-7FD2-4C7D-98F7-D5CE35CA138F}.Debug|Any CPU.Build.0 = Debug|Any CPU
		{DFE8B3CD-7FD2-4C7D-98F7-D5CE35CA138F}.DebugDeploy|Any CPU.ActiveCfg = Debug|Any CPU
		{DFE8B3CD-7FD2-4C7D-98F7-D5CE35CA138F}.DebugDeploy|Any CPU.Build.0 = Debug|Any CPU
		{DFE8B3CD-7FD2-4C7D-98F7-D5CE35CA138F}.DebugGrid|Any CPU.ActiveCfg = Debug|Any CPU
		{DFE8B3CD-7FD2-4C7D-98F7-D5CE35CA138F}.DebugGrid|Any CPU.Build.0 = Debug|Any CPU
		{DFE8B3CD-7FD2-4C7D-98F7-D5CE35CA138F}.DebugGridDeploy|Any CPU.ActiveCfg = Debug|Any CPU
		{DFE8B3CD-7FD2-4C7D-98F7-D5CE35CA138F}.DebugGridDeploy|Any CPU.Build.0 = Debug|Any CPU
		{DFE8B3CD-7FD2-4C7D-98F7-D5CE35CA138F}.Release|Any CPU.ActiveCfg = Release|Any CPU
		{DFE8B3CD-7FD2-4C7D-98F7-D5CE35CA138F}.Release|Any CPU.Build.0 = Release|Any CPU
		{DFE8B3CD-7FD2-4C7D-98F7-D5CE35CA138F}.ReleaseDeploy|Any CPU.ActiveCfg = Release|Any CPU
		{DFE8B3CD-7FD2-4C7D-98F7-D5CE35CA138F}.ReleaseDeploy|Any CPU.Build.0 = Release|Any CPU
		{DFE8B3CD-7FD2-4C7D-98F7-D5CE35CA138F}.ReleaseGrid|Any CPU.ActiveCfg = Release|Any CPU
		{DFE8B3CD-7FD2-4C7D-98F7-D5CE35CA138F}.ReleaseGrid|Any CPU.Build.0 = Release|Any CPU
		{DFE8B3CD-7FD2-4C7D-98F7-D5CE35CA138F}.ReleaseGridDeploy|Any CPU.ActiveCfg = Release|Any CPU
		{DFE8B3CD-7FD2-4C7D-98F7-D5CE35CA138F}.ReleaseGridDeploy|Any CPU.Build.0 = Release|Any CPU
		{706CA857-B9EE-454F-AF0E-B0AC41DA5813}.Debug|Any CPU.ActiveCfg = Debug|Any CPU
		{706CA857-B9EE-454F-AF0E-B0AC41DA5813}.Debug|Any CPU.Build.0 = Debug|Any CPU
		{706CA857-B9EE-454F-AF0E-B0AC41DA5813}.DebugDeploy|Any CPU.ActiveCfg = Debug|Any CPU
		{706CA857-B9EE-454F-AF0E-B0AC41DA5813}.DebugDeploy|Any CPU.Build.0 = Debug|Any CPU
		{706CA857-B9EE-454F-AF0E-B0AC41DA5813}.DebugGrid|Any CPU.ActiveCfg = Debug|Any CPU
		{706CA857-B9EE-454F-AF0E-B0AC41DA5813}.DebugGrid|Any CPU.Build.0 = Debug|Any CPU
		{706CA857-B9EE-454F-AF0E-B0AC41DA5813}.DebugGridDeploy|Any CPU.ActiveCfg = Debug|Any CPU
		{706CA857-B9EE-454F-AF0E-B0AC41DA5813}.DebugGridDeploy|Any CPU.Build.0 = Debug|Any CPU
		{706CA857-B9EE-454F-AF0E-B0AC41DA5813}.Release|Any CPU.ActiveCfg = Release|Any CPU
		{706CA857-B9EE-454F-AF0E-B0AC41DA5813}.Release|Any CPU.Build.0 = Release|Any CPU
		{706CA857-B9EE-454F-AF0E-B0AC41DA5813}.ReleaseDeploy|Any CPU.ActiveCfg = Release|Any CPU
		{706CA857-B9EE-454F-AF0E-B0AC41DA5813}.ReleaseDeploy|Any CPU.Build.0 = Release|Any CPU
		{706CA857-B9EE-454F-AF0E-B0AC41DA5813}.ReleaseGrid|Any CPU.ActiveCfg = Release|Any CPU
		{706CA857-B9EE-454F-AF0E-B0AC41DA5813}.ReleaseGrid|Any CPU.Build.0 = Release|Any CPU
		{706CA857-B9EE-454F-AF0E-B0AC41DA5813}.ReleaseGridDeploy|Any CPU.ActiveCfg = Release|Any CPU
		{706CA857-B9EE-454F-AF0E-B0AC41DA5813}.ReleaseGridDeploy|Any CPU.Build.0 = Release|Any CPU
		{FE22F43E-3EAE-4B6E-8AF3-A1F3A16C2841}.Debug|Any CPU.ActiveCfg = Debug|Any CPU
		{FE22F43E-3EAE-4B6E-8AF3-A1F3A16C2841}.Debug|Any CPU.Build.0 = Debug|Any CPU
		{FE22F43E-3EAE-4B6E-8AF3-A1F3A16C2841}.DebugDeploy|Any CPU.ActiveCfg = Debug|Any CPU
		{FE22F43E-3EAE-4B6E-8AF3-A1F3A16C2841}.DebugDeploy|Any CPU.Build.0 = Debug|Any CPU
		{FE22F43E-3EAE-4B6E-8AF3-A1F3A16C2841}.DebugGrid|Any CPU.ActiveCfg = Debug|Any CPU
		{FE22F43E-3EAE-4B6E-8AF3-A1F3A16C2841}.DebugGrid|Any CPU.Build.0 = Debug|Any CPU
		{FE22F43E-3EAE-4B6E-8AF3-A1F3A16C2841}.DebugGridDeploy|Any CPU.ActiveCfg = Debug|Any CPU
		{FE22F43E-3EAE-4B6E-8AF3-A1F3A16C2841}.DebugGridDeploy|Any CPU.Build.0 = Debug|Any CPU
		{FE22F43E-3EAE-4B6E-8AF3-A1F3A16C2841}.Release|Any CPU.ActiveCfg = Release|Any CPU
		{FE22F43E-3EAE-4B6E-8AF3-A1F3A16C2841}.Release|Any CPU.Build.0 = Release|Any CPU
		{FE22F43E-3EAE-4B6E-8AF3-A1F3A16C2841}.ReleaseDeploy|Any CPU.ActiveCfg = Release|Any CPU
		{FE22F43E-3EAE-4B6E-8AF3-A1F3A16C2841}.ReleaseDeploy|Any CPU.Build.0 = Release|Any CPU
		{FE22F43E-3EAE-4B6E-8AF3-A1F3A16C2841}.ReleaseGrid|Any CPU.ActiveCfg = Release|Any CPU
		{FE22F43E-3EAE-4B6E-8AF3-A1F3A16C2841}.ReleaseGrid|Any CPU.Build.0 = Release|Any CPU
		{FE22F43E-3EAE-4B6E-8AF3-A1F3A16C2841}.ReleaseGridDeploy|Any CPU.ActiveCfg = Release|Any CPU
		{FE22F43E-3EAE-4B6E-8AF3-A1F3A16C2841}.ReleaseGridDeploy|Any CPU.Build.0 = Release|Any CPU
		{1AD6EFB6-D73E-42AA-860E-0A57D80147D6}.Debug|Any CPU.ActiveCfg = Debug|Any CPU
		{1AD6EFB6-D73E-42AA-860E-0A57D80147D6}.Debug|Any CPU.Build.0 = Debug|Any CPU
		{1AD6EFB6-D73E-42AA-860E-0A57D80147D6}.DebugDeploy|Any CPU.ActiveCfg = Debug|Any CPU
		{1AD6EFB6-D73E-42AA-860E-0A57D80147D6}.DebugDeploy|Any CPU.Build.0 = Debug|Any CPU
		{1AD6EFB6-D73E-42AA-860E-0A57D80147D6}.DebugGrid|Any CPU.ActiveCfg = Debug|Any CPU
		{1AD6EFB6-D73E-42AA-860E-0A57D80147D6}.DebugGrid|Any CPU.Build.0 = Debug|Any CPU
		{1AD6EFB6-D73E-42AA-860E-0A57D80147D6}.DebugGridDeploy|Any CPU.ActiveCfg = Debug|Any CPU
		{1AD6EFB6-D73E-42AA-860E-0A57D80147D6}.DebugGridDeploy|Any CPU.Build.0 = Debug|Any CPU
		{1AD6EFB6-D73E-42AA-860E-0A57D80147D6}.Release|Any CPU.ActiveCfg = Release|Any CPU
		{1AD6EFB6-D73E-42AA-860E-0A57D80147D6}.Release|Any CPU.Build.0 = Release|Any CPU
		{1AD6EFB6-D73E-42AA-860E-0A57D80147D6}.ReleaseDeploy|Any CPU.ActiveCfg = Release|Any CPU
		{1AD6EFB6-D73E-42AA-860E-0A57D80147D6}.ReleaseDeploy|Any CPU.Build.0 = Release|Any CPU
		{1AD6EFB6-D73E-42AA-860E-0A57D80147D6}.ReleaseGrid|Any CPU.ActiveCfg = Release|Any CPU
		{1AD6EFB6-D73E-42AA-860E-0A57D80147D6}.ReleaseGrid|Any CPU.Build.0 = Release|Any CPU
		{1AD6EFB6-D73E-42AA-860E-0A57D80147D6}.ReleaseGridDeploy|Any CPU.ActiveCfg = Release|Any CPU
		{1AD6EFB6-D73E-42AA-860E-0A57D80147D6}.ReleaseGridDeploy|Any CPU.Build.0 = Release|Any CPU
		{026BA481-3EDC-4665-AC4A-6701621EDD8D}.Debug|Any CPU.ActiveCfg = Debug|Any CPU
		{026BA481-3EDC-4665-AC4A-6701621EDD8D}.Debug|Any CPU.Build.0 = Debug|Any CPU
		{026BA481-3EDC-4665-AC4A-6701621EDD8D}.DebugDeploy|Any CPU.ActiveCfg = Debug|Any CPU
		{026BA481-3EDC-4665-AC4A-6701621EDD8D}.DebugDeploy|Any CPU.Build.0 = Debug|Any CPU
		{026BA481-3EDC-4665-AC4A-6701621EDD8D}.DebugGrid|Any CPU.ActiveCfg = Debug|Any CPU
		{026BA481-3EDC-4665-AC4A-6701621EDD8D}.DebugGrid|Any CPU.Build.0 = Debug|Any CPU
		{026BA481-3EDC-4665-AC4A-6701621EDD8D}.DebugGridDeploy|Any CPU.ActiveCfg = Debug|Any CPU
		{026BA481-3EDC-4665-AC4A-6701621EDD8D}.DebugGridDeploy|Any CPU.Build.0 = Debug|Any CPU
		{026BA481-3EDC-4665-AC4A-6701621EDD8D}.Release|Any CPU.ActiveCfg = Release|Any CPU
		{026BA481-3EDC-4665-AC4A-6701621EDD8D}.Release|Any CPU.Build.0 = Release|Any CPU
		{026BA481-3EDC-4665-AC4A-6701621EDD8D}.ReleaseDeploy|Any CPU.ActiveCfg = Release|Any CPU
		{026BA481-3EDC-4665-AC4A-6701621EDD8D}.ReleaseDeploy|Any CPU.Build.0 = Release|Any CPU
		{026BA481-3EDC-4665-AC4A-6701621EDD8D}.ReleaseGrid|Any CPU.ActiveCfg = Release|Any CPU
		{026BA481-3EDC-4665-AC4A-6701621EDD8D}.ReleaseGrid|Any CPU.Build.0 = Release|Any CPU
		{026BA481-3EDC-4665-AC4A-6701621EDD8D}.ReleaseGridDeploy|Any CPU.ActiveCfg = Release|Any CPU
		{026BA481-3EDC-4665-AC4A-6701621EDD8D}.ReleaseGridDeploy|Any CPU.Build.0 = Release|Any CPU
	EndGlobalSection
	GlobalSection(SolutionProperties) = preSolution
		HideSolutionNode = FALSE
	EndGlobalSection
	GlobalSection(NestedProjects) = preSolution
		{C85A3DAF-E246-432B-B363-7478C6D6541F} = {BE89E4AB-853B-4786-99CB-1EDF47E52D60}
		{4254CFD2-14DA-419D-A7FC-DA835CDC513B} = {2C9F5CA5-4BE6-43B7-8C41-226A7D30C24E}
		{8441F32B-F58E-42B4-BE35-4181BF5C0C68} = {2C9F5CA5-4BE6-43B7-8C41-226A7D30C24E}
		{2B95A007-9843-4972-A007-7F92CAA4238B} = {1B007BE3-A85E-4B8F-9100-8CA924FFD139}
		{227F9D1C-E72B-4CC5-A889-01A1AA4CED35} = {CC020303-7BEC-4F6B-A929-50119E5797DF}
		{CC020303-7BEC-4F6B-A929-50119E5797DF} = {841D6B21-240B-4023-A97C-B2267B5E56D3}
		{2C9F5CA5-4BE6-43B7-8C41-226A7D30C24E} = {841D6B21-240B-4023-A97C-B2267B5E56D3}
		{90317702-8FDC-4DB1-A55D-78204BCD1239} = {841D6B21-240B-4023-A97C-B2267B5E56D3}
		{8E7AA611-95BB-4BE8-8EF6-C95E7F850B0B} = {841D6B21-240B-4023-A97C-B2267B5E56D3}
		{FF4B1E10-8697-41DB-8850-5F4D9F60B9D0} = {8E7AA611-95BB-4BE8-8EF6-C95E7F850B0B}
		{16F214D5-7539-4B0C-A8EE-8D8D8D9DAA67} = {BE89E4AB-853B-4786-99CB-1EDF47E52D60}
		{6BB5491D-4509-4C18-A2CF-332AAE8E0F1D} = {BE89E4AB-853B-4786-99CB-1EDF47E52D60}
		{BE89E4AB-853B-4786-99CB-1EDF47E52D60} = {841D6B21-240B-4023-A97C-B2267B5E56D3}
		{2CF475AF-E23D-4557-ACCE-DB7E9F3079D7} = {841D6B21-240B-4023-A97C-B2267B5E56D3}
		{1B007BE3-A85E-4B8F-9100-8CA924FFD139} = {841D6B21-240B-4023-A97C-B2267B5E56D3}
		{9089974E-F0C9-40AF-9BD7-28309B884DC3} = {BE89E4AB-853B-4786-99CB-1EDF47E52D60}
		{E606E22E-BFC6-40C1-9833-D6BC8B4FC0DB} = {841D6B21-240B-4023-A97C-B2267B5E56D3}
		{884C78DA-C49F-46F2-8D95-3382C24D9791} = {E606E22E-BFC6-40C1-9833-D6BC8B4FC0DB}
		{CA252871-B1D5-4E32-A2F7-8727C43205ED} = {841D6B21-240B-4023-A97C-B2267B5E56D3}
		{66691AD6-1713-4996-951A-31A7C81E8F9E} = {CA252871-B1D5-4E32-A2F7-8727C43205ED}
		{B396D961-6EA1-4BB9-AC74-880F832CD37E} = {2CF475AF-E23D-4557-ACCE-DB7E9F3079D7}
		{E36F9354-C3E1-4826-800D-4AB3E224DB7F} = {841D6B21-240B-4023-A97C-B2267B5E56D3}
		{6DC1A29E-D4DF-4D5A-8C15-8E59513730CA} = {841D6B21-240B-4023-A97C-B2267B5E56D3}
		{B3E34CFF-1AA2-4D0D-8B27-C18E55E2ADC1} = {6DC1A29E-D4DF-4D5A-8C15-8E59513730CA}
		{798A29EB-0998-4D5D-BF0D-A485A75D7349} = {BE89E4AB-853B-4786-99CB-1EDF47E52D60}
		{BCCF14DA-DF86-4BFC-AFAA-0ECF1E722015} = {E36F9354-C3E1-4826-800D-4AB3E224DB7F}
		{11B2B199-B7A2-4281-B0A0-4F6761DDBE12} = {9685C904-F110-4634-8A25-7B10B4AE559E}
		{C0966EA1-BCBD-4ED5-B595-8981EB068196} = {9685C904-F110-4634-8A25-7B10B4AE559E}
		{3F8E771E-5F6D-491F-8246-0C8F94DBFAA1} = {9685C904-F110-4634-8A25-7B10B4AE559E}
		{224537F8-1E03-4282-B384-732E3D2B7BE9} = {9685C904-F110-4634-8A25-7B10B4AE559E}
		{64C43450-DC5F-49CF-B721-ADE097430E2A} = {9685C904-F110-4634-8A25-7B10B4AE559E}
		{2AC87D4B-D2E6-47F7-9635-4D79DA282CEF} = {9685C904-F110-4634-8A25-7B10B4AE559E}
		{0823C57E-7AEC-461C-8AEA-EB2F3F00460D} = {9685C904-F110-4634-8A25-7B10B4AE559E}
		{6E5501FF-76F9-4A22-B04A-C27C7F636E43} = {9685C904-F110-4634-8A25-7B10B4AE559E}
		{70A7CD06-3B31-40D2-817D-F937C89050EA} = {2C9F5CA5-4BE6-43B7-8C41-226A7D30C24E}
		{547A7E94-5788-43CA-ADAC-81163A7D82C2} = {2C9F5CA5-4BE6-43B7-8C41-226A7D30C24E}
		{DFE8B3CD-7FD2-4C7D-98F7-D5CE35CA138F} = {2C9F5CA5-4BE6-43B7-8C41-226A7D30C24E}
		{706CA857-B9EE-454F-AF0E-B0AC41DA5813} = {2C9F5CA5-4BE6-43B7-8C41-226A7D30C24E}
		{FE22F43E-3EAE-4B6E-8AF3-A1F3A16C2841} = {2C9F5CA5-4BE6-43B7-8C41-226A7D30C24E}
		{1AD6EFB6-D73E-42AA-860E-0A57D80147D6} = {2C9F5CA5-4BE6-43B7-8C41-226A7D30C24E}
		{026BA481-3EDC-4665-AC4A-6701621EDD8D} = {90317702-8FDC-4DB1-A55D-78204BCD1239}
	EndGlobalSection
	GlobalSection(ExtensibilityGlobals) = postSolution
		SolutionGuid = {702B47AB-01B3-45F8-B57A-28DF901C1358}
	EndGlobalSection
EndGlobal
