
Microsoft Visual Studio Solution File, Format Version 12.00
# Visual Studio Version 17
VisualStudioVersion = 17.0.31903.59
MinimumVisualStudioVersion = 10.0.40219.1
Project("{2150E333-8FDC-42A3-9474-1A3956D46DE8}") = "src", "src", "{3C4CEDE1-4F42-4FCE-83DF-02F29E64C9E2}"
EndProject
Project("{2150E333-8FDC-42A3-9474-1A3956D46DE8}") = "clients", "clients", "{6EFD9C7E-FE35-4D59-A0EE-CF031F2E0FE3}"
EndProject
Project("{FAE04EC0-301F-11D3-BF4B-00C04F79EFBC}") = "ClientSettings.Client", "src\clients\client-settings-client\ClientSettings.Client.csproj", "{B1A51C96-9839-4387-8D43-86FB4C496BB4}"
EndProject
Project("{FAE04EC0-301F-11D3-BF4B-00C04F79EFBC}") = "Users.Client", "src\clients\users-client\Users.Client.csproj", "{B9576602-E4C8-4CB0-BB02-1039CE87BD7E}"
EndProject
Project("{2150E333-8FDC-42A3-9474-1A3956D46DE8}") = "text", "text", "{5E74EA29-EDB0-4AA4-851A-14EA6C12AC3C}"
EndProject
Project("{FAE04EC0-301F-11D3-BF4B-00C04F79EFBC}") = "Text", "src\text\text\Text.csproj", "{9CACBE7D-8105-4CB9-B9DB-A12A006F3213}"
EndProject
Project("{2150E333-8FDC-42A3-9474-1A3956D46DE8}") = "networking", "networking", "{1AEED9F4-A69C-4794-A0F1-7A6D4569E6CA}"
EndProject
Project("{FAE04EC0-301F-11D3-BF4B-00C04F79EFBC}") = "Networking", "src\networking\networking\Networking.csproj", "{BA45F833-4C07-4E83-A264-269C2D6251E1}"
EndProject
Project("{2150E333-8FDC-42A3-9474-1A3956D46DE8}") = "grid", "grid", "{E9CEC0C3-85E2-42DA-9119-595BDB024EBA}"
EndProject
Project("{FAE04EC0-301F-11D3-BF4B-00C04F79EFBC}") = "Grid.ProcessManagement.Docker.Core", "src\grid\docker\Grid.ProcessManagement.Docker.Core.csproj", "{D45F0F2B-5256-4D3C-B045-9B88CC8B1E03}"
EndProject
Project("{FAE04EC0-301F-11D3-BF4B-00C04F79EFBC}") = "Grid.PortManagement", "src\grid\port-management\Grid.PortManagement.csproj", "{CCD13B17-61E4-4901-8DF8-49833E4601D1}"
EndProject
Project("{FAE04EC0-301F-11D3-BF4B-00C04F79EFBC}") = "Grid.Client", "src\grid\compute-cloud\Grid.Client.csproj", "{AB4DE554-7C40-45C7-BBF8-68746918C34B}"
EndProject
Project("{FAE04EC0-301F-11D3-BF4B-00C04F79EFBC}") = "Grid.JobManagement", "src\grid\job-management\Grid.JobManagement.csproj", "{E8B2E9BA-BF02-4CDA-8411-BEA2BCF1CC87}"
EndProject
Project("{FAE04EC0-301F-11D3-BF4B-00C04F79EFBC}") = "Grid.Commands", "src\grid\commands\Grid.Commands.csproj", "{D459DB27-2A2E-4A51-A039-C3EFBB9A94D3}"
EndProject
Project("{FAE04EC0-301F-11D3-BF4B-00C04F79EFBC}") = "Grid.ProcessManagement", "src\grid\process-management\Grid.ProcessManagement.csproj", "{A72461D8-492E-47AD-BCD6-E53B48CD4E84}"
EndProject
Project("{FAE04EC0-301F-11D3-BF4B-00C04F79EFBC}") = "Grid.ProcessManagement.Core", "src\grid\process-management-core\Grid.ProcessManagement.Core.csproj", "{7B44D067-E1E0-4139-8EF7-1355A80C7625}"
EndProject
Project("{FAE04EC0-301F-11D3-BF4B-00C04F79EFBC}") = "Grid.ProcessManagement.Docker", "src\grid\process-management-docker\Grid.ProcessManagement.Docker.csproj", "{FC68DA56-EE70-4F1E-A9E7-2E87F2B96429}"
EndProject
Project("{2150E333-8FDC-42A3-9474-1A3956D46DE8}") = "random", "random", "{27C8D958-2BA2-4E7D-9E35-96CD62889A7A}"
EndProject
Project("{FAE04EC0-301F-11D3-BF4B-00C04F79EFBC}") = "Random", "src\random\random\Random.csproj", "{CE157896-2419-49B1-A4DD-55125D351251}"
EndProject
Project("{2150E333-8FDC-42A3-9474-1A3956D46DE8}") = "redis", "redis", "{E95557E5-E95B-4DE6-AC50-60E29D3022A3}"
EndProject
Project("{FAE04EC0-301F-11D3-BF4B-00C04F79EFBC}") = "Redis", "src\redis\redis\Redis.csproj", "{BD97E22E-77D3-4987-BD9E-D6544D2C32EC}"
EndProject
Project("{2150E333-8FDC-42A3-9474-1A3956D46DE8}") = "floodcheckers", "floodcheckers", "{613BEAC6-F0A6-42B2-911A-C37639FAF52D}"
EndProject
Project("{FAE04EC0-301F-11D3-BF4B-00C04F79EFBC}") = "FloodCheckers.Core", "src\floodcheckers\core\FloodCheckers.Core.csproj", "{BA59BA6C-BBB8-499C-ACF0-BF2AE58B8E7B}"
EndProject
Project("{FAE04EC0-301F-11D3-BF4B-00C04F79EFBC}") = "FloodCheckers.Redis", "src\floodcheckers\redis\FloodCheckers.Redis.csproj", "{5710E6DB-161C-4DCC-B42C-C265557534B6}"
EndProject
Project("{2150E333-8FDC-42A3-9474-1A3956D46DE8}") = "file-system", "file-system", "{E7C84CBD-ADB1-4AC5-9D8E-8FBAD7F9A6FC}"
EndProject
Project("{FAE04EC0-301F-11D3-BF4B-00C04F79EFBC}") = "FileSystem", "src\file-system\file-system\FileSystem.csproj", "{1E7CB710-259F-4025-8AE6-541B0495ADC7}"
EndProject
Project("{2150E333-8FDC-42A3-9474-1A3956D46DE8}") = "hashing", "hashing", "{8130A9FF-8257-429D-802B-03A5D9639E59}"
EndProject
Project("{FAE04EC0-301F-11D3-BF4B-00C04F79EFBC}") = "Hashing", "src\hashing\hashing\Hashing.csproj", "{8A2CF057-3CBA-4770-A7AC-B8C18A50D99C}"
EndProject
Project("{2150E333-8FDC-42A3-9474-1A3956D46DE8}") = "configuration", "configuration", "{DF48A73B-2756-4226-8C56-3002A8D889D9}"
EndProject
Project("{FAE04EC0-301F-11D3-BF4B-00C04F79EFBC}") = "Configuration.Core", "src\configuration\core\Configuration.Core.csproj", "{C3DB5E42-2C5A-42A6-9152-785F28AFD6C8}"
EndProject
Project("{FAE04EC0-301F-11D3-BF4B-00C04F79EFBC}") = "ConfigurationV2", "src\configuration\configuration-v2\ConfigurationV2.csproj", "{533AC81A-A0C7-490D-A632-6CD4E010232B}"
EndProject
Project("{2150E333-8FDC-42A3-9474-1A3956D46DE8}") = "threading", "threading", "{B455D192-A55D-46BB-AB9F-3707AEC61341}"
EndProject
Project("{FAE04EC0-301F-11D3-BF4B-00C04F79EFBC}") = "Threading", "src\threading\threading\Threading.csproj", "{5DD5A359-3516-4B04-9FDF-20E0638B9B37}"
EndProject
Project("{2150E333-8FDC-42A3-9474-1A3956D46DE8}") = "service-discovery", "service-discovery", "{25530CCF-1157-4580-B807-2F6AC80908DA}"
EndProject
Project("{FAE04EC0-301F-11D3-BF4B-00C04F79EFBC}") = "ServiceDiscovery", "src\service-discovery\service-discovery\ServiceDiscovery.csproj", "{10B6DA4B-FFD7-43D8-834A-DA392B642A94}"
EndProject
Project("{2150E333-8FDC-42A3-9474-1A3956D46DE8}") = "logging", "logging", "{BF4849AC-1419-4140-9E8C-B64605EB559D}"
EndProject
Project("{FAE04EC0-301F-11D3-BF4B-00C04F79EFBC}") = "Logging", "src\logging\logging\Logging.csproj", "{6DAF1F7A-F9CB-4E68-9EBF-75D69EC533A8}"
EndProject
Global
	GlobalSection(SolutionConfigurationPlatforms) = preSolution
		Debug|Any CPU = Debug|Any CPU
		Release|Any CPU = Release|Any CPU
	EndGlobalSection
	GlobalSection(ProjectConfigurationPlatforms) = postSolution
		{B1A51C96-9839-4387-8D43-86FB4C496BB4}.Debug|Any CPU.ActiveCfg = debug|Any CPU
		{B1A51C96-9839-4387-8D43-86FB4C496BB4}.Debug|Any CPU.Build.0 = debug|Any CPU
		{B1A51C96-9839-4387-8D43-86FB4C496BB4}.Release|Any CPU.ActiveCfg = release|Any CPU
		{B1A51C96-9839-4387-8D43-86FB4C496BB4}.Release|Any CPU.Build.0 = release|Any CPU
		{B9576602-E4C8-4CB0-BB02-1039CE87BD7E}.Debug|Any CPU.ActiveCfg = debug|Any CPU
		{B9576602-E4C8-4CB0-BB02-1039CE87BD7E}.Debug|Any CPU.Build.0 = debug|Any CPU
		{B9576602-E4C8-4CB0-BB02-1039CE87BD7E}.Release|Any CPU.ActiveCfg = release|Any CPU
		{B9576602-E4C8-4CB0-BB02-1039CE87BD7E}.Release|Any CPU.Build.0 = release|Any CPU
		{9CACBE7D-8105-4CB9-B9DB-A12A006F3213}.Debug|Any CPU.ActiveCfg = debug|Any CPU
		{9CACBE7D-8105-4CB9-B9DB-A12A006F3213}.Debug|Any CPU.Build.0 = debug|Any CPU
		{9CACBE7D-8105-4CB9-B9DB-A12A006F3213}.Release|Any CPU.ActiveCfg = release|Any CPU
		{9CACBE7D-8105-4CB9-B9DB-A12A006F3213}.Release|Any CPU.Build.0 = release|Any CPU
		{BA45F833-4C07-4E83-A264-269C2D6251E1}.Debug|Any CPU.ActiveCfg = debug|Any CPU
		{BA45F833-4C07-4E83-A264-269C2D6251E1}.Debug|Any CPU.Build.0 = debug|Any CPU
		{BA45F833-4C07-4E83-A264-269C2D6251E1}.Release|Any CPU.ActiveCfg = release|Any CPU
		{BA45F833-4C07-4E83-A264-269C2D6251E1}.Release|Any CPU.Build.0 = release|Any CPU
		{D45F0F2B-5256-4D3C-B045-9B88CC8B1E03}.Debug|Any CPU.ActiveCfg = debug|Any CPU
		{D45F0F2B-5256-4D3C-B045-9B88CC8B1E03}.Debug|Any CPU.Build.0 = debug|Any CPU
		{D45F0F2B-5256-4D3C-B045-9B88CC8B1E03}.Release|Any CPU.ActiveCfg = release|Any CPU
		{D45F0F2B-5256-4D3C-B045-9B88CC8B1E03}.Release|Any CPU.Build.0 = release|Any CPU
		{CCD13B17-61E4-4901-8DF8-49833E4601D1}.Debug|Any CPU.ActiveCfg = debug|Any CPU
		{CCD13B17-61E4-4901-8DF8-49833E4601D1}.Debug|Any CPU.Build.0 = debug|Any CPU
		{CCD13B17-61E4-4901-8DF8-49833E4601D1}.Release|Any CPU.ActiveCfg = release|Any CPU
		{CCD13B17-61E4-4901-8DF8-49833E4601D1}.Release|Any CPU.Build.0 = release|Any CPU
		{AB4DE554-7C40-45C7-BBF8-68746918C34B}.Debug|Any CPU.ActiveCfg = debug|Any CPU
		{AB4DE554-7C40-45C7-BBF8-68746918C34B}.Debug|Any CPU.Build.0 = debug|Any CPU
		{AB4DE554-7C40-45C7-BBF8-68746918C34B}.Release|Any CPU.ActiveCfg = release|Any CPU
		{AB4DE554-7C40-45C7-BBF8-68746918C34B}.Release|Any CPU.Build.0 = release|Any CPU
		{E8B2E9BA-BF02-4CDA-8411-BEA2BCF1CC87}.Debug|Any CPU.ActiveCfg = debug|Any CPU
		{E8B2E9BA-BF02-4CDA-8411-BEA2BCF1CC87}.Debug|Any CPU.Build.0 = debug|Any CPU
		{E8B2E9BA-BF02-4CDA-8411-BEA2BCF1CC87}.Release|Any CPU.ActiveCfg = release|Any CPU
		{E8B2E9BA-BF02-4CDA-8411-BEA2BCF1CC87}.Release|Any CPU.Build.0 = release|Any CPU
		{D459DB27-2A2E-4A51-A039-C3EFBB9A94D3}.Debug|Any CPU.ActiveCfg = debug|Any CPU
		{D459DB27-2A2E-4A51-A039-C3EFBB9A94D3}.Debug|Any CPU.Build.0 = debug|Any CPU
		{D459DB27-2A2E-4A51-A039-C3EFBB9A94D3}.Release|Any CPU.ActiveCfg = release|Any CPU
		{D459DB27-2A2E-4A51-A039-C3EFBB9A94D3}.Release|Any CPU.Build.0 = release|Any CPU
		{A72461D8-492E-47AD-BCD6-E53B48CD4E84}.Debug|Any CPU.ActiveCfg = debug|Any CPU
		{A72461D8-492E-47AD-BCD6-E53B48CD4E84}.Debug|Any CPU.Build.0 = debug|Any CPU
		{A72461D8-492E-47AD-BCD6-E53B48CD4E84}.Release|Any CPU.ActiveCfg = release|Any CPU
		{A72461D8-492E-47AD-BCD6-E53B48CD4E84}.Release|Any CPU.Build.0 = release|Any CPU
		{7B44D067-E1E0-4139-8EF7-1355A80C7625}.Debug|Any CPU.ActiveCfg = debug|Any CPU
		{7B44D067-E1E0-4139-8EF7-1355A80C7625}.Debug|Any CPU.Build.0 = debug|Any CPU
		{7B44D067-E1E0-4139-8EF7-1355A80C7625}.Release|Any CPU.ActiveCfg = release|Any CPU
		{7B44D067-E1E0-4139-8EF7-1355A80C7625}.Release|Any CPU.Build.0 = release|Any CPU
		{FC68DA56-EE70-4F1E-A9E7-2E87F2B96429}.Debug|Any CPU.ActiveCfg = debug|Any CPU
		{FC68DA56-EE70-4F1E-A9E7-2E87F2B96429}.Debug|Any CPU.Build.0 = debug|Any CPU
		{FC68DA56-EE70-4F1E-A9E7-2E87F2B96429}.Release|Any CPU.ActiveCfg = release|Any CPU
		{FC68DA56-EE70-4F1E-A9E7-2E87F2B96429}.Release|Any CPU.Build.0 = release|Any CPU
		{CE157896-2419-49B1-A4DD-55125D351251}.Debug|Any CPU.ActiveCfg = debug|Any CPU
		{CE157896-2419-49B1-A4DD-55125D351251}.Debug|Any CPU.Build.0 = debug|Any CPU
		{CE157896-2419-49B1-A4DD-55125D351251}.Release|Any CPU.ActiveCfg = release|Any CPU
		{CE157896-2419-49B1-A4DD-55125D351251}.Release|Any CPU.Build.0 = release|Any CPU
		{BD97E22E-77D3-4987-BD9E-D6544D2C32EC}.Debug|Any CPU.ActiveCfg = debug|Any CPU
		{BD97E22E-77D3-4987-BD9E-D6544D2C32EC}.Debug|Any CPU.Build.0 = debug|Any CPU
		{BD97E22E-77D3-4987-BD9E-D6544D2C32EC}.Release|Any CPU.ActiveCfg = release|Any CPU
		{BD97E22E-77D3-4987-BD9E-D6544D2C32EC}.Release|Any CPU.Build.0 = release|Any CPU
		{BA59BA6C-BBB8-499C-ACF0-BF2AE58B8E7B}.Debug|Any CPU.ActiveCfg = debug|Any CPU
		{BA59BA6C-BBB8-499C-ACF0-BF2AE58B8E7B}.Debug|Any CPU.Build.0 = debug|Any CPU
		{BA59BA6C-BBB8-499C-ACF0-BF2AE58B8E7B}.Release|Any CPU.ActiveCfg = release|Any CPU
		{BA59BA6C-BBB8-499C-ACF0-BF2AE58B8E7B}.Release|Any CPU.Build.0 = release|Any CPU
		{5710E6DB-161C-4DCC-B42C-C265557534B6}.Debug|Any CPU.ActiveCfg = debug|Any CPU
		{5710E6DB-161C-4DCC-B42C-C265557534B6}.Debug|Any CPU.Build.0 = debug|Any CPU
		{5710E6DB-161C-4DCC-B42C-C265557534B6}.Release|Any CPU.ActiveCfg = release|Any CPU
		{5710E6DB-161C-4DCC-B42C-C265557534B6}.Release|Any CPU.Build.0 = release|Any CPU
		{1E7CB710-259F-4025-8AE6-541B0495ADC7}.Debug|Any CPU.ActiveCfg = debug|Any CPU
		{1E7CB710-259F-4025-8AE6-541B0495ADC7}.Debug|Any CPU.Build.0 = debug|Any CPU
		{1E7CB710-259F-4025-8AE6-541B0495ADC7}.Release|Any CPU.ActiveCfg = release|Any CPU
		{1E7CB710-259F-4025-8AE6-541B0495ADC7}.Release|Any CPU.Build.0 = release|Any CPU
		{8A2CF057-3CBA-4770-A7AC-B8C18A50D99C}.Debug|Any CPU.ActiveCfg = debug|Any CPU
		{8A2CF057-3CBA-4770-A7AC-B8C18A50D99C}.Debug|Any CPU.Build.0 = debug|Any CPU
		{8A2CF057-3CBA-4770-A7AC-B8C18A50D99C}.Release|Any CPU.ActiveCfg = release|Any CPU
		{8A2CF057-3CBA-4770-A7AC-B8C18A50D99C}.Release|Any CPU.Build.0 = release|Any CPU
		{C3DB5E42-2C5A-42A6-9152-785F28AFD6C8}.Debug|Any CPU.ActiveCfg = debug|Any CPU
		{C3DB5E42-2C5A-42A6-9152-785F28AFD6C8}.Debug|Any CPU.Build.0 = debug|Any CPU
		{C3DB5E42-2C5A-42A6-9152-785F28AFD6C8}.Release|Any CPU.ActiveCfg = release|Any CPU
		{C3DB5E42-2C5A-42A6-9152-785F28AFD6C8}.Release|Any CPU.Build.0 = release|Any CPU
		{533AC81A-A0C7-490D-A632-6CD4E010232B}.Debug|Any CPU.ActiveCfg = debug|Any CPU
		{533AC81A-A0C7-490D-A632-6CD4E010232B}.Debug|Any CPU.Build.0 = debug|Any CPU
		{533AC81A-A0C7-490D-A632-6CD4E010232B}.Release|Any CPU.ActiveCfg = release|Any CPU
		{533AC81A-A0C7-490D-A632-6CD4E010232B}.Release|Any CPU.Build.0 = release|Any CPU
		{5DD5A359-3516-4B04-9FDF-20E0638B9B37}.Debug|Any CPU.ActiveCfg = debug|Any CPU
		{5DD5A359-3516-4B04-9FDF-20E0638B9B37}.Debug|Any CPU.Build.0 = debug|Any CPU
		{5DD5A359-3516-4B04-9FDF-20E0638B9B37}.Release|Any CPU.ActiveCfg = release|Any CPU
		{5DD5A359-3516-4B04-9FDF-20E0638B9B37}.Release|Any CPU.Build.0 = release|Any CPU
		{10B6DA4B-FFD7-43D8-834A-DA392B642A94}.Debug|Any CPU.ActiveCfg = debug|Any CPU
		{10B6DA4B-FFD7-43D8-834A-DA392B642A94}.Debug|Any CPU.Build.0 = debug|Any CPU
		{10B6DA4B-FFD7-43D8-834A-DA392B642A94}.Release|Any CPU.ActiveCfg = release|Any CPU
		{10B6DA4B-FFD7-43D8-834A-DA392B642A94}.Release|Any CPU.Build.0 = release|Any CPU
		{6DAF1F7A-F9CB-4E68-9EBF-75D69EC533A8}.Debug|Any CPU.ActiveCfg = debug|Any CPU
		{6DAF1F7A-F9CB-4E68-9EBF-75D69EC533A8}.Debug|Any CPU.Build.0 = debug|Any CPU
		{6DAF1F7A-F9CB-4E68-9EBF-75D69EC533A8}.Release|Any CPU.ActiveCfg = release|Any CPU
		{6DAF1F7A-F9CB-4E68-9EBF-75D69EC533A8}.Release|Any CPU.Build.0 = release|Any CPU
	EndGlobalSection
	GlobalSection(SolutionProperties) = preSolution
		HideSolutionNode = FALSE
	EndGlobalSection
	GlobalSection(NestedProjects) = preSolution
		{6EFD9C7E-FE35-4D59-A0EE-CF031F2E0FE3} = {3C4CEDE1-4F42-4FCE-83DF-02F29E64C9E2}
		{B1A51C96-9839-4387-8D43-86FB4C496BB4} = {6EFD9C7E-FE35-4D59-A0EE-CF031F2E0FE3}
		{B9576602-E4C8-4CB0-BB02-1039CE87BD7E} = {6EFD9C7E-FE35-4D59-A0EE-CF031F2E0FE3}
		{5E74EA29-EDB0-4AA4-851A-14EA6C12AC3C} = {3C4CEDE1-4F42-4FCE-83DF-02F29E64C9E2}
		{9CACBE7D-8105-4CB9-B9DB-A12A006F3213} = {5E74EA29-EDB0-4AA4-851A-14EA6C12AC3C}
		{1AEED9F4-A69C-4794-A0F1-7A6D4569E6CA} = {3C4CEDE1-4F42-4FCE-83DF-02F29E64C9E2}
		{BA45F833-4C07-4E83-A264-269C2D6251E1} = {1AEED9F4-A69C-4794-A0F1-7A6D4569E6CA}
		{E9CEC0C3-85E2-42DA-9119-595BDB024EBA} = {3C4CEDE1-4F42-4FCE-83DF-02F29E64C9E2}
		{D45F0F2B-5256-4D3C-B045-9B88CC8B1E03} = {E9CEC0C3-85E2-42DA-9119-595BDB024EBA}
		{CCD13B17-61E4-4901-8DF8-49833E4601D1} = {E9CEC0C3-85E2-42DA-9119-595BDB024EBA}
		{AB4DE554-7C40-45C7-BBF8-68746918C34B} = {E9CEC0C3-85E2-42DA-9119-595BDB024EBA}
		{E8B2E9BA-BF02-4CDA-8411-BEA2BCF1CC87} = {E9CEC0C3-85E2-42DA-9119-595BDB024EBA}
		{D459DB27-2A2E-4A51-A039-C3EFBB9A94D3} = {E9CEC0C3-85E2-42DA-9119-595BDB024EBA}
		{A72461D8-492E-47AD-BCD6-E53B48CD4E84} = {E9CEC0C3-85E2-42DA-9119-595BDB024EBA}
		{7B44D067-E1E0-4139-8EF7-1355A80C7625} = {E9CEC0C3-85E2-42DA-9119-595BDB024EBA}
		{FC68DA56-EE70-4F1E-A9E7-2E87F2B96429} = {E9CEC0C3-85E2-42DA-9119-595BDB024EBA}
		{27C8D958-2BA2-4E7D-9E35-96CD62889A7A} = {3C4CEDE1-4F42-4FCE-83DF-02F29E64C9E2}
		{CE157896-2419-49B1-A4DD-55125D351251} = {27C8D958-2BA2-4E7D-9E35-96CD62889A7A}
		{E95557E5-E95B-4DE6-AC50-60E29D3022A3} = {3C4CEDE1-4F42-4FCE-83DF-02F29E64C9E2}
		{BD97E22E-77D3-4987-BD9E-D6544D2C32EC} = {E95557E5-E95B-4DE6-AC50-60E29D3022A3}
		{613BEAC6-F0A6-42B2-911A-C37639FAF52D} = {3C4CEDE1-4F42-4FCE-83DF-02F29E64C9E2}
		{BA59BA6C-BBB8-499C-ACF0-BF2AE58B8E7B} = {613BEAC6-F0A6-42B2-911A-C37639FAF52D}
		{5710E6DB-161C-4DCC-B42C-C265557534B6} = {613BEAC6-F0A6-42B2-911A-C37639FAF52D}
		{E7C84CBD-ADB1-4AC5-9D8E-8FBAD7F9A6FC} = {3C4CEDE1-4F42-4FCE-83DF-02F29E64C9E2}
		{1E7CB710-259F-4025-8AE6-541B0495ADC7} = {E7C84CBD-ADB1-4AC5-9D8E-8FBAD7F9A6FC}
		{8130A9FF-8257-429D-802B-03A5D9639E59} = {3C4CEDE1-4F42-4FCE-83DF-02F29E64C9E2}
		{8A2CF057-3CBA-4770-A7AC-B8C18A50D99C} = {8130A9FF-8257-429D-802B-03A5D9639E59}
		{DF48A73B-2756-4226-8C56-3002A8D889D9} = {3C4CEDE1-4F42-4FCE-83DF-02F29E64C9E2}
		{C3DB5E42-2C5A-42A6-9152-785F28AFD6C8} = {DF48A73B-2756-4226-8C56-3002A8D889D9}
		{533AC81A-A0C7-490D-A632-6CD4E010232B} = {DF48A73B-2756-4226-8C56-3002A8D889D9}
		{B455D192-A55D-46BB-AB9F-3707AEC61341} = {3C4CEDE1-4F42-4FCE-83DF-02F29E64C9E2}
		{5DD5A359-3516-4B04-9FDF-20E0638B9B37} = {B455D192-A55D-46BB-AB9F-3707AEC61341}
		{25530CCF-1157-4580-B807-2F6AC80908DA} = {3C4CEDE1-4F42-4FCE-83DF-02F29E64C9E2}
		{10B6DA4B-FFD7-43D8-834A-DA392B642A94} = {25530CCF-1157-4580-B807-2F6AC80908DA}
		{BF4849AC-1419-4140-9E8C-B64605EB559D} = {3C4CEDE1-4F42-4FCE-83DF-02F29E64C9E2}
		{6DAF1F7A-F9CB-4E68-9EBF-75D69EC533A8} = {BF4849AC-1419-4140-9E8C-B64605EB559D}
	EndGlobalSection
EndGlobal
