
Microsoft Visual Studio Solution File, Format Version 12.00
# Visual Studio Version 17
VisualStudioVersion = 17.0.32112.339
MinimumVisualStudioVersion = 10.0.40219.1
Project("{9A19103F-16F7-4668-BE54-9A1E7A4F7556}") = "MFDLabs.Grid.AutoDeployer", "src\MFDLabs.Grid.AutoDeployer.csproj", "{513A0C50-86AE-4FE8-A734-139B010D4BDD}"
EndProject
Project("{2150E333-8FDC-42A3-9474-1A3956D46DE8}") = "ReferenceAssemblies", "ReferenceAssemblies", "{72541B93-52D9-47CE-ACCD-9279015ABBC8}"
EndProject
Project("{9A19103F-16F7-4668-BE54-9A1E7A4F7556}") = "MFDLabs.Diagnostics", "..\..\Assemblies\MFDLabs.Diagnostics\MFDLabs.Diagnostics.csproj", "{BDB42EC6-1EE7-46F5-B147-985D90EBDF5D}"
EndProject
Project("{2150E333-8FDC-42A3-9474-1A3956D46DE8}") = "Logging", "Logging", "{F40956B5-2536-42B2-93A6-74E1C377C45C}"
EndProject
Project("{2150E333-8FDC-42A3-9474-1A3956D46DE8}") = "System", "System", "{E0B3BB89-6F74-4013-A83B-9E331782FF2E}"
EndProject
Project("{9A19103F-16F7-4668-BE54-9A1E7A4F7556}") = "MFDLabs.FileSystem", "..\..\Assemblies\MFDLabs.FileSystem\MFDLabs.FileSystem.csproj", "{75D9213E-EE5F-4F31-A84C-552879E3198E}"
EndProject
Project("{9A19103F-16F7-4668-BE54-9A1E7A4F7556}") = "MFDLabs.Reflection", "..\..\Assemblies\MFDLabs.Reflection\MFDLabs.Reflection.csproj", "{116C72AC-194E-46B3-8EB8-125EE9F08F0B}"
EndProject
Project("{9A19103F-16F7-4668-BE54-9A1E7A4F7556}") = "MFDLabs.Text", "..\..\Assemblies\MFDLabs.Text\MFDLabs.Text.csproj", "{06CE3E72-8BC7-4FC7-A543-497D7C4F5B86}"
EndProject
Project("{2150E333-8FDC-42A3-9474-1A3956D46DE8}") = "Configuration", "Configuration", "{198E96F8-8329-4E4E-B07F-41C7DECC6A83}"
EndProject
Project("{9A19103F-16F7-4668-BE54-9A1E7A4F7556}") = "MFDLabs.Configuration", "..\..\Assemblies\MFDLabs.Configuration\MFDLabs.Configuration.csproj", "{769B806F-910C-4297-B4B6-4E3B190C03E1}"
EndProject
Project("{9A19103F-16F7-4668-BE54-9A1E7A4F7556}") = "MFDLabs.Threading", "..\..\Assemblies\MFDLabs.Threading\MFDLabs.Threading.csproj", "{8A8D03BF-51DB-4132-9EC3-588125C8B2FE}"
EndProject
Project("{2150E333-8FDC-42A3-9474-1A3956D46DE8}") = "Guards", "Guards", "{28EE97ED-8ADD-4C68-905E-86E5311AA6AB}"
EndProject
Project("{9A19103F-16F7-4668-BE54-9A1E7A4F7556}") = "MFDLabs.Sentinels", "..\..\Assemblies\MFDLabs.Sentinels\MFDLabs.Sentinels.csproj", "{84915BB3-6EB8-46F8-83A9-4A8FAA3E7497}"
EndProject
Project("{2150E333-8FDC-42A3-9474-1A3956D46DE8}") = "Networking", "Networking", "{437C251F-C5CA-4D9D-BDCF-B9DD2FFB936F}"
EndProject
Project("{9A19103F-16F7-4668-BE54-9A1E7A4F7556}") = "MFDLabs.Networking", "..\..\Assemblies\MFDLabs.Networking\MFDLabs.Networking.csproj", "{6131788B-81D1-410C-9CA1-6BDE5822DB28}"
EndProject
Project("{2150E333-8FDC-42A3-9474-1A3956D46DE8}") = "Metrics", "Metrics", "{6A9E7A46-52AF-4F98-B8C8-90FC1974757D}"
EndProject
Project("{9A19103F-16F7-4668-BE54-9A1E7A4F7556}") = "MFDLabs.Instrumentation", "..\..\Assemblies\MFDLabs.Instrumentation\MFDLabs.Instrumentation.csproj", "{5D59D8C8-6B3C-45F9-BB2A-3F09F1F3326E}"
EndProject
Project("{9A19103F-16F7-4668-BE54-9A1E7A4F7556}") = "Logging.Windows", "..\..\lib\logging\logging-windows\Logging.Windows.csproj", "{A02E0F03-B4AB-4335-96C5-13E0AC53561D}"
EndProject
Project("{9A19103F-16F7-4668-BE54-9A1E7A4F7556}") = "Logging", "..\..\lib\logging\logging\Logging.csproj", "{E8AF97A2-7807-497E-BEA1-557D4557557A}"
EndProject
Global
	GlobalSection(SolutionConfigurationPlatforms) = preSolution
		Debug|Any CPU = Debug|Any CPU
		DebugDeploy|Any CPU = DebugDeploy|Any CPU
		DebugGrid|Any CPU = DebugGrid|Any CPU
		DebugGridDeploy|Any CPU = DebugGridDeploy|Any CPU
		Release|Any CPU = Release|Any CPU
		ReleaseDeploy|Any CPU = ReleaseDeploy|Any CPU
		ReleaseGrid|Any CPU = ReleaseGrid|Any CPU
		ReleaseGridDeploy|Any CPU = ReleaseGridDeploy|Any CPU
	EndGlobalSection
	GlobalSection(ProjectConfigurationPlatforms) = postSolution
		{513A0C50-86AE-4FE8-A734-139B010D4BDD}.Debug|Any CPU.ActiveCfg = Debug|Any CPU
		{513A0C50-86AE-4FE8-A734-139B010D4BDD}.Debug|Any CPU.Build.0 = Debug|Any CPU
		{513A0C50-86AE-4FE8-A734-139B010D4BDD}.DebugDeploy|Any CPU.ActiveCfg = DebugDeploy|Any CPU
		{513A0C50-86AE-4FE8-A734-139B010D4BDD}.DebugDeploy|Any CPU.Build.0 = DebugDeploy|Any CPU
		{513A0C50-86AE-4FE8-A734-139B010D4BDD}.DebugGrid|Any CPU.ActiveCfg = DebugGrid|Any CPU
		{513A0C50-86AE-4FE8-A734-139B010D4BDD}.DebugGrid|Any CPU.Build.0 = DebugGrid|Any CPU
		{513A0C50-86AE-4FE8-A734-139B010D4BDD}.DebugGridDeploy|Any CPU.ActiveCfg = DebugGridDeploy|Any CPU
		{513A0C50-86AE-4FE8-A734-139B010D4BDD}.DebugGridDeploy|Any CPU.Build.0 = DebugGridDeploy|Any CPU
		{513A0C50-86AE-4FE8-A734-139B010D4BDD}.Release|Any CPU.ActiveCfg = Release|Any CPU
		{513A0C50-86AE-4FE8-A734-139B010D4BDD}.Release|Any CPU.Build.0 = Release|Any CPU
		{513A0C50-86AE-4FE8-A734-139B010D4BDD}.ReleaseDeploy|Any CPU.ActiveCfg = ReleaseDeploy|Any CPU
		{513A0C50-86AE-4FE8-A734-139B010D4BDD}.ReleaseDeploy|Any CPU.Build.0 = ReleaseDeploy|Any CPU
		{513A0C50-86AE-4FE8-A734-139B010D4BDD}.ReleaseGrid|Any CPU.ActiveCfg = ReleaseGrid|Any CPU
		{513A0C50-86AE-4FE8-A734-139B010D4BDD}.ReleaseGrid|Any CPU.Build.0 = ReleaseGrid|Any CPU
		{513A0C50-86AE-4FE8-A734-139B010D4BDD}.ReleaseGridDeploy|Any CPU.ActiveCfg = ReleaseGridDeploy|Any CPU
		{513A0C50-86AE-4FE8-A734-139B010D4BDD}.ReleaseGridDeploy|Any CPU.Build.0 = ReleaseGridDeploy|Any CPU
		{BDB42EC6-1EE7-46F5-B147-985D90EBDF5D}.Debug|Any CPU.ActiveCfg = Debug|Any CPU
		{BDB42EC6-1EE7-46F5-B147-985D90EBDF5D}.Debug|Any CPU.Build.0 = Debug|Any CPU
		{BDB42EC6-1EE7-46F5-B147-985D90EBDF5D}.DebugDeploy|Any CPU.ActiveCfg = Debug|Any CPU
		{BDB42EC6-1EE7-46F5-B147-985D90EBDF5D}.DebugDeploy|Any CPU.Build.0 = Debug|Any CPU
		{BDB42EC6-1EE7-46F5-B147-985D90EBDF5D}.DebugGrid|Any CPU.ActiveCfg = Debug|Any CPU
		{BDB42EC6-1EE7-46F5-B147-985D90EBDF5D}.DebugGrid|Any CPU.Build.0 = Debug|Any CPU
		{BDB42EC6-1EE7-46F5-B147-985D90EBDF5D}.DebugGridDeploy|Any CPU.ActiveCfg = Debug|Any CPU
		{BDB42EC6-1EE7-46F5-B147-985D90EBDF5D}.DebugGridDeploy|Any CPU.Build.0 = Debug|Any CPU
		{BDB42EC6-1EE7-46F5-B147-985D90EBDF5D}.Release|Any CPU.ActiveCfg = Release|Any CPU
		{BDB42EC6-1EE7-46F5-B147-985D90EBDF5D}.Release|Any CPU.Build.0 = Release|Any CPU
		{BDB42EC6-1EE7-46F5-B147-985D90EBDF5D}.ReleaseDeploy|Any CPU.ActiveCfg = Release|Any CPU
		{BDB42EC6-1EE7-46F5-B147-985D90EBDF5D}.ReleaseDeploy|Any CPU.Build.0 = Release|Any CPU
		{BDB42EC6-1EE7-46F5-B147-985D90EBDF5D}.ReleaseGrid|Any CPU.ActiveCfg = Release|Any CPU
		{BDB42EC6-1EE7-46F5-B147-985D90EBDF5D}.ReleaseGrid|Any CPU.Build.0 = Release|Any CPU
		{BDB42EC6-1EE7-46F5-B147-985D90EBDF5D}.ReleaseGridDeploy|Any CPU.ActiveCfg = Release|Any CPU
		{BDB42EC6-1EE7-46F5-B147-985D90EBDF5D}.ReleaseGridDeploy|Any CPU.Build.0 = Release|Any CPU
		{75D9213E-EE5F-4F31-A84C-552879E3198E}.Debug|Any CPU.ActiveCfg = Debug|Any CPU
		{75D9213E-EE5F-4F31-A84C-552879E3198E}.Debug|Any CPU.Build.0 = Debug|Any CPU
		{75D9213E-EE5F-4F31-A84C-552879E3198E}.DebugDeploy|Any CPU.ActiveCfg = Debug|Any CPU
		{75D9213E-EE5F-4F31-A84C-552879E3198E}.DebugDeploy|Any CPU.Build.0 = Debug|Any CPU
		{75D9213E-EE5F-4F31-A84C-552879E3198E}.DebugGrid|Any CPU.ActiveCfg = Debug|Any CPU
		{75D9213E-EE5F-4F31-A84C-552879E3198E}.DebugGrid|Any CPU.Build.0 = Debug|Any CPU
		{75D9213E-EE5F-4F31-A84C-552879E3198E}.DebugGridDeploy|Any CPU.ActiveCfg = Debug|Any CPU
		{75D9213E-EE5F-4F31-A84C-552879E3198E}.DebugGridDeploy|Any CPU.Build.0 = Debug|Any CPU
		{75D9213E-EE5F-4F31-A84C-552879E3198E}.Release|Any CPU.ActiveCfg = Release|Any CPU
		{75D9213E-EE5F-4F31-A84C-552879E3198E}.Release|Any CPU.Build.0 = Release|Any CPU
		{75D9213E-EE5F-4F31-A84C-552879E3198E}.ReleaseDeploy|Any CPU.ActiveCfg = Release|Any CPU
		{75D9213E-EE5F-4F31-A84C-552879E3198E}.ReleaseDeploy|Any CPU.Build.0 = Release|Any CPU
		{75D9213E-EE5F-4F31-A84C-552879E3198E}.ReleaseGrid|Any CPU.ActiveCfg = Release|Any CPU
		{75D9213E-EE5F-4F31-A84C-552879E3198E}.ReleaseGrid|Any CPU.Build.0 = Release|Any CPU
		{75D9213E-EE5F-4F31-A84C-552879E3198E}.ReleaseGridDeploy|Any CPU.ActiveCfg = Release|Any CPU
		{75D9213E-EE5F-4F31-A84C-552879E3198E}.ReleaseGridDeploy|Any CPU.Build.0 = Release|Any CPU
		{116C72AC-194E-46B3-8EB8-125EE9F08F0B}.Debug|Any CPU.ActiveCfg = Debug|Any CPU
		{116C72AC-194E-46B3-8EB8-125EE9F08F0B}.Debug|Any CPU.Build.0 = Debug|Any CPU
		{116C72AC-194E-46B3-8EB8-125EE9F08F0B}.DebugDeploy|Any CPU.ActiveCfg = Debug|Any CPU
		{116C72AC-194E-46B3-8EB8-125EE9F08F0B}.DebugDeploy|Any CPU.Build.0 = Debug|Any CPU
		{116C72AC-194E-46B3-8EB8-125EE9F08F0B}.DebugGrid|Any CPU.ActiveCfg = Debug|Any CPU
		{116C72AC-194E-46B3-8EB8-125EE9F08F0B}.DebugGrid|Any CPU.Build.0 = Debug|Any CPU
		{116C72AC-194E-46B3-8EB8-125EE9F08F0B}.DebugGridDeploy|Any CPU.ActiveCfg = Debug|Any CPU
		{116C72AC-194E-46B3-8EB8-125EE9F08F0B}.DebugGridDeploy|Any CPU.Build.0 = Debug|Any CPU
		{116C72AC-194E-46B3-8EB8-125EE9F08F0B}.Release|Any CPU.ActiveCfg = Release|Any CPU
		{116C72AC-194E-46B3-8EB8-125EE9F08F0B}.Release|Any CPU.Build.0 = Release|Any CPU
		{116C72AC-194E-46B3-8EB8-125EE9F08F0B}.ReleaseDeploy|Any CPU.ActiveCfg = Release|Any CPU
		{116C72AC-194E-46B3-8EB8-125EE9F08F0B}.ReleaseDeploy|Any CPU.Build.0 = Release|Any CPU
		{116C72AC-194E-46B3-8EB8-125EE9F08F0B}.ReleaseGrid|Any CPU.ActiveCfg = Release|Any CPU
		{116C72AC-194E-46B3-8EB8-125EE9F08F0B}.ReleaseGrid|Any CPU.Build.0 = Release|Any CPU
		{116C72AC-194E-46B3-8EB8-125EE9F08F0B}.ReleaseGridDeploy|Any CPU.ActiveCfg = Release|Any CPU
		{116C72AC-194E-46B3-8EB8-125EE9F08F0B}.ReleaseGridDeploy|Any CPU.Build.0 = Release|Any CPU
		{06CE3E72-8BC7-4FC7-A543-497D7C4F5B86}.Debug|Any CPU.ActiveCfg = Debug|Any CPU
		{06CE3E72-8BC7-4FC7-A543-497D7C4F5B86}.Debug|Any CPU.Build.0 = Debug|Any CPU
		{06CE3E72-8BC7-4FC7-A543-497D7C4F5B86}.DebugDeploy|Any CPU.ActiveCfg = Debug|Any CPU
		{06CE3E72-8BC7-4FC7-A543-497D7C4F5B86}.DebugDeploy|Any CPU.Build.0 = Debug|Any CPU
		{06CE3E72-8BC7-4FC7-A543-497D7C4F5B86}.DebugGrid|Any CPU.ActiveCfg = Debug|Any CPU
		{06CE3E72-8BC7-4FC7-A543-497D7C4F5B86}.DebugGrid|Any CPU.Build.0 = Debug|Any CPU
		{06CE3E72-8BC7-4FC7-A543-497D7C4F5B86}.DebugGridDeploy|Any CPU.ActiveCfg = Debug|Any CPU
		{06CE3E72-8BC7-4FC7-A543-497D7C4F5B86}.DebugGridDeploy|Any CPU.Build.0 = Debug|Any CPU
		{06CE3E72-8BC7-4FC7-A543-497D7C4F5B86}.Release|Any CPU.ActiveCfg = Release|Any CPU
		{06CE3E72-8BC7-4FC7-A543-497D7C4F5B86}.Release|Any CPU.Build.0 = Release|Any CPU
		{06CE3E72-8BC7-4FC7-A543-497D7C4F5B86}.ReleaseDeploy|Any CPU.ActiveCfg = Release|Any CPU
		{06CE3E72-8BC7-4FC7-A543-497D7C4F5B86}.ReleaseDeploy|Any CPU.Build.0 = Release|Any CPU
		{06CE3E72-8BC7-4FC7-A543-497D7C4F5B86}.ReleaseGrid|Any CPU.ActiveCfg = Release|Any CPU
		{06CE3E72-8BC7-4FC7-A543-497D7C4F5B86}.ReleaseGrid|Any CPU.Build.0 = Release|Any CPU
		{06CE3E72-8BC7-4FC7-A543-497D7C4F5B86}.ReleaseGridDeploy|Any CPU.ActiveCfg = Release|Any CPU
		{06CE3E72-8BC7-4FC7-A543-497D7C4F5B86}.ReleaseGridDeploy|Any CPU.Build.0 = Release|Any CPU
		{769B806F-910C-4297-B4B6-4E3B190C03E1}.Debug|Any CPU.ActiveCfg = Debug|Any CPU
		{769B806F-910C-4297-B4B6-4E3B190C03E1}.Debug|Any CPU.Build.0 = Debug|Any CPU
		{769B806F-910C-4297-B4B6-4E3B190C03E1}.DebugDeploy|Any CPU.ActiveCfg = Debug|Any CPU
		{769B806F-910C-4297-B4B6-4E3B190C03E1}.DebugDeploy|Any CPU.Build.0 = Debug|Any CPU
		{769B806F-910C-4297-B4B6-4E3B190C03E1}.DebugGrid|Any CPU.ActiveCfg = Debug|Any CPU
		{769B806F-910C-4297-B4B6-4E3B190C03E1}.DebugGrid|Any CPU.Build.0 = Debug|Any CPU
		{769B806F-910C-4297-B4B6-4E3B190C03E1}.DebugGridDeploy|Any CPU.ActiveCfg = Debug|Any CPU
		{769B806F-910C-4297-B4B6-4E3B190C03E1}.DebugGridDeploy|Any CPU.Build.0 = Debug|Any CPU
		{769B806F-910C-4297-B4B6-4E3B190C03E1}.Release|Any CPU.ActiveCfg = Release|Any CPU
		{769B806F-910C-4297-B4B6-4E3B190C03E1}.Release|Any CPU.Build.0 = Release|Any CPU
		{769B806F-910C-4297-B4B6-4E3B190C03E1}.ReleaseDeploy|Any CPU.ActiveCfg = Release|Any CPU
		{769B806F-910C-4297-B4B6-4E3B190C03E1}.ReleaseDeploy|Any CPU.Build.0 = Release|Any CPU
		{769B806F-910C-4297-B4B6-4E3B190C03E1}.ReleaseGrid|Any CPU.ActiveCfg = Release|Any CPU
		{769B806F-910C-4297-B4B6-4E3B190C03E1}.ReleaseGrid|Any CPU.Build.0 = Release|Any CPU
		{769B806F-910C-4297-B4B6-4E3B190C03E1}.ReleaseGridDeploy|Any CPU.ActiveCfg = Release|Any CPU
		{769B806F-910C-4297-B4B6-4E3B190C03E1}.ReleaseGridDeploy|Any CPU.Build.0 = Release|Any CPU
		{8A8D03BF-51DB-4132-9EC3-588125C8B2FE}.Debug|Any CPU.ActiveCfg = Debug|Any CPU
		{8A8D03BF-51DB-4132-9EC3-588125C8B2FE}.Debug|Any CPU.Build.0 = Debug|Any CPU
		{8A8D03BF-51DB-4132-9EC3-588125C8B2FE}.DebugDeploy|Any CPU.ActiveCfg = Debug|Any CPU
		{8A8D03BF-51DB-4132-9EC3-588125C8B2FE}.DebugDeploy|Any CPU.Build.0 = Debug|Any CPU
		{8A8D03BF-51DB-4132-9EC3-588125C8B2FE}.DebugGrid|Any CPU.ActiveCfg = Debug|Any CPU
		{8A8D03BF-51DB-4132-9EC3-588125C8B2FE}.DebugGrid|Any CPU.Build.0 = Debug|Any CPU
		{8A8D03BF-51DB-4132-9EC3-588125C8B2FE}.DebugGridDeploy|Any CPU.ActiveCfg = Debug|Any CPU
		{8A8D03BF-51DB-4132-9EC3-588125C8B2FE}.DebugGridDeploy|Any CPU.Build.0 = Debug|Any CPU
		{8A8D03BF-51DB-4132-9EC3-588125C8B2FE}.Release|Any CPU.ActiveCfg = Release|Any CPU
		{8A8D03BF-51DB-4132-9EC3-588125C8B2FE}.Release|Any CPU.Build.0 = Release|Any CPU
		{8A8D03BF-51DB-4132-9EC3-588125C8B2FE}.ReleaseDeploy|Any CPU.ActiveCfg = Release|Any CPU
		{8A8D03BF-51DB-4132-9EC3-588125C8B2FE}.ReleaseDeploy|Any CPU.Build.0 = Release|Any CPU
		{8A8D03BF-51DB-4132-9EC3-588125C8B2FE}.ReleaseGrid|Any CPU.ActiveCfg = Release|Any CPU
		{8A8D03BF-51DB-4132-9EC3-588125C8B2FE}.ReleaseGrid|Any CPU.Build.0 = Release|Any CPU
		{8A8D03BF-51DB-4132-9EC3-588125C8B2FE}.ReleaseGridDeploy|Any CPU.ActiveCfg = Release|Any CPU
		{8A8D03BF-51DB-4132-9EC3-588125C8B2FE}.ReleaseGridDeploy|Any CPU.Build.0 = Release|Any CPU
		{84915BB3-6EB8-46F8-83A9-4A8FAA3E7497}.Debug|Any CPU.ActiveCfg = Debug|Any CPU
		{84915BB3-6EB8-46F8-83A9-4A8FAA3E7497}.Debug|Any CPU.Build.0 = Debug|Any CPU
		{84915BB3-6EB8-46F8-83A9-4A8FAA3E7497}.DebugDeploy|Any CPU.ActiveCfg = Debug|Any CPU
		{84915BB3-6EB8-46F8-83A9-4A8FAA3E7497}.DebugDeploy|Any CPU.Build.0 = Debug|Any CPU
		{84915BB3-6EB8-46F8-83A9-4A8FAA3E7497}.DebugGrid|Any CPU.ActiveCfg = Debug|Any CPU
		{84915BB3-6EB8-46F8-83A9-4A8FAA3E7497}.DebugGrid|Any CPU.Build.0 = Debug|Any CPU
		{84915BB3-6EB8-46F8-83A9-4A8FAA3E7497}.DebugGridDeploy|Any CPU.ActiveCfg = Debug|Any CPU
		{84915BB3-6EB8-46F8-83A9-4A8FAA3E7497}.DebugGridDeploy|Any CPU.Build.0 = Debug|Any CPU
		{84915BB3-6EB8-46F8-83A9-4A8FAA3E7497}.Release|Any CPU.ActiveCfg = Release|Any CPU
		{84915BB3-6EB8-46F8-83A9-4A8FAA3E7497}.Release|Any CPU.Build.0 = Release|Any CPU
		{84915BB3-6EB8-46F8-83A9-4A8FAA3E7497}.ReleaseDeploy|Any CPU.ActiveCfg = Release|Any CPU
		{84915BB3-6EB8-46F8-83A9-4A8FAA3E7497}.ReleaseDeploy|Any CPU.Build.0 = Release|Any CPU
		{84915BB3-6EB8-46F8-83A9-4A8FAA3E7497}.ReleaseGrid|Any CPU.ActiveCfg = Release|Any CPU
		{84915BB3-6EB8-46F8-83A9-4A8FAA3E7497}.ReleaseGrid|Any CPU.Build.0 = Release|Any CPU
		{84915BB3-6EB8-46F8-83A9-4A8FAA3E7497}.ReleaseGridDeploy|Any CPU.ActiveCfg = Release|Any CPU
		{84915BB3-6EB8-46F8-83A9-4A8FAA3E7497}.ReleaseGridDeploy|Any CPU.Build.0 = Release|Any CPU
		{6131788B-81D1-410C-9CA1-6BDE5822DB28}.Debug|Any CPU.ActiveCfg = Debug|Any CPU
		{6131788B-81D1-410C-9CA1-6BDE5822DB28}.Debug|Any CPU.Build.0 = Debug|Any CPU
		{6131788B-81D1-410C-9CA1-6BDE5822DB28}.DebugDeploy|Any CPU.ActiveCfg = Debug|Any CPU
		{6131788B-81D1-410C-9CA1-6BDE5822DB28}.DebugDeploy|Any CPU.Build.0 = Debug|Any CPU
		{6131788B-81D1-410C-9CA1-6BDE5822DB28}.DebugGrid|Any CPU.ActiveCfg = Debug|Any CPU
		{6131788B-81D1-410C-9CA1-6BDE5822DB28}.DebugGrid|Any CPU.Build.0 = Debug|Any CPU
		{6131788B-81D1-410C-9CA1-6BDE5822DB28}.DebugGridDeploy|Any CPU.ActiveCfg = Debug|Any CPU
		{6131788B-81D1-410C-9CA1-6BDE5822DB28}.DebugGridDeploy|Any CPU.Build.0 = Debug|Any CPU
		{6131788B-81D1-410C-9CA1-6BDE5822DB28}.Release|Any CPU.ActiveCfg = Release|Any CPU
		{6131788B-81D1-410C-9CA1-6BDE5822DB28}.Release|Any CPU.Build.0 = Release|Any CPU
		{6131788B-81D1-410C-9CA1-6BDE5822DB28}.ReleaseDeploy|Any CPU.ActiveCfg = Release|Any CPU
		{6131788B-81D1-410C-9CA1-6BDE5822DB28}.ReleaseDeploy|Any CPU.Build.0 = Release|Any CPU
		{6131788B-81D1-410C-9CA1-6BDE5822DB28}.ReleaseGrid|Any CPU.ActiveCfg = Release|Any CPU
		{6131788B-81D1-410C-9CA1-6BDE5822DB28}.ReleaseGrid|Any CPU.Build.0 = Release|Any CPU
		{6131788B-81D1-410C-9CA1-6BDE5822DB28}.ReleaseGridDeploy|Any CPU.ActiveCfg = Release|Any CPU
		{6131788B-81D1-410C-9CA1-6BDE5822DB28}.ReleaseGridDeploy|Any CPU.Build.0 = Release|Any CPU
		{5D59D8C8-6B3C-45F9-BB2A-3F09F1F3326E}.Debug|Any CPU.ActiveCfg = Debug|Any CPU
		{5D59D8C8-6B3C-45F9-BB2A-3F09F1F3326E}.Debug|Any CPU.Build.0 = Debug|Any CPU
		{5D59D8C8-6B3C-45F9-BB2A-3F09F1F3326E}.DebugDeploy|Any CPU.ActiveCfg = Debug|Any CPU
		{5D59D8C8-6B3C-45F9-BB2A-3F09F1F3326E}.DebugDeploy|Any CPU.Build.0 = Debug|Any CPU
		{5D59D8C8-6B3C-45F9-BB2A-3F09F1F3326E}.DebugGrid|Any CPU.ActiveCfg = Debug|Any CPU
		{5D59D8C8-6B3C-45F9-BB2A-3F09F1F3326E}.DebugGrid|Any CPU.Build.0 = Debug|Any CPU
		{5D59D8C8-6B3C-45F9-BB2A-3F09F1F3326E}.DebugGridDeploy|Any CPU.ActiveCfg = Debug|Any CPU
		{5D59D8C8-6B3C-45F9-BB2A-3F09F1F3326E}.DebugGridDeploy|Any CPU.Build.0 = Debug|Any CPU
		{5D59D8C8-6B3C-45F9-BB2A-3F09F1F3326E}.Release|Any CPU.ActiveCfg = Release|Any CPU
		{5D59D8C8-6B3C-45F9-BB2A-3F09F1F3326E}.Release|Any CPU.Build.0 = Release|Any CPU
		{5D59D8C8-6B3C-45F9-BB2A-3F09F1F3326E}.ReleaseDeploy|Any CPU.ActiveCfg = Release|Any CPU
		{5D59D8C8-6B3C-45F9-BB2A-3F09F1F3326E}.ReleaseDeploy|Any CPU.Build.0 = Release|Any CPU
		{5D59D8C8-6B3C-45F9-BB2A-3F09F1F3326E}.ReleaseGrid|Any CPU.ActiveCfg = Release|Any CPU
		{5D59D8C8-6B3C-45F9-BB2A-3F09F1F3326E}.ReleaseGrid|Any CPU.Build.0 = Release|Any CPU
		{5D59D8C8-6B3C-45F9-BB2A-3F09F1F3326E}.ReleaseGridDeploy|Any CPU.ActiveCfg = Release|Any CPU
		{5D59D8C8-6B3C-45F9-BB2A-3F09F1F3326E}.ReleaseGridDeploy|Any CPU.Build.0 = Release|Any CPU
		{A02E0F03-B4AB-4335-96C5-13E0AC53561D}.Debug|Any CPU.ActiveCfg = Debug|Any CPU
		{A02E0F03-B4AB-4335-96C5-13E0AC53561D}.Debug|Any CPU.Build.0 = Debug|Any CPU
		{A02E0F03-B4AB-4335-96C5-13E0AC53561D}.DebugDeploy|Any CPU.ActiveCfg = Debug|Any CPU
		{A02E0F03-B4AB-4335-96C5-13E0AC53561D}.DebugDeploy|Any CPU.Build.0 = Debug|Any CPU
		{A02E0F03-B4AB-4335-96C5-13E0AC53561D}.DebugGrid|Any CPU.ActiveCfg = Debug|Any CPU
		{A02E0F03-B4AB-4335-96C5-13E0AC53561D}.DebugGrid|Any CPU.Build.0 = Debug|Any CPU
		{A02E0F03-B4AB-4335-96C5-13E0AC53561D}.DebugGridDeploy|Any CPU.ActiveCfg = Debug|Any CPU
		{A02E0F03-B4AB-4335-96C5-13E0AC53561D}.DebugGridDeploy|Any CPU.Build.0 = Debug|Any CPU
		{A02E0F03-B4AB-4335-96C5-13E0AC53561D}.Release|Any CPU.ActiveCfg = Release|Any CPU
		{A02E0F03-B4AB-4335-96C5-13E0AC53561D}.Release|Any CPU.Build.0 = Release|Any CPU
		{A02E0F03-B4AB-4335-96C5-13E0AC53561D}.ReleaseDeploy|Any CPU.ActiveCfg = Release|Any CPU
		{A02E0F03-B4AB-4335-96C5-13E0AC53561D}.ReleaseDeploy|Any CPU.Build.0 = Release|Any CPU
		{A02E0F03-B4AB-4335-96C5-13E0AC53561D}.ReleaseGrid|Any CPU.ActiveCfg = Release|Any CPU
		{A02E0F03-B4AB-4335-96C5-13E0AC53561D}.ReleaseGrid|Any CPU.Build.0 = Release|Any CPU
		{A02E0F03-B4AB-4335-96C5-13E0AC53561D}.ReleaseGridDeploy|Any CPU.ActiveCfg = Release|Any CPU
		{A02E0F03-B4AB-4335-96C5-13E0AC53561D}.ReleaseGridDeploy|Any CPU.Build.0 = Release|Any CPU
		{E8AF97A2-7807-497E-BEA1-557D4557557A}.Debug|Any CPU.ActiveCfg = Debug|Any CPU
		{E8AF97A2-7807-497E-BEA1-557D4557557A}.Debug|Any CPU.Build.0 = Debug|Any CPU
		{E8AF97A2-7807-497E-BEA1-557D4557557A}.DebugDeploy|Any CPU.ActiveCfg = Debug|Any CPU
		{E8AF97A2-7807-497E-BEA1-557D4557557A}.DebugDeploy|Any CPU.Build.0 = Debug|Any CPU
		{E8AF97A2-7807-497E-BEA1-557D4557557A}.DebugGrid|Any CPU.ActiveCfg = Debug|Any CPU
		{E8AF97A2-7807-497E-BEA1-557D4557557A}.DebugGrid|Any CPU.Build.0 = Debug|Any CPU
		{E8AF97A2-7807-497E-BEA1-557D4557557A}.DebugGridDeploy|Any CPU.ActiveCfg = Debug|Any CPU
		{E8AF97A2-7807-497E-BEA1-557D4557557A}.DebugGridDeploy|Any CPU.Build.0 = Debug|Any CPU
		{E8AF97A2-7807-497E-BEA1-557D4557557A}.Release|Any CPU.ActiveCfg = Release|Any CPU
		{E8AF97A2-7807-497E-BEA1-557D4557557A}.Release|Any CPU.Build.0 = Release|Any CPU
		{E8AF97A2-7807-497E-BEA1-557D4557557A}.ReleaseDeploy|Any CPU.ActiveCfg = Release|Any CPU
		{E8AF97A2-7807-497E-BEA1-557D4557557A}.ReleaseDeploy|Any CPU.Build.0 = Release|Any CPU
		{E8AF97A2-7807-497E-BEA1-557D4557557A}.ReleaseGrid|Any CPU.ActiveCfg = Release|Any CPU
		{E8AF97A2-7807-497E-BEA1-557D4557557A}.ReleaseGrid|Any CPU.Build.0 = Release|Any CPU
		{E8AF97A2-7807-497E-BEA1-557D4557557A}.ReleaseGridDeploy|Any CPU.ActiveCfg = Release|Any CPU
		{E8AF97A2-7807-497E-BEA1-557D4557557A}.ReleaseGridDeploy|Any CPU.Build.0 = Release|Any CPU
	EndGlobalSection
	GlobalSection(SolutionProperties) = preSolution
		HideSolutionNode = FALSE
	EndGlobalSection
	GlobalSection(NestedProjects) = preSolution
		{BDB42EC6-1EE7-46F5-B147-985D90EBDF5D} = {E0B3BB89-6F74-4013-A83B-9E331782FF2E}
		{F40956B5-2536-42B2-93A6-74E1C377C45C} = {72541B93-52D9-47CE-ACCD-9279015ABBC8}
		{E0B3BB89-6F74-4013-A83B-9E331782FF2E} = {72541B93-52D9-47CE-ACCD-9279015ABBC8}
		{75D9213E-EE5F-4F31-A84C-552879E3198E} = {E0B3BB89-6F74-4013-A83B-9E331782FF2E}
		{116C72AC-194E-46B3-8EB8-125EE9F08F0B} = {E0B3BB89-6F74-4013-A83B-9E331782FF2E}
		{06CE3E72-8BC7-4FC7-A543-497D7C4F5B86} = {E0B3BB89-6F74-4013-A83B-9E331782FF2E}
		{198E96F8-8329-4E4E-B07F-41C7DECC6A83} = {72541B93-52D9-47CE-ACCD-9279015ABBC8}
		{769B806F-910C-4297-B4B6-4E3B190C03E1} = {198E96F8-8329-4E4E-B07F-41C7DECC6A83}
		{8A8D03BF-51DB-4132-9EC3-588125C8B2FE} = {E0B3BB89-6F74-4013-A83B-9E331782FF2E}
		{28EE97ED-8ADD-4C68-905E-86E5311AA6AB} = {72541B93-52D9-47CE-ACCD-9279015ABBC8}
		{84915BB3-6EB8-46F8-83A9-4A8FAA3E7497} = {28EE97ED-8ADD-4C68-905E-86E5311AA6AB}
		{437C251F-C5CA-4D9D-BDCF-B9DD2FFB936F} = {72541B93-52D9-47CE-ACCD-9279015ABBC8}
		{6131788B-81D1-410C-9CA1-6BDE5822DB28} = {437C251F-C5CA-4D9D-BDCF-B9DD2FFB936F}
		{6A9E7A46-52AF-4F98-B8C8-90FC1974757D} = {72541B93-52D9-47CE-ACCD-9279015ABBC8}
		{5D59D8C8-6B3C-45F9-BB2A-3F09F1F3326E} = {6A9E7A46-52AF-4F98-B8C8-90FC1974757D}
		{A02E0F03-B4AB-4335-96C5-13E0AC53561D} = {F40956B5-2536-42B2-93A6-74E1C377C45C}
		{E8AF97A2-7807-497E-BEA1-557D4557557A} = {F40956B5-2536-42B2-93A6-74E1C377C45C}
	EndGlobalSection
	GlobalSection(ExtensibilityGlobals) = postSolution
		SolutionGuid = {1738DAC0-DF8A-4C95-8B03-CF31A9A1966E}
	EndGlobalSection
EndGlobal
